// !$*UTF8*$!
{
	archiveVersion = 1;
	classes = {
	};
	objectVersion = 46;
	objects = {
/* Begin PBXBuildFile section */
		0207DA581B56EA530066E2B4 /* Images.xcassets in Resources */ = {isa = PBXBuildFile; fileRef = 0207DA571B56EA530066E2B4 /* Images.xcassets */; };
		1D3623260D0F684500981E51 /* AppDelegate.m in Sources */ = {isa = PBXBuildFile; fileRef = 1D3623250D0F684500981E51 /* AppDelegate.m */; };
		1D60589B0D05DD56006BFB54 /* main.m in Sources */ = {isa = PBXBuildFile; fileRef = 29B97316FDCFA39411CA2CEA /* main.m */; };
		301BF552109A68D80062928A /* libCordova.a in Frameworks */ = {isa = PBXBuildFile; fileRef = 301BF535109A57CC0062928A /* libCordova.a */; };
		302D95F114D2391D003F00A1 /* MainViewController.m in Sources */ = {isa = PBXBuildFile; fileRef = 302D95EF14D2391D003F00A1 /* MainViewController.m */; };
		302D95F214D2391D003F00A1 /* MainViewController.xib in Resources */ = {isa = PBXBuildFile; fileRef = 302D95F014D2391D003F00A1 /* MainViewController.xib */; };
		3047A5121AB8059700498E2A /* build-debug.xcconfig in Resources */ = {isa = PBXBuildFile; fileRef = 3047A50F1AB8059700498E2A /* build-debug.xcconfig */; };
		3047A5131AB8059700498E2A /* build-release.xcconfig in Resources */ = {isa = PBXBuildFile; fileRef = 3047A5101AB8059700498E2A /* build-release.xcconfig */; };
		3047A5141AB8059700498E2A /* build.xcconfig in Resources */ = {isa = PBXBuildFile; fileRef = 3047A5111AB8059700498E2A /* build.xcconfig */; };
		6AFF5BF91D6E424B00AB3073 /* CDVLaunchScreen.storyboard in Resources */ = {isa = PBXBuildFile; fileRef = 6AFF5BF81D6E424B00AB3073 /* CDVLaunchScreen.storyboard */; };
		8FEBA2A9D6494A2EB27402A1 /* UIImage+CropScaleOrientation.m in Sources */ = {isa = PBXBuildFile; fileRef = E9234CB75E1545B99C5104A8 /* UIImage+CropScaleOrientation.m */; };
		497AC0F6D6B54F619B4F9D8D /* CDVCamera.m in Sources */ = {isa = PBXBuildFile; fileRef = A4E6E4CB38C34052A0DEDF4B /* CDVCamera.m */; };
		DB5EC85F92114135839853EA /* CDVJpegHeaderWriter.m in Sources */ = {isa = PBXBuildFile; fileRef = EE77DEF129874CDF845C17E9 /* CDVJpegHeaderWriter.m */; };
		D9C91C82264047B29D007907 /* ImageIO.framework in Frameworks */ = {isa = PBXBuildFile; fileRef = C5B69C676E9F406583C60CE9 /* ImageIO.framework */; settings = {ATTRIBUTES = (Weak, ); }; };
		DA64016B57D34617BBF58952 /* CoreLocation.framework in Frameworks */ = {isa = PBXBuildFile; fileRef = ED14996BB2A24F95A0F4484C /* CoreLocation.framework */; };
		6100462ECD854535AC3B93DC /* AVFoundation.framework in Frameworks */ = {isa = PBXBuildFile; fileRef = 4CED604709C7435B84F80BC5 /* AVFoundation.framework */; };
		1B17902B8AB941F9ABCC3029 /* CDVFile.m in Sources */ = {isa = PBXBuildFile; fileRef = 75944759F5DA499A85B7DFAE /* CDVFile.m */; };
		00AACA48EC444267A6D42724 /* CDVLocalFilesystem.m in Sources */ = {isa = PBXBuildFile; fileRef = 5BEC357C57F1469AAF4B5B03 /* CDVLocalFilesystem.m */; };
		370CEED025A340089B08BEA4 /* CDVAssetLibraryFilesystem.m in Sources */ = {isa = PBXBuildFile; fileRef = 5793DC233CB142158250A130 /* CDVAssetLibraryFilesystem.m */; };
		C4BA9FDFEAC1437EA9B62257 /* CDVFileTransfer.m in Sources */ = {isa = PBXBuildFile; fileRef = 02DAEE23E6AB4A4E95420F49 /* CDVFileTransfer.m */; };
		B6422E45ED6A402A91D0BCE1 /* ZipPlugin.m in Sources */ = {isa = PBXBuildFile; fileRef = D62C6B28F8A142CB9DC16EDC /* ZipPlugin.m */; };
		0ECFF363D4D64EF89C092FB9 /* aescrypt.c in Resources */ = {isa = PBXBuildFile; fileRef = 8CF3988DA6184090805BB5E4 /* aescrypt.c */; };
		B8084DCB18C4422DB542DE20 /* aeskey.c in Resources */ = {isa = PBXBuildFile; fileRef = 4FA72103EE894DBABDF38E88 /* aeskey.c */; };
		93753791AD694502B0FE9D8B /* aestab.c in Resources */ = {isa = PBXBuildFile; fileRef = E1D4B948C9EC4AE0B1702AD5 /* aestab.c */; };
		29F6D177347C4EF9B68CE52A /* entropy.c in Resources */ = {isa = PBXBuildFile; fileRef = B32FE75AC652403B87CDC13F /* entropy.c */; };
		C76BF3AE28F84F4DB138E2DF /* fileenc.c in Resources */ = {isa = PBXBuildFile; fileRef = FF3161EB7A8345618A9333FA /* fileenc.c */; };
		B5AAC756E9A24E2BA3943411 /* hmac.c in Resources */ = {isa = PBXBuildFile; fileRef = 78BEBCA466CE4B3687B29859 /* hmac.c */; };
		379681C2F9284EA58D9AB118 /* prng.c in Resources */ = {isa = PBXBuildFile; fileRef = E51D03B89C344EBF9AE5EA86 /* prng.c */; };
		319211C3930A44B49A0CEB45 /* pwd2key.c in Resources */ = {isa = PBXBuildFile; fileRef = CFABBF82BD644CD3B2228DB0 /* pwd2key.c */; };
		311944FE7B104B5CA92BCB9A /* sha1.c in Resources */ = {isa = PBXBuildFile; fileRef = 9B902747026543429C4000AD /* sha1.c */; };
		0110AAFB324A443AB7367E05 /* SSZipArchive.m in Sources */ = {isa = PBXBuildFile; fileRef = 31C21A666D994E8D8C56C361 /* SSZipArchive.m */; };
		FFE4DC6480F645CA9CE7766D /* zip.c in Resources */ = {isa = PBXBuildFile; fileRef = 24EF2C61BCE84035BF58B755 /* zip.c */; };
		3E7329C9FC034E2C948EB589 /* unzip.c in Resources */ = {isa = PBXBuildFile; fileRef = F08CBBF10BD64182B7079940 /* unzip.c */; };
		19469C5599B140078CB465D8 /* mztools.c in Resources */ = {isa = PBXBuildFile; fileRef = B3F63A07C93049AE8AADD513 /* mztools.c */; };
		CBD7C4E314D148BA893318FB /* ioapi.c in Resources */ = {isa = PBXBuildFile; fileRef = 35801AC8CD0F47A0A59949D4 /* ioapi.c */; };
		E6635B6777F4402CB0238C21 /* libz.dylib in Frameworks */ = {isa = PBXBuildFile; fileRef = B19B18DCDF6D4AE2850C165E /* libz.dylib */; };
		33CDDDB10C7C4E89894553DE /* CDVNotification.m in Sources */ = {isa = PBXBuildFile; fileRef = A7AC1ADD1CB14854923F7417 /* CDVNotification.m */; };
		49F71724E47848AB903CBA7F /* CDVNotification.bundle in Resources */ = {isa = PBXBuildFile; fileRef = 6911AA8A7A07409999214016 /* CDVNotification.bundle */; };
		1F0C6CA9DEE149E3B77EA6AF /* AudioToolbox.framework in Frameworks */ = {isa = PBXBuildFile; fileRef = 63D44EFD484D437D82DD15AB /* AudioToolbox.framework */; settings = {ATTRIBUTES = (Weak, ); }; };
		F77011FE290444A782D145B0 /* CDVDevice.m in Sources */ = {isa = PBXBuildFile; fileRef = E420C73176BD4479B6185F12 /* CDVDevice.m */; };
		A301575444AC4B1293C4FAFB /* libz.tbd in Frameworks */ = {isa = PBXBuildFile; fileRef = 283C9C0AA2A74CD298F31698 /* libz.tbd */; };
		36ABE19C58894F829FB10E6E /* CDVWKWebViewEngine+CodePush.m in Sources */ = {isa = PBXBuildFile; fileRef = 2F84969D3C80419A8354A1DB /* CDVWKWebViewEngine+CodePush.m */; };
		264FBD92809D40C1BB45B3E4 /* CodePush.m in Sources */ = {isa = PBXBuildFile; fileRef = 54F929D0B5EF4090BAC29CEA /* CodePush.m */; };
		2F24F9F7EF804EE7A1C39338 /* CodePushPackageMetadata.m in Sources */ = {isa = PBXBuildFile; fileRef = 6A75EA50972049A09F8D1491 /* CodePushPackageMetadata.m */; };
		D454251A55A840A6BD0B9827 /* CodePushPackageManager.m in Sources */ = {isa = PBXBuildFile; fileRef = 68F4B277743D42EEA067115D /* CodePushPackageManager.m */; };
		8B0D7EA3BA834CBDBBD3DE1D /* CodePushReportingManager.m in Sources */ = {isa = PBXBuildFile; fileRef = 902598817D744AC59351175C /* CodePushReportingManager.m */; };
		F60B098040854F76B8756AA2 /* InstallOptions.m in Sources */ = {isa = PBXBuildFile; fileRef = 7228DF320EAB4EFEB965047F /* InstallOptions.m */; };
		5B5629FF1F5F40648CE11C4D /* StatusReport.m in Sources */ = {isa = PBXBuildFile; fileRef = 758BA763A90D432BAE25AB34 /* StatusReport.m */; };
		9516697CF37B4428903C81B7 /* UpdateHashUtils.m in Sources */ = {isa = PBXBuildFile; fileRef = 4EDF1FA03CD14DFE8F2A2DC8 /* UpdateHashUtils.m */; };
		8A9B296A644145F680CE839B /* Utilities.m in Sources */ = {isa = PBXBuildFile; fileRef = C94DF71714DF44D99BB74B2E /* Utilities.m */; };
		0A80AEF2D56F43A6819658BD /* CDVLogger.m in Sources */ = {isa = PBXBuildFile; fileRef = FE52EFDDEFE5414794E842CF /* CDVLogger.m */; };
		16F70E6AD6AB4A89AE3F30D1 /* CDVSplashScreen.m in Sources */ = {isa = PBXBuildFile; fileRef = 4DE7452B03C442F8A6548067 /* CDVSplashScreen.m */; };
		43A9F1D973AD4418BBF35C50 /* CDVViewController+SplashScreen.m in Sources */ = {isa = PBXBuildFile; fileRef = 57D6A0F98C4C4AD5B0E344C0 /* CDVViewController+SplashScreen.m */; };
		9E18211FC7FB411F9E6F7C3E /* IonicKeyboard.m in Sources */ = {isa = PBXBuildFile; fileRef = B9182F5FCC8446A19119EACD /* IonicKeyboard.m */; };
/* End PBXBuildFile section */

/* Begin PBXContainerItemProxy section */
		301BF534109A57CC0062928A /* PBXContainerItemProxy */ = {
			isa = PBXContainerItemProxy;
			containerPortal = 301BF52D109A57CC0062928A /* CordovaLib.xcodeproj */;
			proxyType = 2;
			remoteGlobalIDString = D2AAC07E0554694100DB518D;
			remoteInfo = CordovaLib;
		};
		301BF550109A68C00062928A /* PBXContainerItemProxy */ = {
			isa = PBXContainerItemProxy;
			containerPortal = 301BF52D109A57CC0062928A /* CordovaLib.xcodeproj */;
			proxyType = 1;
			remoteGlobalIDString = D2AAC07D0554694100DB518D;
			remoteInfo = CordovaLib;
		};
/* End PBXContainerItemProxy section */

/* Begin PBXFileReference section */
		0207DA571B56EA530066E2B4 /* Images.xcassets */ = {isa = PBXFileReference; lastKnownFileType = folder.assetcatalog; name = Images.xcassets; path = "ProconCGMovel/Images.xcassets"; sourceTree = SOURCE_ROOT; };
		1D3623240D0F684500981E51 /* AppDelegate.h */ = {isa = PBXFileReference; fileEncoding = 4; lastKnownFileType = sourcecode.c.h; path = AppDelegate.h; sourceTree = "<group>"; };
		1D3623250D0F684500981E51 /* AppDelegate.m */ = {isa = PBXFileReference; fileEncoding = 4; lastKnownFileType = sourcecode.c.objc; path = AppDelegate.m; sourceTree = "<group>"; };
		1D6058910D05DD3D006BFB54 /* ProconCGMovel.app */ = {isa = PBXFileReference; explicitFileType = wrapper.application; includeInIndex = 0; path = "ProconCGMovel.app"; sourceTree = BUILT_PRODUCTS_DIR; };
		29B97316FDCFA39411CA2CEA /* main.m */ = {isa = PBXFileReference; fileEncoding = 4; lastKnownFileType = sourcecode.c.objc; path = main.m; sourceTree = "<group>"; };
		301BF52D109A57CC0062928A /* CordovaLib.xcodeproj */ = {isa = PBXFileReference; lastKnownFileType = "wrapper.pb-project"; path = CordovaLib/CordovaLib.xcodeproj; sourceTree = "<group>"; };
		301BF56E109A69640062928A /* www */ = {isa = PBXFileReference; lastKnownFileType = folder; path = www; sourceTree = SOURCE_ROOT; };
		302D95EE14D2391D003F00A1 /* MainViewController.h */ = {isa = PBXFileReference; fileEncoding = 4; lastKnownFileType = sourcecode.c.h; path = MainViewController.h; sourceTree = "<group>"; };
		302D95EF14D2391D003F00A1 /* MainViewController.m */ = {isa = PBXFileReference; fileEncoding = 4; lastKnownFileType = sourcecode.c.objc; path = MainViewController.m; sourceTree = "<group>"; };
		302D95F014D2391D003F00A1 /* MainViewController.xib */ = {isa = PBXFileReference; fileEncoding = 4; lastKnownFileType = file.xib; path = MainViewController.xib; sourceTree = "<group>"; };
		3047A50F1AB8059700498E2A /* build-debug.xcconfig */ = {isa = PBXFileReference; fileEncoding = 4; lastKnownFileType = text.xcconfig; name = "build-debug.xcconfig"; path = cordova/build-debug.xcconfig; sourceTree = SOURCE_ROOT; };
		3047A5101AB8059700498E2A /* build-release.xcconfig */ = {isa = PBXFileReference; fileEncoding = 4; lastKnownFileType = text.xcconfig; name = "build-release.xcconfig"; path = cordova/build-release.xcconfig; sourceTree = SOURCE_ROOT; };
		3047A5111AB8059700498E2A /* build.xcconfig */ = {isa = PBXFileReference; fileEncoding = 4; lastKnownFileType = text.xcconfig; name = build.xcconfig; path = cordova/build.xcconfig; sourceTree = SOURCE_ROOT; };
		32CA4F630368D1EE00C91783 /* ProconCGMovel-Prefix.pch */ = {isa = PBXFileReference; fileEncoding = 4; lastKnownFileType = sourcecode.c.h; path = "ProconCGMovel-Prefix.pch"; sourceTree = "<group>"; };
		6AFF5BF81D6E424B00AB3073 /* CDVLaunchScreen.storyboard */ = {isa = PBXFileReference; fileEncoding = 4; lastKnownFileType = file.storyboard; name = CDVLaunchScreen.storyboard; path = "ProconCGMovel/CDVLaunchScreen.storyboard"; sourceTree = SOURCE_ROOT; };
		8D1107310486CEB800E47090 /* ProconCGMovel-Info.plist */ = {isa = PBXFileReference; fileEncoding = 4; lastKnownFileType = text.plist.xml; name = "ProconCGMovel-Info.plist"; path = "ProconCGMovel/ProconCGMovel-Info.plist"; plistStructureDefinitionIdentifier = "com.apple.xcode.plist.structure-definition.iphone.info-plist"; sourceTree = SOURCE_ROOT; };
		EB87FDF31871DA8E0020F90C /* www */ = {isa = PBXFileReference; lastKnownFileType = folder; name = www; path = ../../www; sourceTree = "<group>"; };
		EB87FDF41871DAF40020F90C /* config.xml */ = {isa = PBXFileReference; lastKnownFileType = text.xml; name = config.xml; path = ../../config.xml; sourceTree = "<group>"; };
		F840E1F0165FE0F500CFE078 /* config.xml */ = {isa = PBXFileReference; lastKnownFileType = text.xml; name = config.xml; path = "ProconCGMovel/config.xml"; sourceTree = "<group>"; };
		ED33DF2A687741AEAF9F8254 /* Bridging-Header.h */ = {isa = PBXFileReference; fileEncoding = 4; lastKnownFileType = sourcecode.c.h; name = "Bridging-Header.h"; path = "Bridging-Header.h"; sourceTree = "<group>"; };
		E9234CB75E1545B99C5104A8 /* UIImage+CropScaleOrientation.m */ = {isa = PBXFileReference; name = "UIImage+CropScaleOrientation.m"; path = "cordova-plugin-camera/UIImage+CropScaleOrientation.m"; sourceTree = "<group>"; fileEncoding = 4; lastKnownFileType = sourcecode.c.objc; explicitFileType = undefined; includeInIndex = 0; };
		A4E6E4CB38C34052A0DEDF4B /* CDVCamera.m */ = {isa = PBXFileReference; name = "CDVCamera.m"; path = "cordova-plugin-camera/CDVCamera.m"; sourceTree = "<group>"; fileEncoding = 4; lastKnownFileType = sourcecode.c.objc; explicitFileType = undefined; includeInIndex = 0; };
		EE77DEF129874CDF845C17E9 /* CDVJpegHeaderWriter.m */ = {isa = PBXFileReference; name = "CDVJpegHeaderWriter.m"; path = "cordova-plugin-camera/CDVJpegHeaderWriter.m"; sourceTree = "<group>"; fileEncoding = 4; lastKnownFileType = sourcecode.c.objc; explicitFileType = undefined; includeInIndex = 0; };
		F7217A209D544C50B635942C /* UIImage+CropScaleOrientation.h */ = {isa = PBXFileReference; name = "UIImage+CropScaleOrientation.h"; path = "cordova-plugin-camera/UIImage+CropScaleOrientation.h"; sourceTree = "<group>"; fileEncoding = 4; lastKnownFileType = sourcecode.c.h; explicitFileType = undefined; includeInIndex = 0; };
		54317A831262451DAA88DA30 /* CDVCamera.h */ = {isa = PBXFileReference; name = "CDVCamera.h"; path = "cordova-plugin-camera/CDVCamera.h"; sourceTree = "<group>"; fileEncoding = 4; lastKnownFileType = sourcecode.c.h; explicitFileType = undefined; includeInIndex = 0; };
		70D0070D08024C0199D5BF37 /* CDVJpegHeaderWriter.h */ = {isa = PBXFileReference; name = "CDVJpegHeaderWriter.h"; path = "cordova-plugin-camera/CDVJpegHeaderWriter.h"; sourceTree = "<group>"; fileEncoding = 4; lastKnownFileType = sourcecode.c.h; explicitFileType = undefined; includeInIndex = 0; };
		EAE637B9FC46456D970B96C8 /* CDVExif.h */ = {isa = PBXFileReference; name = "CDVExif.h"; path = "cordova-plugin-camera/CDVExif.h"; sourceTree = "<group>"; fileEncoding = 4; lastKnownFileType = sourcecode.c.h; explicitFileType = undefined; includeInIndex = 0; };
		C5B69C676E9F406583C60CE9 /* ImageIO.framework */ = {isa = PBXFileReference; name = "ImageIO.framework"; path = "System/Library/Frameworks/ImageIO.framework"; sourceTree = SDKROOT; fileEncoding = undefined; lastKnownFileType = wrapper.framework; explicitFileType = undefined; includeInIndex = 0; };
		ED14996BB2A24F95A0F4484C /* CoreLocation.framework */ = {isa = PBXFileReference; name = "CoreLocation.framework"; path = "System/Library/Frameworks/CoreLocation.framework"; sourceTree = SDKROOT; fileEncoding = undefined; lastKnownFileType = wrapper.framework; explicitFileType = undefined; includeInIndex = 0; };
		4CED604709C7435B84F80BC5 /* AVFoundation.framework */ = {isa = PBXFileReference; name = "AVFoundation.framework"; path = "System/Library/Frameworks/AVFoundation.framework"; sourceTree = SDKROOT; fileEncoding = undefined; lastKnownFileType = wrapper.framework; explicitFileType = undefined; includeInIndex = 0; };
		75944759F5DA499A85B7DFAE /* CDVFile.m */ = {isa = PBXFileReference; name = "CDVFile.m"; path = "cordova-plugin-file/CDVFile.m"; sourceTree = "<group>"; fileEncoding = 4; lastKnownFileType = sourcecode.c.objc; explicitFileType = undefined; includeInIndex = 0; };
		5BEC357C57F1469AAF4B5B03 /* CDVLocalFilesystem.m */ = {isa = PBXFileReference; name = "CDVLocalFilesystem.m"; path = "cordova-plugin-file/CDVLocalFilesystem.m"; sourceTree = "<group>"; fileEncoding = 4; lastKnownFileType = sourcecode.c.objc; explicitFileType = undefined; includeInIndex = 0; };
		5793DC233CB142158250A130 /* CDVAssetLibraryFilesystem.m */ = {isa = PBXFileReference; name = "CDVAssetLibraryFilesystem.m"; path = "cordova-plugin-file/CDVAssetLibraryFilesystem.m"; sourceTree = "<group>"; fileEncoding = 4; lastKnownFileType = sourcecode.c.objc; explicitFileType = undefined; includeInIndex = 0; };
		CE858E5EE8F54E96816C88DB /* CDVFile.h */ = {isa = PBXFileReference; name = "CDVFile.h"; path = "cordova-plugin-file/CDVFile.h"; sourceTree = "<group>"; fileEncoding = 4; lastKnownFileType = sourcecode.c.h; explicitFileType = undefined; includeInIndex = 0; };
		350DE8ACCD59409CBDC37CB0 /* CDVLocalFilesystem.h */ = {isa = PBXFileReference; name = "CDVLocalFilesystem.h"; path = "cordova-plugin-file/CDVLocalFilesystem.h"; sourceTree = "<group>"; fileEncoding = 4; lastKnownFileType = sourcecode.c.h; explicitFileType = undefined; includeInIndex = 0; };
		52620788FDBE43C2A40736BD /* CDVAssetLibraryFilesystem.h */ = {isa = PBXFileReference; name = "CDVAssetLibraryFilesystem.h"; path = "cordova-plugin-file/CDVAssetLibraryFilesystem.h"; sourceTree = "<group>"; fileEncoding = 4; lastKnownFileType = sourcecode.c.h; explicitFileType = undefined; includeInIndex = 0; };
		02DAEE23E6AB4A4E95420F49 /* CDVFileTransfer.m */ = {isa = PBXFileReference; name = "CDVFileTransfer.m"; path = "cordova-plugin-file-transfer/CDVFileTransfer.m"; sourceTree = "<group>"; fileEncoding = 4; lastKnownFileType = sourcecode.c.objc; explicitFileType = undefined; includeInIndex = 0; };
		1A300FD412344A6BB587AD04 /* CDVFileTransfer.h */ = {isa = PBXFileReference; name = "CDVFileTransfer.h"; path = "cordova-plugin-file-transfer/CDVFileTransfer.h"; sourceTree = "<group>"; fileEncoding = 4; lastKnownFileType = sourcecode.c.h; explicitFileType = undefined; includeInIndex = 0; };
		D62C6B28F8A142CB9DC16EDC /* ZipPlugin.m */ = {isa = PBXFileReference; name = "ZipPlugin.m"; path = "cordova-plugin-zip/ZipPlugin.m"; sourceTree = "<group>"; fileEncoding = 4; lastKnownFileType = sourcecode.c.objc; explicitFileType = undefined; includeInIndex = 0; };
		8CF3988DA6184090805BB5E4 /* aescrypt.c */ = {isa = PBXFileReference; name = "aescrypt.c"; path = "cordova-plugin-zip/Plugins/aes/aescrypt.c"; sourceTree = "<group>"; fileEncoding = undefined; lastKnownFileType = unknown; explicitFileType = undefined; includeInIndex = 0; };
		4FA72103EE894DBABDF38E88 /* aeskey.c */ = {isa = PBXFileReference; name = "aeskey.c"; path = "cordova-plugin-zip/Plugins/aes/aeskey.c"; sourceTree = "<group>"; fileEncoding = undefined; lastKnownFileType = unknown; explicitFileType = undefined; includeInIndex = 0; };
		E1D4B948C9EC4AE0B1702AD5 /* aestab.c */ = {isa = PBXFileReference; name = "aestab.c"; path = "cordova-plugin-zip/Plugins/aes/aestab.c"; sourceTree = "<group>"; fileEncoding = undefined; lastKnownFileType = unknown; explicitFileType = undefined; includeInIndex = 0; };
		B32FE75AC652403B87CDC13F /* entropy.c */ = {isa = PBXFileReference; name = "entropy.c"; path = "cordova-plugin-zip/Plugins/aes/entropy.c"; sourceTree = "<group>"; fileEncoding = undefined; lastKnownFileType = unknown; explicitFileType = undefined; includeInIndex = 0; };
		FF3161EB7A8345618A9333FA /* fileenc.c */ = {isa = PBXFileReference; name = "fileenc.c"; path = "cordova-plugin-zip/Plugins/aes/fileenc.c"; sourceTree = "<group>"; fileEncoding = undefined; lastKnownFileType = unknown; explicitFileType = undefined; includeInIndex = 0; };
		78BEBCA466CE4B3687B29859 /* hmac.c */ = {isa = PBXFileReference; name = "hmac.c"; path = "cordova-plugin-zip/Plugins/aes/hmac.c"; sourceTree = "<group>"; fileEncoding = undefined; lastKnownFileType = unknown; explicitFileType = undefined; includeInIndex = 0; };
		E51D03B89C344EBF9AE5EA86 /* prng.c */ = {isa = PBXFileReference; name = "prng.c"; path = "cordova-plugin-zip/Plugins/aes/prng.c"; sourceTree = "<group>"; fileEncoding = undefined; lastKnownFileType = unknown; explicitFileType = undefined; includeInIndex = 0; };
		CFABBF82BD644CD3B2228DB0 /* pwd2key.c */ = {isa = PBXFileReference; name = "pwd2key.c"; path = "cordova-plugin-zip/Plugins/aes/pwd2key.c"; sourceTree = "<group>"; fileEncoding = undefined; lastKnownFileType = unknown; explicitFileType = undefined; includeInIndex = 0; };
		9B902747026543429C4000AD /* sha1.c */ = {isa = PBXFileReference; name = "sha1.c"; path = "cordova-plugin-zip/Plugins/aes/sha1.c"; sourceTree = "<group>"; fileEncoding = undefined; lastKnownFileType = unknown; explicitFileType = undefined; includeInIndex = 0; };
		31C21A666D994E8D8C56C361 /* SSZipArchive.m */ = {isa = PBXFileReference; name = "SSZipArchive.m"; path = "cordova-plugin-zip/Plugins/minizip/SSZipArchive.m"; sourceTree = "<group>"; fileEncoding = 4; lastKnownFileType = sourcecode.c.objc; explicitFileType = undefined; includeInIndex = 0; };
		24EF2C61BCE84035BF58B755 /* zip.c */ = {isa = PBXFileReference; name = "zip.c"; path = "cordova-plugin-zip/Plugins/minizip/zip.c"; sourceTree = "<group>"; fileEncoding = undefined; lastKnownFileType = unknown; explicitFileType = undefined; includeInIndex = 0; };
		F08CBBF10BD64182B7079940 /* unzip.c */ = {isa = PBXFileReference; name = "unzip.c"; path = "cordova-plugin-zip/Plugins/minizip/unzip.c"; sourceTree = "<group>"; fileEncoding = undefined; lastKnownFileType = unknown; explicitFileType = undefined; includeInIndex = 0; };
		B3F63A07C93049AE8AADD513 /* mztools.c */ = {isa = PBXFileReference; name = "mztools.c"; path = "cordova-plugin-zip/Plugins/minizip/mztools.c"; sourceTree = "<group>"; fileEncoding = undefined; lastKnownFileType = unknown; explicitFileType = undefined; includeInIndex = 0; };
		35801AC8CD0F47A0A59949D4 /* ioapi.c */ = {isa = PBXFileReference; name = "ioapi.c"; path = "cordova-plugin-zip/Plugins/minizip/ioapi.c"; sourceTree = "<group>"; fileEncoding = undefined; lastKnownFileType = unknown; explicitFileType = undefined; includeInIndex = 0; };
		E422E2F9D80C4B769D075418 /* ZipPlugin.h */ = {isa = PBXFileReference; name = "ZipPlugin.h"; path = "cordova-plugin-zip/ZipPlugin.h"; sourceTree = "<group>"; fileEncoding = 4; lastKnownFileType = sourcecode.c.h; explicitFileType = undefined; includeInIndex = 0; };
		043BBE1992CC4E6DBF9ECB40 /* Common.h */ = {isa = PBXFileReference; name = "Common.h"; path = "cordova-plugin-zip/Common.h"; sourceTree = "<group>"; fileEncoding = 4; lastKnownFileType = sourcecode.c.h; explicitFileType = undefined; includeInIndex = 0; };
		25CA064A692A45C48607C18F /* aes.h */ = {isa = PBXFileReference; name = "aes.h"; path = "cordova-plugin-zip/Plugins/aes/aes.h"; sourceTree = "<group>"; fileEncoding = 4; lastKnownFileType = sourcecode.c.h; explicitFileType = undefined; includeInIndex = 0; };
		4662F5469354405494AE9DCE /* aes_via_ace.h */ = {isa = PBXFileReference; name = "aes_via_ace.h"; path = "cordova-plugin-zip/Plugins/aes/aes_via_ace.h"; sourceTree = "<group>"; fileEncoding = 4; lastKnownFileType = sourcecode.c.h; explicitFileType = undefined; includeInIndex = 0; };
		35339F66C83241C596EEC14F /* aesopt.h */ = {isa = PBXFileReference; name = "aesopt.h"; path = "cordova-plugin-zip/Plugins/aes/aesopt.h"; sourceTree = "<group>"; fileEncoding = 4; lastKnownFileType = sourcecode.c.h; explicitFileType = undefined; includeInIndex = 0; };
		608D0AC92B48475DACEC7EFA /* aestab.h */ = {isa = PBXFileReference; name = "aestab.h"; path = "cordova-plugin-zip/Plugins/aes/aestab.h"; sourceTree = "<group>"; fileEncoding = 4; lastKnownFileType = sourcecode.c.h; explicitFileType = undefined; includeInIndex = 0; };
		7C29C70663E942DFAEB16A03 /* brg_endian.h */ = {isa = PBXFileReference; name = "brg_endian.h"; path = "cordova-plugin-zip/Plugins/aes/brg_endian.h"; sourceTree = "<group>"; fileEncoding = 4; lastKnownFileType = sourcecode.c.h; explicitFileType = undefined; includeInIndex = 0; };
		D909E9AAEB3548408AE56998 /* brg_types.h */ = {isa = PBXFileReference; name = "brg_types.h"; path = "cordova-plugin-zip/Plugins/aes/brg_types.h"; sourceTree = "<group>"; fileEncoding = 4; lastKnownFileType = sourcecode.c.h; explicitFileType = undefined; includeInIndex = 0; };
		F8E9686557D94AF5874E40FD /* entropy.h */ = {isa = PBXFileReference; name = "entropy.h"; path = "cordova-plugin-zip/Plugins/aes/entropy.h"; sourceTree = "<group>"; fileEncoding = 4; lastKnownFileType = sourcecode.c.h; explicitFileType = undefined; includeInIndex = 0; };
		2EBBFF663101456988BFA12B /* fileenc.h */ = {isa = PBXFileReference; name = "fileenc.h"; path = "cordova-plugin-zip/Plugins/aes/fileenc.h"; sourceTree = "<group>"; fileEncoding = 4; lastKnownFileType = sourcecode.c.h; explicitFileType = undefined; includeInIndex = 0; };
		9C5FEE7AB5754F1EADE6F7AB /* hmac.h */ = {isa = PBXFileReference; name = "hmac.h"; path = "cordova-plugin-zip/Plugins/aes/hmac.h"; sourceTree = "<group>"; fileEncoding = 4; lastKnownFileType = sourcecode.c.h; explicitFileType = undefined; includeInIndex = 0; };
		D6C517D215FF4307B0001167 /* prng.h */ = {isa = PBXFileReference; name = "prng.h"; path = "cordova-plugin-zip/Plugins/aes/prng.h"; sourceTree = "<group>"; fileEncoding = 4; lastKnownFileType = sourcecode.c.h; explicitFileType = undefined; includeInIndex = 0; };
		E9CD3893813D46E8B9FB88A0 /* pwd2key.h */ = {isa = PBXFileReference; name = "pwd2key.h"; path = "cordova-plugin-zip/Plugins/aes/pwd2key.h"; sourceTree = "<group>"; fileEncoding = 4; lastKnownFileType = sourcecode.c.h; explicitFileType = undefined; includeInIndex = 0; };
		57B00F46DD594D31BFBC09E3 /* sha1.h */ = {isa = PBXFileReference; name = "sha1.h"; path = "cordova-plugin-zip/Plugins/aes/sha1.h"; sourceTree = "<group>"; fileEncoding = 4; lastKnownFileType = sourcecode.c.h; explicitFileType = undefined; includeInIndex = 0; };
		3D1EFB5AB7ED4FF3A840D857 /* SSZipArchive.h */ = {isa = PBXFileReference; name = "SSZipArchive.h"; path = "cordova-plugin-zip/Plugins/minizip/SSZipArchive.h"; sourceTree = "<group>"; fileEncoding = 4; lastKnownFileType = sourcecode.c.h; explicitFileType = undefined; includeInIndex = 0; };
		36E948AE03054D27978C9B11 /* zip.h */ = {isa = PBXFileReference; name = "zip.h"; path = "cordova-plugin-zip/Plugins/minizip/zip.h"; sourceTree = "<group>"; fileEncoding = 4; lastKnownFileType = sourcecode.c.h; explicitFileType = undefined; includeInIndex = 0; };
		CABCCFBCDDFD4126A55BF04C /* unzip.h */ = {isa = PBXFileReference; name = "unzip.h"; path = "cordova-plugin-zip/Plugins/minizip/unzip.h"; sourceTree = "<group>"; fileEncoding = 4; lastKnownFileType = sourcecode.c.h; explicitFileType = undefined; includeInIndex = 0; };
		3D1FACA66DD64792AC0F647B /* mztools.h */ = {isa = PBXFileReference; name = "mztools.h"; path = "cordova-plugin-zip/Plugins/minizip/mztools.h"; sourceTree = "<group>"; fileEncoding = 4; lastKnownFileType = sourcecode.c.h; explicitFileType = undefined; includeInIndex = 0; };
		B4417AAD4D364643A5FB1327 /* ioapi.h */ = {isa = PBXFileReference; name = "ioapi.h"; path = "cordova-plugin-zip/Plugins/minizip/ioapi.h"; sourceTree = "<group>"; fileEncoding = 4; lastKnownFileType = sourcecode.c.h; explicitFileType = undefined; includeInIndex = 0; };
		768B8BC0EFDD445BAAE283CE /* crypt.h */ = {isa = PBXFileReference; name = "crypt.h"; path = "cordova-plugin-zip/Plugins/minizip/crypt.h"; sourceTree = "<group>"; fileEncoding = 4; lastKnownFileType = sourcecode.c.h; explicitFileType = undefined; includeInIndex = 0; };
		B19B18DCDF6D4AE2850C165E /* libz.dylib */ = {isa = PBXFileReference; name = "libz.dylib"; path = "usr/lib/libz.dylib"; sourceTree = SDKROOT; fileEncoding = undefined; lastKnownFileType = compiled.mach-o.dylib; explicitFileType = undefined; includeInIndex = 0; };
		A7AC1ADD1CB14854923F7417 /* CDVNotification.m */ = {isa = PBXFileReference; name = "CDVNotification.m"; path = "cordova-plugin-dialogs/CDVNotification.m"; sourceTree = "<group>"; fileEncoding = 4; lastKnownFileType = sourcecode.c.objc; explicitFileType = undefined; includeInIndex = 0; };
		DDFC12855C31467BA750C9ED /* CDVNotification.h */ = {isa = PBXFileReference; name = "CDVNotification.h"; path = "cordova-plugin-dialogs/CDVNotification.h"; sourceTree = "<group>"; fileEncoding = 4; lastKnownFileType = sourcecode.c.h; explicitFileType = undefined; includeInIndex = 0; };
		6911AA8A7A07409999214016 /* CDVNotification.bundle */ = {isa = PBXFileReference; name = "CDVNotification.bundle"; path = "CDVNotification.bundle"; sourceTree = "<group>"; fileEncoding = undefined; lastKnownFileType = wrapper.plug-in; explicitFileType = undefined; includeInIndex = 0; };
		63D44EFD484D437D82DD15AB /* AudioToolbox.framework */ = {isa = PBXFileReference; name = "AudioToolbox.framework"; path = "System/Library/Frameworks/AudioToolbox.framework"; sourceTree = SDKROOT; fileEncoding = undefined; lastKnownFileType = wrapper.framework; explicitFileType = undefined; includeInIndex = 0; };
		E420C73176BD4479B6185F12 /* CDVDevice.m */ = {isa = PBXFileReference; name = "CDVDevice.m"; path = "cordova-plugin-device/CDVDevice.m"; sourceTree = "<group>"; fileEncoding = 4; lastKnownFileType = sourcecode.c.objc; explicitFileType = undefined; includeInIndex = 0; };
		E44AE23DB4534CB2ADDD72C5 /* CDVDevice.h */ = {isa = PBXFileReference; name = "CDVDevice.h"; path = "cordova-plugin-device/CDVDevice.h"; sourceTree = "<group>"; fileEncoding = 4; lastKnownFileType = sourcecode.c.h; explicitFileType = undefined; includeInIndex = 0; };
		283C9C0AA2A74CD298F31698 /* libz.tbd */ = {isa = PBXFileReference; name = "libz.tbd"; path = "usr/lib/libz.tbd"; sourceTree = SDKROOT; fileEncoding = undefined; lastKnownFileType = sourcecode.text-based-dylib-definition; explicitFileType = undefined; includeInIndex = 0; };
		2F84969D3C80419A8354A1DB /* CDVWKWebViewEngine+CodePush.m */ = {isa = PBXFileReference; name = "CDVWKWebViewEngine+CodePush.m"; path = "cordova-plugin-code-push/CDVWKWebViewEngine+CodePush.m"; sourceTree = "<group>"; fileEncoding = 4; lastKnownFileType = sourcecode.c.objc; explicitFileType = undefined; includeInIndex = 0; };
		54F929D0B5EF4090BAC29CEA /* CodePush.m */ = {isa = PBXFileReference; name = "CodePush.m"; path = "cordova-plugin-code-push/CodePush.m"; sourceTree = "<group>"; fileEncoding = 4; lastKnownFileType = sourcecode.c.objc; explicitFileType = undefined; includeInIndex = 0; };
		6A75EA50972049A09F8D1491 /* CodePushPackageMetadata.m */ = {isa = PBXFileReference; name = "CodePushPackageMetadata.m"; path = "cordova-plugin-code-push/CodePushPackageMetadata.m"; sourceTree = "<group>"; fileEncoding = 4; lastKnownFileType = sourcecode.c.objc; explicitFileType = undefined; includeInIndex = 0; };
		68F4B277743D42EEA067115D /* CodePushPackageManager.m */ = {isa = PBXFileReference; name = "CodePushPackageManager.m"; path = "cordova-plugin-code-push/CodePushPackageManager.m"; sourceTree = "<group>"; fileEncoding = 4; lastKnownFileType = sourcecode.c.objc; explicitFileType = undefined; includeInIndex = 0; };
		902598817D744AC59351175C /* CodePushReportingManager.m */ = {isa = PBXFileReference; name = "CodePushReportingManager.m"; path = "cordova-plugin-code-push/CodePushReportingManager.m"; sourceTree = "<group>"; fileEncoding = 4; lastKnownFileType = sourcecode.c.objc; explicitFileType = undefined; includeInIndex = 0; };
		7228DF320EAB4EFEB965047F /* InstallOptions.m */ = {isa = PBXFileReference; name = "InstallOptions.m"; path = "cordova-plugin-code-push/InstallOptions.m"; sourceTree = "<group>"; fileEncoding = 4; lastKnownFileType = sourcecode.c.objc; explicitFileType = undefined; includeInIndex = 0; };
		758BA763A90D432BAE25AB34 /* StatusReport.m */ = {isa = PBXFileReference; name = "StatusReport.m"; path = "cordova-plugin-code-push/StatusReport.m"; sourceTree = "<group>"; fileEncoding = 4; lastKnownFileType = sourcecode.c.objc; explicitFileType = undefined; includeInIndex = 0; };
		4EDF1FA03CD14DFE8F2A2DC8 /* UpdateHashUtils.m */ = {isa = PBXFileReference; name = "UpdateHashUtils.m"; path = "cordova-plugin-code-push/UpdateHashUtils.m"; sourceTree = "<group>"; fileEncoding = 4; lastKnownFileType = sourcecode.c.objc; explicitFileType = undefined; includeInIndex = 0; };
		C94DF71714DF44D99BB74B2E /* Utilities.m */ = {isa = PBXFileReference; name = "Utilities.m"; path = "cordova-plugin-code-push/Utilities.m"; sourceTree = "<group>"; fileEncoding = 4; lastKnownFileType = sourcecode.c.objc; explicitFileType = undefined; includeInIndex = 0; };
		FA403A619CA54B21B76B3566 /* CodePush.h */ = {isa = PBXFileReference; name = "CodePush.h"; path = "cordova-plugin-code-push/CodePush.h"; sourceTree = "<group>"; fileEncoding = 4; lastKnownFileType = sourcecode.c.h; explicitFileType = undefined; includeInIndex = 0; };
		E388FC5AE2DA48DEB42FB852 /* CodePushPackageMetadata.h */ = {isa = PBXFileReference; name = "CodePushPackageMetadata.h"; path = "cordova-plugin-code-push/CodePushPackageMetadata.h"; sourceTree = "<group>"; fileEncoding = 4; lastKnownFileType = sourcecode.c.h; explicitFileType = undefined; includeInIndex = 0; };
		9EE91637E9DE4132837DB307 /* CodePushPackageManager.h */ = {isa = PBXFileReference; name = "CodePushPackageManager.h"; path = "cordova-plugin-code-push/CodePushPackageManager.h"; sourceTree = "<group>"; fileEncoding = 4; lastKnownFileType = sourcecode.c.h; explicitFileType = undefined; includeInIndex = 0; };
		52B60A37659047AA81270CBB /* CodePushReportingManager.h */ = {isa = PBXFileReference; name = "CodePushReportingManager.h"; path = "cordova-plugin-code-push/CodePushReportingManager.h"; sourceTree = "<group>"; fileEncoding = 4; lastKnownFileType = sourcecode.c.h; explicitFileType = undefined; includeInIndex = 0; };
		B09AA300541E44CF85651DAB /* InstallOptions.h */ = {isa = PBXFileReference; name = "InstallOptions.h"; path = "cordova-plugin-code-push/InstallOptions.h"; sourceTree = "<group>"; fileEncoding = 4; lastKnownFileType = sourcecode.c.h; explicitFileType = undefined; includeInIndex = 0; };
		07BE3D38088C4DD3B5507586 /* InstallMode.h */ = {isa = PBXFileReference; name = "InstallMode.h"; path = "cordova-plugin-code-push/InstallMode.h"; sourceTree = "<group>"; fileEncoding = 4; lastKnownFileType = sourcecode.c.h; explicitFileType = undefined; includeInIndex = 0; };
		327A6C339FDE4C019127C807 /* StatusReport.h */ = {isa = PBXFileReference; name = "StatusReport.h"; path = "cordova-plugin-code-push/StatusReport.h"; sourceTree = "<group>"; fileEncoding = 4; lastKnownFileType = sourcecode.c.h; explicitFileType = undefined; includeInIndex = 0; };
		8E3FF313ED7447BBB26A6A5D /* UpdateHashUtils.h */ = {isa = PBXFileReference; name = "UpdateHashUtils.h"; path = "cordova-plugin-code-push/UpdateHashUtils.h"; sourceTree = "<group>"; fileEncoding = 4; lastKnownFileType = sourcecode.c.h; explicitFileType = undefined; includeInIndex = 0; };
		34D8D0BECB534C449F8F0883 /* Utilities.h */ = {isa = PBXFileReference; name = "Utilities.h"; path = "cordova-plugin-code-push/Utilities.h"; sourceTree = "<group>"; fileEncoding = 4; lastKnownFileType = sourcecode.c.h; explicitFileType = undefined; includeInIndex = 0; };
		FE52EFDDEFE5414794E842CF /* CDVLogger.m */ = {isa = PBXFileReference; name = "CDVLogger.m"; path = "cordova-plugin-console/CDVLogger.m"; sourceTree = "<group>"; fileEncoding = 4; lastKnownFileType = sourcecode.c.objc; explicitFileType = undefined; includeInIndex = 0; };
		A24F3D2E58784927B6DF3787 /* CDVLogger.h */ = {isa = PBXFileReference; name = "CDVLogger.h"; path = "cordova-plugin-console/CDVLogger.h"; sourceTree = "<group>"; fileEncoding = 4; lastKnownFileType = sourcecode.c.h; explicitFileType = undefined; includeInIndex = 0; };
		4DE7452B03C442F8A6548067 /* CDVSplashScreen.m */ = {isa = PBXFileReference; name = "CDVSplashScreen.m"; path = "cordova-plugin-splashscreen/CDVSplashScreen.m"; sourceTree = "<group>"; fileEncoding = 4; lastKnownFileType = sourcecode.c.objc; explicitFileType = undefined; includeInIndex = 0; };
		57D6A0F98C4C4AD5B0E344C0 /* CDVViewController+SplashScreen.m */ = {isa = PBXFileReference; name = "CDVViewController+SplashScreen.m"; path = "cordova-plugin-splashscreen/CDVViewController+SplashScreen.m"; sourceTree = "<group>"; fileEncoding = 4; lastKnownFileType = sourcecode.c.objc; explicitFileType = undefined; includeInIndex = 0; };
		67F4341E6105467ABBD207D2 /* CDVSplashScreen.h */ = {isa = PBXFileReference; name = "CDVSplashScreen.h"; path = "cordova-plugin-splashscreen/CDVSplashScreen.h"; sourceTree = "<group>"; fileEncoding = 4; lastKnownFileType = sourcecode.c.h; explicitFileType = undefined; includeInIndex = 0; };
		0C88A69CB79B4145BF0DCD88 /* CDVViewController+SplashScreen.h */ = {isa = PBXFileReference; name = "CDVViewController+SplashScreen.h"; path = "cordova-plugin-splashscreen/CDVViewController+SplashScreen.h"; sourceTree = "<group>"; fileEncoding = 4; lastKnownFileType = sourcecode.c.h; explicitFileType = undefined; includeInIndex = 0; };
		B9182F5FCC8446A19119EACD /* IonicKeyboard.m */ = {isa = PBXFileReference; name = "IonicKeyboard.m"; path = "ionic-plugin-keyboard/IonicKeyboard.m"; sourceTree = "<group>"; fileEncoding = 4; lastKnownFileType = sourcecode.c.objc; explicitFileType = undefined; includeInIndex = 0; };
		AD54C8645EE54CDFB347D6DF /* IonicKeyboard.h */ = {isa = PBXFileReference; name = "IonicKeyboard.h"; path = "ionic-plugin-keyboard/IonicKeyboard.h"; sourceTree = "<group>"; fileEncoding = 4; lastKnownFileType = sourcecode.c.h; explicitFileType = undefined; includeInIndex = 0; };
/* End PBXFileReference section */

/* Begin PBXFrameworksBuildPhase section */
		1D60588F0D05DD3D006BFB54 /* Frameworks */ = {
			isa = PBXFrameworksBuildPhase;
			buildActionMask = 2147483647;
			files = (
				301BF552109A68D80062928A /* libCordova.a in Frameworks */,
				D9C91C82264047B29D007907 /* ImageIO.framework in Frameworks */,
				DA64016B57D34617BBF58952 /* CoreLocation.framework in Frameworks */,
				6100462ECD854535AC3B93DC /* AVFoundation.framework in Frameworks */,
				E6635B6777F4402CB0238C21 /* libz.dylib in Frameworks */,
				1F0C6CA9DEE149E3B77EA6AF /* AudioToolbox.framework in Frameworks */,
				A301575444AC4B1293C4FAFB /* libz.tbd in Frameworks */,
			);
			runOnlyForDeploymentPostprocessing = 0;
		};
/* End PBXFrameworksBuildPhase section */

/* Begin PBXGroup section */
		080E96DDFE201D6D7F000001 /* Classes */ = {
			isa = PBXGroup;
			children = (
				302D95EE14D2391D003F00A1 /* MainViewController.h */,
				302D95EF14D2391D003F00A1 /* MainViewController.m */,
				302D95F014D2391D003F00A1 /* MainViewController.xib */,
				1D3623240D0F684500981E51 /* AppDelegate.h */,
				1D3623250D0F684500981E51 /* AppDelegate.m */,
			);
			name = Classes;
			path = "ProconCGMovel/Classes";
			sourceTree = SOURCE_ROOT;
		};
		19C28FACFE9D520D11CA2CBB /* Products */ = {
			isa = PBXGroup;
			children = (
				1D6058910D05DD3D006BFB54 /* ProconCGMovel.app */,
			);
			name = Products;
			sourceTree = "<group>";
		};
		29B97314FDCFA39411CA2CEA /* CustomTemplate */ = {
			isa = PBXGroup;
			children = (
				EB87FDF41871DAF40020F90C /* config.xml */,
				EB87FDF31871DA8E0020F90C /* www */,
				EB87FDF11871DA420020F90C /* Staging */,
				301BF52D109A57CC0062928A /* CordovaLib.xcodeproj */,
				080E96DDFE201D6D7F000001 /* Classes */,
				307C750510C5A3420062BCA9 /* Plugins */,
				29B97315FDCFA39411CA2CEA /* Other Sources */,
				29B97317FDCFA39411CA2CEA /* Resources */,
				29B97323FDCFA39411CA2CEA /* Frameworks */,
				19C28FACFE9D520D11CA2CBB /* Products */,
			);
			name = CustomTemplate;
			sourceTree = "<group>";
		};
		29B97315FDCFA39411CA2CEA /* Other Sources */ = {
			isa = PBXGroup;
			children = (
				32CA4F630368D1EE00C91783 /* ProconCGMovel-Prefix.pch */,
				29B97316FDCFA39411CA2CEA /* main.m */,
				ED33DF2A687741AEAF9F8254 /* Bridging-Header.h */,
			);
			name = "Other Sources";
			path = "ProconCGMovel";
			sourceTree = "<group>";
		};
		29B97317FDCFA39411CA2CEA /* Resources */ = {
			isa = PBXGroup;
			children = (
				0207DA571B56EA530066E2B4 /* Images.xcassets */,
				3047A50E1AB8057F00498E2A /* config */,
				8D1107310486CEB800E47090 /* ProconCGMovel-Info.plist */,
				6AFF5BF81D6E424B00AB3073 /* CDVLaunchScreen.storyboard */,
				6911AA8A7A07409999214016 /* CDVNotification.bundle */,
			);
			name = Resources;
			path = "ProconCGMovel/Resources";
			sourceTree = "<group>";
		};
		29B97323FDCFA39411CA2CEA /* Frameworks */ = {
			isa = PBXGroup;
			children = (
				C5B69C676E9F406583C60CE9 /* ImageIO.framework */,
				ED14996BB2A24F95A0F4484C /* CoreLocation.framework */,
				4CED604709C7435B84F80BC5 /* AVFoundation.framework */,
				B19B18DCDF6D4AE2850C165E /* libz.dylib */,
				63D44EFD484D437D82DD15AB /* AudioToolbox.framework */,
				283C9C0AA2A74CD298F31698 /* libz.tbd */,
			);
			name = Frameworks;
			sourceTree = "<group>";
		};
		301BF52E109A57CC0062928A /* Products */ = {
			isa = PBXGroup;
			children = (
				301BF535109A57CC0062928A /* libCordova.a */,
			);
			name = Products;
			sourceTree = "<group>";
		};
		3047A50E1AB8057F00498E2A /* config */ = {
			isa = PBXGroup;
			children = (
				3047A50F1AB8059700498E2A /* build-debug.xcconfig */,
				3047A5101AB8059700498E2A /* build-release.xcconfig */,
				3047A5111AB8059700498E2A /* build.xcconfig */,
			);
			name = config;
			sourceTree = "<group>";
		};
		307C750510C5A3420062BCA9 /* Plugins */ = {
			isa = PBXGroup;
			children = (
				E9234CB75E1545B99C5104A8 /* UIImage+CropScaleOrientation.m */,
				A4E6E4CB38C34052A0DEDF4B /* CDVCamera.m */,
				EE77DEF129874CDF845C17E9 /* CDVJpegHeaderWriter.m */,
				F7217A209D544C50B635942C /* UIImage+CropScaleOrientation.h */,
				54317A831262451DAA88DA30 /* CDVCamera.h */,
				70D0070D08024C0199D5BF37 /* CDVJpegHeaderWriter.h */,
				EAE637B9FC46456D970B96C8 /* CDVExif.h */,
				75944759F5DA499A85B7DFAE /* CDVFile.m */,
				5BEC357C57F1469AAF4B5B03 /* CDVLocalFilesystem.m */,
				5793DC233CB142158250A130 /* CDVAssetLibraryFilesystem.m */,
				CE858E5EE8F54E96816C88DB /* CDVFile.h */,
				350DE8ACCD59409CBDC37CB0 /* CDVLocalFilesystem.h */,
				52620788FDBE43C2A40736BD /* CDVAssetLibraryFilesystem.h */,
				02DAEE23E6AB4A4E95420F49 /* CDVFileTransfer.m */,
				1A300FD412344A6BB587AD04 /* CDVFileTransfer.h */,
				D62C6B28F8A142CB9DC16EDC /* ZipPlugin.m */,
				8CF3988DA6184090805BB5E4 /* aescrypt.c */,
				4FA72103EE894DBABDF38E88 /* aeskey.c */,
				E1D4B948C9EC4AE0B1702AD5 /* aestab.c */,
				B32FE75AC652403B87CDC13F /* entropy.c */,
				FF3161EB7A8345618A9333FA /* fileenc.c */,
				78BEBCA466CE4B3687B29859 /* hmac.c */,
				E51D03B89C344EBF9AE5EA86 /* prng.c */,
				CFABBF82BD644CD3B2228DB0 /* pwd2key.c */,
				9B902747026543429C4000AD /* sha1.c */,
				31C21A666D994E8D8C56C361 /* SSZipArchive.m */,
				24EF2C61BCE84035BF58B755 /* zip.c */,
				F08CBBF10BD64182B7079940 /* unzip.c */,
				B3F63A07C93049AE8AADD513 /* mztools.c */,
				35801AC8CD0F47A0A59949D4 /* ioapi.c */,
				E422E2F9D80C4B769D075418 /* ZipPlugin.h */,
				043BBE1992CC4E6DBF9ECB40 /* Common.h */,
				25CA064A692A45C48607C18F /* aes.h */,
				4662F5469354405494AE9DCE /* aes_via_ace.h */,
				35339F66C83241C596EEC14F /* aesopt.h */,
				608D0AC92B48475DACEC7EFA /* aestab.h */,
				7C29C70663E942DFAEB16A03 /* brg_endian.h */,
				D909E9AAEB3548408AE56998 /* brg_types.h */,
				F8E9686557D94AF5874E40FD /* entropy.h */,
				2EBBFF663101456988BFA12B /* fileenc.h */,
				9C5FEE7AB5754F1EADE6F7AB /* hmac.h */,
				D6C517D215FF4307B0001167 /* prng.h */,
				E9CD3893813D46E8B9FB88A0 /* pwd2key.h */,
				57B00F46DD594D31BFBC09E3 /* sha1.h */,
				3D1EFB5AB7ED4FF3A840D857 /* SSZipArchive.h */,
				36E948AE03054D27978C9B11 /* zip.h */,
				CABCCFBCDDFD4126A55BF04C /* unzip.h */,
				3D1FACA66DD64792AC0F647B /* mztools.h */,
				B4417AAD4D364643A5FB1327 /* ioapi.h */,
				768B8BC0EFDD445BAAE283CE /* crypt.h */,
				A7AC1ADD1CB14854923F7417 /* CDVNotification.m */,
				DDFC12855C31467BA750C9ED /* CDVNotification.h */,
				E420C73176BD4479B6185F12 /* CDVDevice.m */,
				E44AE23DB4534CB2ADDD72C5 /* CDVDevice.h */,
				2F84969D3C80419A8354A1DB /* CDVWKWebViewEngine+CodePush.m */,
				54F929D0B5EF4090BAC29CEA /* CodePush.m */,
				6A75EA50972049A09F8D1491 /* CodePushPackageMetadata.m */,
				68F4B277743D42EEA067115D /* CodePushPackageManager.m */,
				902598817D744AC59351175C /* CodePushReportingManager.m */,
				7228DF320EAB4EFEB965047F /* InstallOptions.m */,
				758BA763A90D432BAE25AB34 /* StatusReport.m */,
				4EDF1FA03CD14DFE8F2A2DC8 /* UpdateHashUtils.m */,
				C94DF71714DF44D99BB74B2E /* Utilities.m */,
				FA403A619CA54B21B76B3566 /* CodePush.h */,
				E388FC5AE2DA48DEB42FB852 /* CodePushPackageMetadata.h */,
				9EE91637E9DE4132837DB307 /* CodePushPackageManager.h */,
				52B60A37659047AA81270CBB /* CodePushReportingManager.h */,
				B09AA300541E44CF85651DAB /* InstallOptions.h */,
				07BE3D38088C4DD3B5507586 /* InstallMode.h */,
				327A6C339FDE4C019127C807 /* StatusReport.h */,
				8E3FF313ED7447BBB26A6A5D /* UpdateHashUtils.h */,
				34D8D0BECB534C449F8F0883 /* Utilities.h */,
				FE52EFDDEFE5414794E842CF /* CDVLogger.m */,
				A24F3D2E58784927B6DF3787 /* CDVLogger.h */,
				4DE7452B03C442F8A6548067 /* CDVSplashScreen.m */,
				57D6A0F98C4C4AD5B0E344C0 /* CDVViewController+SplashScreen.m */,
				67F4341E6105467ABBD207D2 /* CDVSplashScreen.h */,
				0C88A69CB79B4145BF0DCD88 /* CDVViewController+SplashScreen.h */,
				B9182F5FCC8446A19119EACD /* IonicKeyboard.m */,
				AD54C8645EE54CDFB347D6DF /* IonicKeyboard.h */,
			);
			name = Plugins;
			path = "ProconCGMovel/Plugins";
			sourceTree = SOURCE_ROOT;
		};
		EB87FDF11871DA420020F90C /* Staging */ = {
			isa = PBXGroup;
			children = (
				F840E1F0165FE0F500CFE078 /* config.xml */,
				301BF56E109A69640062928A /* www */,
			);
			name = Staging;
			sourceTree = "<group>";
		};
/* End PBXGroup section */

/* Begin PBXNativeTarget section */
		1D6058900D05DD3D006BFB54 /* ProconCGMovel */ = {
			isa = PBXNativeTarget;
			buildConfigurationList = 1D6058960D05DD3E006BFB54 /* Build configuration list for PBXNativeTarget "ProconCGMovel" */;
			buildPhases = (
				304B58A110DAC018002A0835 /* Copy www directory */,
				1D60588D0D05DD3D006BFB54 /* Resources */,
				1D60588E0D05DD3D006BFB54 /* Sources */,
				1D60588F0D05DD3D006BFB54 /* Frameworks */,
			);
			buildRules = (
			);
			dependencies = (
				301BF551109A68C00062928A /* PBXTargetDependency */,
			);
			name = "ProconCGMovel";
			productName = "ProconCGMovel";
			productReference = 1D6058910D05DD3D006BFB54 /* ProconCGMovel.app */;
			productType = "com.apple.product-type.application";
		};
/* End PBXNativeTarget section */

/* Begin PBXProject section */
		29B97313FDCFA39411CA2CEA /* Project object */ = {
			isa = PBXProject;
			attributes = {
				LastUpgradeCheck = 510;
			};
			buildConfigurationList = C01FCF4E08A954540054247B /* Build configuration list for PBXProject "__NON-CLI__" */;
			compatibilityVersion = "Xcode 3.2";
			developmentRegion = English;
			hasScannedForEncodings = 1;
			mainGroup = 29B97314FDCFA39411CA2CEA /* CustomTemplate */;
			projectDirPath = "";
			projectReferences = (
				{
					ProductGroup = 301BF52E109A57CC0062928A /* Products */;
					ProjectRef = 301BF52D109A57CC0062928A /* CordovaLib.xcodeproj */;
				},
			);
			projectRoot = "";
			targets = (
				1D6058900D05DD3D006BFB54 /* ProconCGMovel */,
			);
		};
/* End PBXProject section */

/* Begin PBXReferenceProxy section */
		301BF535109A57CC0062928A /* libCordova.a */ = {
			isa = PBXReferenceProxy;
			fileType = archive.ar;
			path = libCordova.a;
			remoteRef = 301BF534109A57CC0062928A /* PBXContainerItemProxy */;
			sourceTree = BUILT_PRODUCTS_DIR;
		};
/* End PBXReferenceProxy section */

/* Begin PBXResourcesBuildPhase section */
		1D60588D0D05DD3D006BFB54 /* Resources */ = {
			isa = PBXResourcesBuildPhase;
			buildActionMask = 2147483647;
			files = (
				302D95F214D2391D003F00A1 /* MainViewController.xib in Resources */,
				0207DA581B56EA530066E2B4 /* Images.xcassets in Resources */,
				6AFF5BF91D6E424B00AB3073 /* CDVLaunchScreen.storyboard in Resources */,
				49F71724E47848AB903CBA7F /* CDVNotification.bundle in Resources */,
			);
			runOnlyForDeploymentPostprocessing = 0;
		};
/* End PBXResourcesBuildPhase section */

/* Begin PBXShellScriptBuildPhase section */
		304B58A110DAC018002A0835 /* Copy www directory */ = {
			isa = PBXShellScriptBuildPhase;
			buildActionMask = 2147483647;
			files = (
			);
			inputPaths = (
			);
			name = "Copy www directory";
			outputPaths = (
			);
			runOnlyForDeploymentPostprocessing = 0;
			shellPath = /bin/sh;
			shellScript = "NODEJS_PATH=/usr/local/bin; NVM_NODE_PATH=~/.nvm/versions/node/`nvm version 2>/dev/null`/bin; N_NODE_PATH=`find /usr/local/n/versions/node/* -maxdepth 0 -type d 2>/dev/null | tail -1`/bin; XCODE_NODE_PATH=`xcode-select --print-path`/usr/share/xcs/Node/bin; PATH=$NODEJS_PATH:$NVM_NODE_PATH:$N_NODE_PATH:$XCODE_NODE_PATH:$PATH && node cordova/lib/copy-www-build-step.js";
			showEnvVarsInLog = 0;
		};
/* End PBXShellScriptBuildPhase section */

/* Begin PBXSourcesBuildPhase section */
		1D60588E0D05DD3D006BFB54 /* Sources */ = {
			isa = PBXSourcesBuildPhase;
			buildActionMask = 2147483647;
			files = (
				1D60589B0D05DD56006BFB54 /* main.m in Sources */,
				1D3623260D0F684500981E51 /* AppDelegate.m in Sources */,
				302D95F114D2391D003F00A1 /* MainViewController.m in Sources */,
				8FEBA2A9D6494A2EB27402A1 /* UIImage+CropScaleOrientation.m in Sources */,
				497AC0F6D6B54F619B4F9D8D /* CDVCamera.m in Sources */,
				DB5EC85F92114135839853EA /* CDVJpegHeaderWriter.m in Sources */,
				1B17902B8AB941F9ABCC3029 /* CDVFile.m in Sources */,
				00AACA48EC444267A6D42724 /* CDVLocalFilesystem.m in Sources */,
				370CEED025A340089B08BEA4 /* CDVAssetLibraryFilesystem.m in Sources */,
				C4BA9FDFEAC1437EA9B62257 /* CDVFileTransfer.m in Sources */,
				B6422E45ED6A402A91D0BCE1 /* ZipPlugin.m in Sources */,
				0ECFF363D4D64EF89C092FB9 /* aescrypt.c in Resources */,
				B8084DCB18C4422DB542DE20 /* aeskey.c in Resources */,
				93753791AD694502B0FE9D8B /* aestab.c in Resources */,
				29F6D177347C4EF9B68CE52A /* entropy.c in Resources */,
				C76BF3AE28F84F4DB138E2DF /* fileenc.c in Resources */,
				B5AAC756E9A24E2BA3943411 /* hmac.c in Resources */,
				379681C2F9284EA58D9AB118 /* prng.c in Resources */,
				319211C3930A44B49A0CEB45 /* pwd2key.c in Resources */,
				311944FE7B104B5CA92BCB9A /* sha1.c in Resources */,
				0110AAFB324A443AB7367E05 /* SSZipArchive.m in Sources */,
				FFE4DC6480F645CA9CE7766D /* zip.c in Resources */,
				3E7329C9FC034E2C948EB589 /* unzip.c in Resources */,
				19469C5599B140078CB465D8 /* mztools.c in Resources */,
				CBD7C4E314D148BA893318FB /* ioapi.c in Resources */,
				33CDDDB10C7C4E89894553DE /* CDVNotification.m in Sources */,
				F77011FE290444A782D145B0 /* CDVDevice.m in Sources */,
				36ABE19C58894F829FB10E6E /* CDVWKWebViewEngine+CodePush.m in Sources */,
				264FBD92809D40C1BB45B3E4 /* CodePush.m in Sources */,
				2F24F9F7EF804EE7A1C39338 /* CodePushPackageMetadata.m in Sources */,
				D454251A55A840A6BD0B9827 /* CodePushPackageManager.m in Sources */,
				8B0D7EA3BA834CBDBBD3DE1D /* CodePushReportingManager.m in Sources */,
				F60B098040854F76B8756AA2 /* InstallOptions.m in Sources */,
				5B5629FF1F5F40648CE11C4D /* StatusReport.m in Sources */,
				9516697CF37B4428903C81B7 /* UpdateHashUtils.m in Sources */,
				8A9B296A644145F680CE839B /* Utilities.m in Sources */,
				0A80AEF2D56F43A6819658BD /* CDVLogger.m in Sources */,
				16F70E6AD6AB4A89AE3F30D1 /* CDVSplashScreen.m in Sources */,
				43A9F1D973AD4418BBF35C50 /* CDVViewController+SplashScreen.m in Sources */,
				9E18211FC7FB411F9E6F7C3E /* IonicKeyboard.m in Sources */,
			);
			runOnlyForDeploymentPostprocessing = 0;
		};
/* End PBXSourcesBuildPhase section */

/* Begin PBXTargetDependency section */
		301BF551109A68C00062928A /* PBXTargetDependency */ = {
			isa = PBXTargetDependency;
			name = CordovaLib;
			targetProxy = 301BF550109A68C00062928A /* PBXContainerItemProxy */;
		};
/* End PBXTargetDependency section */

/* Begin XCBuildConfiguration section */
		1D6058940D05DD3E006BFB54 /* Debug */ = {
			isa = XCBuildConfiguration;
			baseConfigurationReference = 3047A50F1AB8059700498E2A /* build-debug.xcconfig */;
			buildSettings = {
				ALWAYS_SEARCH_USER_PATHS = NO;
				ASSETCATALOG_COMPILER_APPICON_NAME = AppIcon;
				ASSETCATALOG_COMPILER_LAUNCHIMAGE_NAME = LaunchImage;
				CLANG_ENABLE_MODULES = YES;
				CLANG_ENABLE_OBJC_ARC = YES;
				COPY_PHASE_STRIP = NO;
				GCC_DYNAMIC_NO_PIC = NO;
				GCC_OPTIMIZATION_LEVEL = 0;
				GCC_PRECOMPILE_PREFIX_HEADER = YES;
				GCC_PREFIX_HEADER = "ProconCGMovel/ProconCGMovel-Prefix.pch";
				GCC_THUMB_SUPPORT = NO;
				GCC_VERSION = "";
				INFOPLIST_FILE = "ProconCGMovel/ProconCGMovel-Info.plist";
				IPHONEOS_DEPLOYMENT_TARGET = 9.0;
				LD_RUNPATH_SEARCH_PATHS = "@executable_path/Frameworks";
				TARGETED_DEVICE_FAMILY = "1,2";
				PRODUCT_NAME = "ProconCGMovel";
			};
			name = Debug;
		};
		1D6058950D05DD3E006BFB54 /* Release */ = {
			isa = XCBuildConfiguration;
			baseConfigurationReference = 3047A5101AB8059700498E2A /* build-release.xcconfig */;
			buildSettings = {
				ALWAYS_SEARCH_USER_PATHS = NO;
				ASSETCATALOG_COMPILER_APPICON_NAME = AppIcon;
				ASSETCATALOG_COMPILER_LAUNCHIMAGE_NAME = LaunchImage;
				CLANG_ENABLE_MODULES = YES;
				CLANG_ENABLE_OBJC_ARC = YES;
				COPY_PHASE_STRIP = YES;
				GCC_PRECOMPILE_PREFIX_HEADER = YES;
				GCC_PREFIX_HEADER = "ProconCGMovel/ProconCGMovel-Prefix.pch";
				GCC_THUMB_SUPPORT = NO;
				GCC_VERSION = "";
				INFOPLIST_FILE = "ProconCGMovel/ProconCGMovel-Info.plist";
				IPHONEOS_DEPLOYMENT_TARGET = 9.0;
				LD_RUNPATH_SEARCH_PATHS = "@executable_path/Frameworks";
				TARGETED_DEVICE_FAMILY = "1,2";
				PRODUCT_NAME = "ProconCGMovel";
			};
			name = Release;
		};
		C01FCF4F08A954540054247B /* Debug */ = {
			isa = XCBuildConfiguration;
			baseConfigurationReference = 3047A5111AB8059700498E2A /* build.xcconfig */;
			buildSettings = {
				CLANG_ENABLE_MODULES = YES;
				CLANG_ENABLE_OBJC_ARC = YES;
				CLANG_WARN_BOOL_CONVERSION = YES;
				CLANG_WARN_CONSTANT_CONVERSION = YES;
				CLANG_WARN_EMPTY_BODY = YES;
				CLANG_WARN_ENUM_CONVERSION = YES;
				CLANG_WARN_INT_CONVERSION = YES;
				CLANG_WARN__DUPLICATE_METHOD_MATCH = YES;
				GCC_C_LANGUAGE_STANDARD = c99;
				GCC_THUMB_SUPPORT = NO;
				GCC_VERSION = "";
				GCC_WARN_ABOUT_RETURN_TYPE = YES;
				GCC_WARN_UNDECLARED_SELECTOR = YES;
				GCC_WARN_UNINITIALIZED_AUTOS = YES;
				GCC_WARN_UNUSED_FUNCTION = YES;
				GCC_WARN_UNUSED_VARIABLE = YES;
				ONLY_ACTIVE_ARCH = YES;
				SDKROOT = iphoneos;
				SKIP_INSTALL = NO;
				ASSETCATALOG_COMPILER_LAUNCHIMAGE_NAME = LaunchImage;
			};
			name = Debug;
		};
		C01FCF5008A954540054247B /* Release */ = {
			isa = XCBuildConfiguration;
			baseConfigurationReference = 3047A5111AB8059700498E2A /* build.xcconfig */;
			buildSettings = {
				CLANG_ENABLE_MODULES = YES;
				CLANG_ENABLE_OBJC_ARC = YES;
				CLANG_WARN_BOOL_CONVERSION = YES;
				CLANG_WARN_CONSTANT_CONVERSION = YES;
				CLANG_WARN_EMPTY_BODY = YES;
				CLANG_WARN_ENUM_CONVERSION = YES;
				CLANG_WARN_INT_CONVERSION = YES;
				CLANG_WARN__DUPLICATE_METHOD_MATCH = YES;
				GCC_C_LANGUAGE_STANDARD = c99;
				GCC_THUMB_SUPPORT = NO;
				GCC_VERSION = "";
				GCC_WARN_ABOUT_RETURN_TYPE = YES;
				GCC_WARN_UNDECLARED_SELECTOR = YES;
				GCC_WARN_UNINITIALIZED_AUTOS = YES;
				GCC_WARN_UNUSED_FUNCTION = YES;
				GCC_WARN_UNUSED_VARIABLE = YES;
				SDKROOT = iphoneos;
				SKIP_INSTALL = NO;
				ASSETCATALOG_COMPILER_LAUNCHIMAGE_NAME = LaunchImage;
			};
			name = Release;
		};
/* End XCBuildConfiguration section */

/* Begin XCConfigurationList section */
		1D6058960D05DD3E006BFB54 /* Build configuration list for PBXNativeTarget "ProconCGMovel" */ = {
			isa = XCConfigurationList;
			buildConfigurations = (
				1D6058940D05DD3E006BFB54 /* Debug */,
				1D6058950D05DD3E006BFB54 /* Release */,
			);
			defaultConfigurationIsVisible = 0;
			defaultConfigurationName = Release;
		};
		C01FCF4E08A954540054247B /* Build configuration list for PBXProject "__NON-CLI__" */ = {
			isa = XCConfigurationList;
			buildConfigurations = (
				C01FCF4F08A954540054247B /* Debug */,
				C01FCF5008A954540054247B /* Release */,
			);
			defaultConfigurationIsVisible = 0;
			defaultConfigurationName = Release;
		};
/* End XCConfigurationList section */
	};
	rootObject = 29B97313FDCFA39411CA2CEA /* Project object */;
}
