// !$*UTF8*$!
{
	archiveVersion = 1;
	classes = {
	};
	objectVersion = 46;
	objects = {
/* Begin PBXBuildFile section */
		0207DA581B56EA530066E2B4 /* Images.xcassets in Resources */ = {isa = PBXBuildFile; fileRef = 0207DA571B56EA530066E2B4 /* Images.xcassets */; };
		1D3623260D0F684500981E51 /* AppDelegate.m in Sources */ = {isa = PBXBuildFile; fileRef = 1D3623250D0F684500981E51 /* AppDelegate.m */; };
		1D60589B0D05DD56006BFB54 /* main.m in Sources */ = {isa = PBXBuildFile; fileRef = 29B97316FDCFA39411CA2CEA /* main.m */; };
		301BF552109A68D80062928A /* libCordova.a in Frameworks */ = {isa = PBXBuildFile; fileRef = 301BF535109A57CC0062928A /* libCordova.a */; };
		302D95F114D2391D003F00A1 /* MainViewController.m in Sources */ = {isa = PBXBuildFile; fileRef = 302D95EF14D2391D003F00A1 /* MainViewController.m */; };
		302D95F214D2391D003F00A1 /* MainViewController.xib in Resources */ = {isa = PBXBuildFile; fileRef = 302D95F014D2391D003F00A1 /* MainViewController.xib */; };
		3047A5121AB8059700498E2A /* build-debug.xcconfig in Resources */ = {isa = PBXBuildFile; fileRef = 3047A50F1AB8059700498E2A /* build-debug.xcconfig */; };
		3047A5131AB8059700498E2A /* build-release.xcconfig in Resources */ = {isa = PBXBuildFile; fileRef = 3047A5101AB8059700498E2A /* build-release.xcconfig */; };
		3047A5141AB8059700498E2A /* build.xcconfig in Resources */ = {isa = PBXBuildFile; fileRef = 3047A5111AB8059700498E2A /* build.xcconfig */; };
		6AFF5BF91D6E424B00AB3073 /* CDVLaunchScreen.storyboard in Resources */ = {isa = PBXBuildFile; fileRef = 6AFF5BF81D6E424B00AB3073 /* CDVLaunchScreen.storyboard */; };
		DCF44EA34CD9405A942AD26C /* UIImage+CropScaleOrientation.m in Sources */ = {isa = PBXBuildFile; fileRef = 2249A7C4A7B44ADCA10825B7 /* UIImage+CropScaleOrientation.m */; };
		CBADE7136A7D4852B0AD0F5F /* CDVCamera.m in Sources */ = {isa = PBXBuildFile; fileRef = 7B03B2B8C9ED4F22802FE6BE /* CDVCamera.m */; };
		744B7B6C8DE540429BD32BE9 /* CDVJpegHeaderWriter.m in Sources */ = {isa = PBXBuildFile; fileRef = E0F003CA57074B3C97A9AF5F /* CDVJpegHeaderWriter.m */; };
		9F9CFF7E96A0446882D58C19 /* ImageIO.framework in Frameworks */ = {isa = PBXBuildFile; fileRef = DA4ED54E12D24009A649CA9B /* ImageIO.framework */; settings = {ATTRIBUTES = (Weak, ); }; };
		10F766BAE156476C8F5981D5 /* CoreLocation.framework in Frameworks */ = {isa = PBXBuildFile; fileRef = 9B864B6CD98A4B5F994B2CBE /* CoreLocation.framework */; };
		2CFAEDA1955D41BA90ACF1D8 /* AVFoundation.framework in Frameworks */ = {isa = PBXBuildFile; fileRef = 4AC2053A4CC54FB0BD4D64AB /* AVFoundation.framework */; };
		364F32F7726145B4BB0F96E8 /* CDVFile.m in Sources */ = {isa = PBXBuildFile; fileRef = 9347806E678B4BB7B137C9B9 /* CDVFile.m */; };
		8363DF78B1464E6FACB50862 /* CDVLocalFilesystem.m in Sources */ = {isa = PBXBuildFile; fileRef = 116CC0DCB6714442920A3B29 /* CDVLocalFilesystem.m */; };
		E80673853CC640A6AC6BE75C /* CDVAssetLibraryFilesystem.m in Sources */ = {isa = PBXBuildFile; fileRef = 031C50133539427785E3DB20 /* CDVAssetLibraryFilesystem.m */; };
		4DB197C4D16341E997CE92EF /* CDVFileTransfer.m in Sources */ = {isa = PBXBuildFile; fileRef = A0AC8F17217E4F56BAA7CB20 /* CDVFileTransfer.m */; };
		CE58794857174BA88147EAF0 /* ZipPlugin.m in Sources */ = {isa = PBXBuildFile; fileRef = 8296574D35E444F797263767 /* ZipPlugin.m */; };
		F2CCD2C9BE09439796BB5911 /* aescrypt.c in Resources */ = {isa = PBXBuildFile; fileRef = DA1B27CA553A4881A1E7DED5 /* aescrypt.c */; };
		B581BE8B5B8F4770A566C5F7 /* aeskey.c in Resources */ = {isa = PBXBuildFile; fileRef = B66BD29EB4C84D1FA62C6D11 /* aeskey.c */; };
		F51BE4BBF2F446B5B8513C73 /* aestab.c in Resources */ = {isa = PBXBuildFile; fileRef = C7EB0FC5A2514CC0ACFDFEBC /* aestab.c */; };
		32920596DC1F47C1B8BAFF9A /* entropy.c in Resources */ = {isa = PBXBuildFile; fileRef = 7699D884F01448F0ACB2FF5E /* entropy.c */; };
		D068D65F195B4C2BB9998000 /* fileenc.c in Resources */ = {isa = PBXBuildFile; fileRef = 33F7F3A695534D158F2A0D31 /* fileenc.c */; };
		CD1AD82865F141A8A8F5E9CF /* hmac.c in Resources */ = {isa = PBXBuildFile; fileRef = 36B06D7AFA96457BB7DDD778 /* hmac.c */; };
		B442126039F14C5CA4C30D35 /* prng.c in Resources */ = {isa = PBXBuildFile; fileRef = 7C0333D309204848A1A9357E /* prng.c */; };
		6D46838338D14C798CEE698F /* pwd2key.c in Resources */ = {isa = PBXBuildFile; fileRef = 8EE3841A10944E948AB7754D /* pwd2key.c */; };
		0F7FFF96CC4C415C89085F12 /* sha1.c in Resources */ = {isa = PBXBuildFile; fileRef = BAFD0274ADAD4E16ABC87038 /* sha1.c */; };
		1C76BEC8DBD24763A31E93AA /* SSZipArchive.m in Sources */ = {isa = PBXBuildFile; fileRef = A12D16AA28A34B10B08F49E0 /* SSZipArchive.m */; };
		B46A2B5E91BF4B37942A8231 /* zip.c in Resources */ = {isa = PBXBuildFile; fileRef = 705FCF83213F4516B1B3A100 /* zip.c */; };
		E56AF470C14E455CB0A29C36 /* unzip.c in Resources */ = {isa = PBXBuildFile; fileRef = 7F5F4AFEE61F48C3BB9C2914 /* unzip.c */; };
		A332B6F956B44C6585DA0331 /* mztools.c in Resources */ = {isa = PBXBuildFile; fileRef = 92C86C50510C4321A80AB66F /* mztools.c */; };
		C6A041C921C84590BBDAD030 /* ioapi.c in Resources */ = {isa = PBXBuildFile; fileRef = 8B145387AC374724A1E7A754 /* ioapi.c */; };
		78C08070E1234A7BB87F7E87 /* libz.dylib in Frameworks */ = {isa = PBXBuildFile; fileRef = B1AED10AC48A4BE9B114B4B0 /* libz.dylib */; };
		760EE972A9B34E89B488AFD8 /* CDVNotification.m in Sources */ = {isa = PBXBuildFile; fileRef = 10B6DB7D094C4481A9D6EC1C /* CDVNotification.m */; };
		BCD83A62EA394327A340A456 /* CDVNotification.bundle in Resources */ = {isa = PBXBuildFile; fileRef = 2417B5BCB4674B68A800A271 /* CDVNotification.bundle */; };
		3E59712E6B8944FAAD4E8AE5 /* AudioToolbox.framework in Frameworks */ = {isa = PBXBuildFile; fileRef = AFBDD6C89DAB492788BEA197 /* AudioToolbox.framework */; settings = {ATTRIBUTES = (Weak, ); }; };
		ECB4B2F589B540D3836569DE /* CDVDevice.m in Sources */ = {isa = PBXBuildFile; fileRef = 5E27F0FD50F4439ABAF7D45B /* CDVDevice.m */; };
		1A5BC54DD85C4270BC71D0B3 /* libz.tbd in Frameworks */ = {isa = PBXBuildFile; fileRef = AE48370FA0E84A80B9E4EED0 /* libz.tbd */; };
		56E672F73A6048AF908ED1FF /* CDVWKWebViewEngine+CodePush.m in Sources */ = {isa = PBXBuildFile; fileRef = A12A5AA1684944AB9982AFD5 /* CDVWKWebViewEngine+CodePush.m */; };
		B09C554D823A4CF6B48B164A /* CodePush.m in Sources */ = {isa = PBXBuildFile; fileRef = 4ADC76CE0A744DC19ECD3D1D /* CodePush.m */; };
		388B1289502242F0844D225C /* CodePushPackageMetadata.m in Sources */ = {isa = PBXBuildFile; fileRef = 7873B52A1E06432B9EEF8382 /* CodePushPackageMetadata.m */; };
		B2B5368D4CDE45A79CB88B4C /* CodePushPackageManager.m in Sources */ = {isa = PBXBuildFile; fileRef = 7277DFA57BE44A939978E26A /* CodePushPackageManager.m */; };
		8A6DE9C8BAE04F01A3DFD280 /* CodePushReportingManager.m in Sources */ = {isa = PBXBuildFile; fileRef = 898110DC63A6498EB07CD2FA /* CodePushReportingManager.m */; };
		F6C3CC6FBB4E4D5EB7898E44 /* InstallOptions.m in Sources */ = {isa = PBXBuildFile; fileRef = D9170AE6D4194D4584E21705 /* InstallOptions.m */; };
		4AF018EFFC7B4B29BAA2CB4A /* StatusReport.m in Sources */ = {isa = PBXBuildFile; fileRef = 554F6925E08E4CB1A54EE2C6 /* StatusReport.m */; };
		11D2183F4A2E428BA791C1CC /* UpdateHashUtils.m in Sources */ = {isa = PBXBuildFile; fileRef = 05573E9D69AA474C87EF1826 /* UpdateHashUtils.m */; };
		FAAB04044D3D4ADC89D47423 /* Utilities.m in Sources */ = {isa = PBXBuildFile; fileRef = D7254A6A57E6435BA695CB39 /* Utilities.m */; };
		DB448987906F4C858F865941 /* CDVSplashScreen.m in Sources */ = {isa = PBXBuildFile; fileRef = 79995A7CC21640E0A176A9A3 /* CDVSplashScreen.m */; };
		72A2D884B20D4F0DBC93E20B /* CDVViewController+SplashScreen.m in Sources */ = {isa = PBXBuildFile; fileRef = 02C85680D3724AB3B09C88FE /* CDVViewController+SplashScreen.m */; };
		0501648338FA485FB3FD861E /* IonicKeyboard.m in Sources */ = {isa = PBXBuildFile; fileRef = 89B2461ED5AE4909B00BFA6E /* IonicKeyboard.m */; };
/* End PBXBuildFile section */

/* Begin PBXContainerItemProxy section */
		301BF534109A57CC0062928A /* PBXContainerItemProxy */ = {
			isa = PBXContainerItemProxy;
			containerPortal = 301BF52D109A57CC0062928A /* CordovaLib.xcodeproj */;
			proxyType = 2;
			remoteGlobalIDString = D2AAC07E0554694100DB518D;
			remoteInfo = CordovaLib;
		};
		301BF550109A68C00062928A /* PBXContainerItemProxy */ = {
			isa = PBXContainerItemProxy;
			containerPortal = 301BF52D109A57CC0062928A /* CordovaLib.xcodeproj */;
			proxyType = 1;
			remoteGlobalIDString = D2AAC07D0554694100DB518D;
			remoteInfo = CordovaLib;
		};
/* End PBXContainerItemProxy section */

/* Begin PBXFileReference section */
		0207DA571B56EA530066E2B4 /* Images.xcassets */ = {isa = PBXFileReference; lastKnownFileType = folder.assetcatalog; name = Images.xcassets; path = "ProconCGMovel/Images.xcassets"; sourceTree = SOURCE_ROOT; };
		1D3623240D0F684500981E51 /* AppDelegate.h */ = {isa = PBXFileReference; fileEncoding = 4; lastKnownFileType = sourcecode.c.h; path = AppDelegate.h; sourceTree = "<group>"; };
		1D3623250D0F684500981E51 /* AppDelegate.m */ = {isa = PBXFileReference; fileEncoding = 4; lastKnownFileType = sourcecode.c.objc; path = AppDelegate.m; sourceTree = "<group>"; };
		1D6058910D05DD3D006BFB54 /* ProconCGMovel.app */ = {isa = PBXFileReference; explicitFileType = wrapper.application; includeInIndex = 0; path = "ProconCGMovel.app"; sourceTree = BUILT_PRODUCTS_DIR; };
		29B97316FDCFA39411CA2CEA /* main.m */ = {isa = PBXFileReference; fileEncoding = 4; lastKnownFileType = sourcecode.c.objc; path = main.m; sourceTree = "<group>"; };
		301BF52D109A57CC0062928A /* CordovaLib.xcodeproj */ = {isa = PBXFileReference; lastKnownFileType = "wrapper.pb-project"; path = CordovaLib/CordovaLib.xcodeproj; sourceTree = "<group>"; };
		301BF56E109A69640062928A /* www */ = {isa = PBXFileReference; lastKnownFileType = folder; path = www; sourceTree = SOURCE_ROOT; };
		302D95EE14D2391D003F00A1 /* MainViewController.h */ = {isa = PBXFileReference; fileEncoding = 4; lastKnownFileType = sourcecode.c.h; path = MainViewController.h; sourceTree = "<group>"; };
		302D95EF14D2391D003F00A1 /* MainViewController.m */ = {isa = PBXFileReference; fileEncoding = 4; lastKnownFileType = sourcecode.c.objc; path = MainViewController.m; sourceTree = "<group>"; };
		302D95F014D2391D003F00A1 /* MainViewController.xib */ = {isa = PBXFileReference; fileEncoding = 4; lastKnownFileType = file.xib; path = MainViewController.xib; sourceTree = "<group>"; };
		3047A50F1AB8059700498E2A /* build-debug.xcconfig */ = {isa = PBXFileReference; fileEncoding = 4; lastKnownFileType = text.xcconfig; name = "build-debug.xcconfig"; path = cordova/build-debug.xcconfig; sourceTree = SOURCE_ROOT; };
		3047A5101AB8059700498E2A /* build-release.xcconfig */ = {isa = PBXFileReference; fileEncoding = 4; lastKnownFileType = text.xcconfig; name = "build-release.xcconfig"; path = cordova/build-release.xcconfig; sourceTree = SOURCE_ROOT; };
		3047A5111AB8059700498E2A /* build.xcconfig */ = {isa = PBXFileReference; fileEncoding = 4; lastKnownFileType = text.xcconfig; name = build.xcconfig; path = cordova/build.xcconfig; sourceTree = SOURCE_ROOT; };
		32CA4F630368D1EE00C91783 /* ProconCGMovel-Prefix.pch */ = {isa = PBXFileReference; fileEncoding = 4; lastKnownFileType = sourcecode.c.h; path = "ProconCGMovel-Prefix.pch"; sourceTree = "<group>"; };
		6AFF5BF81D6E424B00AB3073 /* CDVLaunchScreen.storyboard */ = {isa = PBXFileReference; fileEncoding = 4; lastKnownFileType = file.storyboard; name = CDVLaunchScreen.storyboard; path = "ProconCGMovel/CDVLaunchScreen.storyboard"; sourceTree = SOURCE_ROOT; };
		8D1107310486CEB800E47090 /* ProconCGMovel-Info.plist */ = {isa = PBXFileReference; fileEncoding = 4; lastKnownFileType = text.plist.xml; name = "ProconCGMovel-Info.plist"; path = "ProconCGMovel/ProconCGMovel-Info.plist"; plistStructureDefinitionIdentifier = "com.apple.xcode.plist.structure-definition.iphone.info-plist"; sourceTree = SOURCE_ROOT; };
		EB87FDF31871DA8E0020F90C /* www */ = {isa = PBXFileReference; lastKnownFileType = folder; name = www; path = ../../www; sourceTree = "<group>"; };
		EB87FDF41871DAF40020F90C /* config.xml */ = {isa = PBXFileReference; lastKnownFileType = text.xml; name = config.xml; path = ../../config.xml; sourceTree = "<group>"; };
		F840E1F0165FE0F500CFE078 /* config.xml */ = {isa = PBXFileReference; lastKnownFileType = text.xml; name = config.xml; path = "ProconCGMovel/config.xml"; sourceTree = "<group>"; };
		ED33DF2A687741AEAF9F8254 /* Bridging-Header.h */ = {isa = PBXFileReference; fileEncoding = 4; lastKnownFileType = sourcecode.c.h; name = "Bridging-Header.h"; path = "Bridging-Header.h"; sourceTree = "<group>"; };
		2249A7C4A7B44ADCA10825B7 /* UIImage+CropScaleOrientation.m */ = {isa = PBXFileReference; name = "UIImage+CropScaleOrientation.m"; path = "cordova-plugin-camera/UIImage+CropScaleOrientation.m"; sourceTree = "<group>"; fileEncoding = 4; lastKnownFileType = sourcecode.c.objc; explicitFileType = undefined; includeInIndex = 0; };
		7B03B2B8C9ED4F22802FE6BE /* CDVCamera.m */ = {isa = PBXFileReference; name = "CDVCamera.m"; path = "cordova-plugin-camera/CDVCamera.m"; sourceTree = "<group>"; fileEncoding = 4; lastKnownFileType = sourcecode.c.objc; explicitFileType = undefined; includeInIndex = 0; };
		E0F003CA57074B3C97A9AF5F /* CDVJpegHeaderWriter.m */ = {isa = PBXFileReference; name = "CDVJpegHeaderWriter.m"; path = "cordova-plugin-camera/CDVJpegHeaderWriter.m"; sourceTree = "<group>"; fileEncoding = 4; lastKnownFileType = sourcecode.c.objc; explicitFileType = undefined; includeInIndex = 0; };
		D2FF920FEF654165A39438BE /* UIImage+CropScaleOrientation.h */ = {isa = PBXFileReference; name = "UIImage+CropScaleOrientation.h"; path = "cordova-plugin-camera/UIImage+CropScaleOrientation.h"; sourceTree = "<group>"; fileEncoding = 4; lastKnownFileType = sourcecode.c.h; explicitFileType = undefined; includeInIndex = 0; };
		2DAE6DA14048411093BAB1D5 /* CDVCamera.h */ = {isa = PBXFileReference; name = "CDVCamera.h"; path = "cordova-plugin-camera/CDVCamera.h"; sourceTree = "<group>"; fileEncoding = 4; lastKnownFileType = sourcecode.c.h; explicitFileType = undefined; includeInIndex = 0; };
		9C04547C232C48E2BE8212CF /* CDVJpegHeaderWriter.h */ = {isa = PBXFileReference; name = "CDVJpegHeaderWriter.h"; path = "cordova-plugin-camera/CDVJpegHeaderWriter.h"; sourceTree = "<group>"; fileEncoding = 4; lastKnownFileType = sourcecode.c.h; explicitFileType = undefined; includeInIndex = 0; };
		F6919311D01C4993982A1F6C /* CDVExif.h */ = {isa = PBXFileReference; name = "CDVExif.h"; path = "cordova-plugin-camera/CDVExif.h"; sourceTree = "<group>"; fileEncoding = 4; lastKnownFileType = sourcecode.c.h; explicitFileType = undefined; includeInIndex = 0; };
		DA4ED54E12D24009A649CA9B /* ImageIO.framework */ = {isa = PBXFileReference; name = "ImageIO.framework"; path = "System/Library/Frameworks/ImageIO.framework"; sourceTree = SDKROOT; fileEncoding = undefined; lastKnownFileType = wrapper.framework; explicitFileType = undefined; includeInIndex = 0; };
		9B864B6CD98A4B5F994B2CBE /* CoreLocation.framework */ = {isa = PBXFileReference; name = "CoreLocation.framework"; path = "System/Library/Frameworks/CoreLocation.framework"; sourceTree = SDKROOT; fileEncoding = undefined; lastKnownFileType = wrapper.framework; explicitFileType = undefined; includeInIndex = 0; };
		4AC2053A4CC54FB0BD4D64AB /* AVFoundation.framework */ = {isa = PBXFileReference; name = "AVFoundation.framework"; path = "System/Library/Frameworks/AVFoundation.framework"; sourceTree = SDKROOT; fileEncoding = undefined; lastKnownFileType = wrapper.framework; explicitFileType = undefined; includeInIndex = 0; };
		9347806E678B4BB7B137C9B9 /* CDVFile.m */ = {isa = PBXFileReference; name = "CDVFile.m"; path = "cordova-plugin-file/CDVFile.m"; sourceTree = "<group>"; fileEncoding = 4; lastKnownFileType = sourcecode.c.objc; explicitFileType = undefined; includeInIndex = 0; };
		116CC0DCB6714442920A3B29 /* CDVLocalFilesystem.m */ = {isa = PBXFileReference; name = "CDVLocalFilesystem.m"; path = "cordova-plugin-file/CDVLocalFilesystem.m"; sourceTree = "<group>"; fileEncoding = 4; lastKnownFileType = sourcecode.c.objc; explicitFileType = undefined; includeInIndex = 0; };
		031C50133539427785E3DB20 /* CDVAssetLibraryFilesystem.m */ = {isa = PBXFileReference; name = "CDVAssetLibraryFilesystem.m"; path = "cordova-plugin-file/CDVAssetLibraryFilesystem.m"; sourceTree = "<group>"; fileEncoding = 4; lastKnownFileType = sourcecode.c.objc; explicitFileType = undefined; includeInIndex = 0; };
		7F9033E8E74E4F92B050D992 /* CDVFile.h */ = {isa = PBXFileReference; name = "CDVFile.h"; path = "cordova-plugin-file/CDVFile.h"; sourceTree = "<group>"; fileEncoding = 4; lastKnownFileType = sourcecode.c.h; explicitFileType = undefined; includeInIndex = 0; };
		A70320D6F34745FFB688B995 /* CDVLocalFilesystem.h */ = {isa = PBXFileReference; name = "CDVLocalFilesystem.h"; path = "cordova-plugin-file/CDVLocalFilesystem.h"; sourceTree = "<group>"; fileEncoding = 4; lastKnownFileType = sourcecode.c.h; explicitFileType = undefined; includeInIndex = 0; };
		C56C6E1E1B4F4AF39A381322 /* CDVAssetLibraryFilesystem.h */ = {isa = PBXFileReference; name = "CDVAssetLibraryFilesystem.h"; path = "cordova-plugin-file/CDVAssetLibraryFilesystem.h"; sourceTree = "<group>"; fileEncoding = 4; lastKnownFileType = sourcecode.c.h; explicitFileType = undefined; includeInIndex = 0; };
		A0AC8F17217E4F56BAA7CB20 /* CDVFileTransfer.m */ = {isa = PBXFileReference; name = "CDVFileTransfer.m"; path = "cordova-plugin-file-transfer/CDVFileTransfer.m"; sourceTree = "<group>"; fileEncoding = 4; lastKnownFileType = sourcecode.c.objc; explicitFileType = undefined; includeInIndex = 0; };
		2C77886D1C7346078F732F03 /* CDVFileTransfer.h */ = {isa = PBXFileReference; name = "CDVFileTransfer.h"; path = "cordova-plugin-file-transfer/CDVFileTransfer.h"; sourceTree = "<group>"; fileEncoding = 4; lastKnownFileType = sourcecode.c.h; explicitFileType = undefined; includeInIndex = 0; };
		8296574D35E444F797263767 /* ZipPlugin.m */ = {isa = PBXFileReference; name = "ZipPlugin.m"; path = "cordova-plugin-zip/ZipPlugin.m"; sourceTree = "<group>"; fileEncoding = 4; lastKnownFileType = sourcecode.c.objc; explicitFileType = undefined; includeInIndex = 0; };
		DA1B27CA553A4881A1E7DED5 /* aescrypt.c */ = {isa = PBXFileReference; name = "aescrypt.c"; path = "cordova-plugin-zip/Plugins/aes/aescrypt.c"; sourceTree = "<group>"; fileEncoding = undefined; lastKnownFileType = unknown; explicitFileType = undefined; includeInIndex = 0; };
		B66BD29EB4C84D1FA62C6D11 /* aeskey.c */ = {isa = PBXFileReference; name = "aeskey.c"; path = "cordova-plugin-zip/Plugins/aes/aeskey.c"; sourceTree = "<group>"; fileEncoding = undefined; lastKnownFileType = unknown; explicitFileType = undefined; includeInIndex = 0; };
		C7EB0FC5A2514CC0ACFDFEBC /* aestab.c */ = {isa = PBXFileReference; name = "aestab.c"; path = "cordova-plugin-zip/Plugins/aes/aestab.c"; sourceTree = "<group>"; fileEncoding = undefined; lastKnownFileType = unknown; explicitFileType = undefined; includeInIndex = 0; };
		7699D884F01448F0ACB2FF5E /* entropy.c */ = {isa = PBXFileReference; name = "entropy.c"; path = "cordova-plugin-zip/Plugins/aes/entropy.c"; sourceTree = "<group>"; fileEncoding = undefined; lastKnownFileType = unknown; explicitFileType = undefined; includeInIndex = 0; };
		33F7F3A695534D158F2A0D31 /* fileenc.c */ = {isa = PBXFileReference; name = "fileenc.c"; path = "cordova-plugin-zip/Plugins/aes/fileenc.c"; sourceTree = "<group>"; fileEncoding = undefined; lastKnownFileType = unknown; explicitFileType = undefined; includeInIndex = 0; };
		36B06D7AFA96457BB7DDD778 /* hmac.c */ = {isa = PBXFileReference; name = "hmac.c"; path = "cordova-plugin-zip/Plugins/aes/hmac.c"; sourceTree = "<group>"; fileEncoding = undefined; lastKnownFileType = unknown; explicitFileType = undefined; includeInIndex = 0; };
		7C0333D309204848A1A9357E /* prng.c */ = {isa = PBXFileReference; name = "prng.c"; path = "cordova-plugin-zip/Plugins/aes/prng.c"; sourceTree = "<group>"; fileEncoding = undefined; lastKnownFileType = unknown; explicitFileType = undefined; includeInIndex = 0; };
		8EE3841A10944E948AB7754D /* pwd2key.c */ = {isa = PBXFileReference; name = "pwd2key.c"; path = "cordova-plugin-zip/Plugins/aes/pwd2key.c"; sourceTree = "<group>"; fileEncoding = undefined; lastKnownFileType = unknown; explicitFileType = undefined; includeInIndex = 0; };
		BAFD0274ADAD4E16ABC87038 /* sha1.c */ = {isa = PBXFileReference; name = "sha1.c"; path = "cordova-plugin-zip/Plugins/aes/sha1.c"; sourceTree = "<group>"; fileEncoding = undefined; lastKnownFileType = unknown; explicitFileType = undefined; includeInIndex = 0; };
		A12D16AA28A34B10B08F49E0 /* SSZipArchive.m */ = {isa = PBXFileReference; name = "SSZipArchive.m"; path = "cordova-plugin-zip/Plugins/minizip/SSZipArchive.m"; sourceTree = "<group>"; fileEncoding = 4; lastKnownFileType = sourcecode.c.objc; explicitFileType = undefined; includeInIndex = 0; };
		705FCF83213F4516B1B3A100 /* zip.c */ = {isa = PBXFileReference; name = "zip.c"; path = "cordova-plugin-zip/Plugins/minizip/zip.c"; sourceTree = "<group>"; fileEncoding = undefined; lastKnownFileType = unknown; explicitFileType = undefined; includeInIndex = 0; };
		7F5F4AFEE61F48C3BB9C2914 /* unzip.c */ = {isa = PBXFileReference; name = "unzip.c"; path = "cordova-plugin-zip/Plugins/minizip/unzip.c"; sourceTree = "<group>"; fileEncoding = undefined; lastKnownFileType = unknown; explicitFileType = undefined; includeInIndex = 0; };
		92C86C50510C4321A80AB66F /* mztools.c */ = {isa = PBXFileReference; name = "mztools.c"; path = "cordova-plugin-zip/Plugins/minizip/mztools.c"; sourceTree = "<group>"; fileEncoding = undefined; lastKnownFileType = unknown; explicitFileType = undefined; includeInIndex = 0; };
		8B145387AC374724A1E7A754 /* ioapi.c */ = {isa = PBXFileReference; name = "ioapi.c"; path = "cordova-plugin-zip/Plugins/minizip/ioapi.c"; sourceTree = "<group>"; fileEncoding = undefined; lastKnownFileType = unknown; explicitFileType = undefined; includeInIndex = 0; };
		F8E4161BDC8940D0987243D3 /* ZipPlugin.h */ = {isa = PBXFileReference; name = "ZipPlugin.h"; path = "cordova-plugin-zip/ZipPlugin.h"; sourceTree = "<group>"; fileEncoding = 4; lastKnownFileType = sourcecode.c.h; explicitFileType = undefined; includeInIndex = 0; };
		560F381B37FC402488E043C3 /* Common.h */ = {isa = PBXFileReference; name = "Common.h"; path = "cordova-plugin-zip/Common.h"; sourceTree = "<group>"; fileEncoding = 4; lastKnownFileType = sourcecode.c.h; explicitFileType = undefined; includeInIndex = 0; };
		CE3076E5979D4848B776710D /* aes.h */ = {isa = PBXFileReference; name = "aes.h"; path = "cordova-plugin-zip/Plugins/aes/aes.h"; sourceTree = "<group>"; fileEncoding = 4; lastKnownFileType = sourcecode.c.h; explicitFileType = undefined; includeInIndex = 0; };
		0668EFE4B78C403A8B5D0306 /* aes_via_ace.h */ = {isa = PBXFileReference; name = "aes_via_ace.h"; path = "cordova-plugin-zip/Plugins/aes/aes_via_ace.h"; sourceTree = "<group>"; fileEncoding = 4; lastKnownFileType = sourcecode.c.h; explicitFileType = undefined; includeInIndex = 0; };
		59A8C87FFEAD43A6A4CEDEDB /* aesopt.h */ = {isa = PBXFileReference; name = "aesopt.h"; path = "cordova-plugin-zip/Plugins/aes/aesopt.h"; sourceTree = "<group>"; fileEncoding = 4; lastKnownFileType = sourcecode.c.h; explicitFileType = undefined; includeInIndex = 0; };
		F6C52158436D4FFB9BCEC4B2 /* aestab.h */ = {isa = PBXFileReference; name = "aestab.h"; path = "cordova-plugin-zip/Plugins/aes/aestab.h"; sourceTree = "<group>"; fileEncoding = 4; lastKnownFileType = sourcecode.c.h; explicitFileType = undefined; includeInIndex = 0; };
		CD5D35A6F8954A4DAD760E91 /* brg_endian.h */ = {isa = PBXFileReference; name = "brg_endian.h"; path = "cordova-plugin-zip/Plugins/aes/brg_endian.h"; sourceTree = "<group>"; fileEncoding = 4; lastKnownFileType = sourcecode.c.h; explicitFileType = undefined; includeInIndex = 0; };
		DE506AE0E70A408AB92F0529 /* brg_types.h */ = {isa = PBXFileReference; name = "brg_types.h"; path = "cordova-plugin-zip/Plugins/aes/brg_types.h"; sourceTree = "<group>"; fileEncoding = 4; lastKnownFileType = sourcecode.c.h; explicitFileType = undefined; includeInIndex = 0; };
		36DC5A7BDC0B48A69162FB4F /* entropy.h */ = {isa = PBXFileReference; name = "entropy.h"; path = "cordova-plugin-zip/Plugins/aes/entropy.h"; sourceTree = "<group>"; fileEncoding = 4; lastKnownFileType = sourcecode.c.h; explicitFileType = undefined; includeInIndex = 0; };
		1BA2F0979E6044DDBEAF7CFE /* fileenc.h */ = {isa = PBXFileReference; name = "fileenc.h"; path = "cordova-plugin-zip/Plugins/aes/fileenc.h"; sourceTree = "<group>"; fileEncoding = 4; lastKnownFileType = sourcecode.c.h; explicitFileType = undefined; includeInIndex = 0; };
		8670E7F7A7B94A60A8916A5B /* hmac.h */ = {isa = PBXFileReference; name = "hmac.h"; path = "cordova-plugin-zip/Plugins/aes/hmac.h"; sourceTree = "<group>"; fileEncoding = 4; lastKnownFileType = sourcecode.c.h; explicitFileType = undefined; includeInIndex = 0; };
		71E80DF97A3A4D3C80634B53 /* prng.h */ = {isa = PBXFileReference; name = "prng.h"; path = "cordova-plugin-zip/Plugins/aes/prng.h"; sourceTree = "<group>"; fileEncoding = 4; lastKnownFileType = sourcecode.c.h; explicitFileType = undefined; includeInIndex = 0; };
		A75ED469902C44F78062C426 /* pwd2key.h */ = {isa = PBXFileReference; name = "pwd2key.h"; path = "cordova-plugin-zip/Plugins/aes/pwd2key.h"; sourceTree = "<group>"; fileEncoding = 4; lastKnownFileType = sourcecode.c.h; explicitFileType = undefined; includeInIndex = 0; };
		A43D73308F8A401084AC39FE /* sha1.h */ = {isa = PBXFileReference; name = "sha1.h"; path = "cordova-plugin-zip/Plugins/aes/sha1.h"; sourceTree = "<group>"; fileEncoding = 4; lastKnownFileType = sourcecode.c.h; explicitFileType = undefined; includeInIndex = 0; };
		4AE9833665DD4B979B60CAEB /* SSZipArchive.h */ = {isa = PBXFileReference; name = "SSZipArchive.h"; path = "cordova-plugin-zip/Plugins/minizip/SSZipArchive.h"; sourceTree = "<group>"; fileEncoding = 4; lastKnownFileType = sourcecode.c.h; explicitFileType = undefined; includeInIndex = 0; };
		0B7D1B36072C48C3B66BFEEC /* zip.h */ = {isa = PBXFileReference; name = "zip.h"; path = "cordova-plugin-zip/Plugins/minizip/zip.h"; sourceTree = "<group>"; fileEncoding = 4; lastKnownFileType = sourcecode.c.h; explicitFileType = undefined; includeInIndex = 0; };
		6C013A8D19024B2B91E74134 /* unzip.h */ = {isa = PBXFileReference; name = "unzip.h"; path = "cordova-plugin-zip/Plugins/minizip/unzip.h"; sourceTree = "<group>"; fileEncoding = 4; lastKnownFileType = sourcecode.c.h; explicitFileType = undefined; includeInIndex = 0; };
		8CC0009F6D5447E1A1D46E34 /* mztools.h */ = {isa = PBXFileReference; name = "mztools.h"; path = "cordova-plugin-zip/Plugins/minizip/mztools.h"; sourceTree = "<group>"; fileEncoding = 4; lastKnownFileType = sourcecode.c.h; explicitFileType = undefined; includeInIndex = 0; };
		C37A27056CDD4B35AD94BC90 /* ioapi.h */ = {isa = PBXFileReference; name = "ioapi.h"; path = "cordova-plugin-zip/Plugins/minizip/ioapi.h"; sourceTree = "<group>"; fileEncoding = 4; lastKnownFileType = sourcecode.c.h; explicitFileType = undefined; includeInIndex = 0; };
		D57D88946DF1483CA3D034A8 /* crypt.h */ = {isa = PBXFileReference; name = "crypt.h"; path = "cordova-plugin-zip/Plugins/minizip/crypt.h"; sourceTree = "<group>"; fileEncoding = 4; lastKnownFileType = sourcecode.c.h; explicitFileType = undefined; includeInIndex = 0; };
		B1AED10AC48A4BE9B114B4B0 /* libz.dylib */ = {isa = PBXFileReference; name = "libz.dylib"; path = "usr/lib/libz.dylib"; sourceTree = SDKROOT; fileEncoding = undefined; lastKnownFileType = compiled.mach-o.dylib; explicitFileType = undefined; includeInIndex = 0; };
		10B6DB7D094C4481A9D6EC1C /* CDVNotification.m */ = {isa = PBXFileReference; name = "CDVNotification.m"; path = "cordova-plugin-dialogs/CDVNotification.m"; sourceTree = "<group>"; fileEncoding = 4; lastKnownFileType = sourcecode.c.objc; explicitFileType = undefined; includeInIndex = 0; };
		ACA10C20E63B42529BEDDEBD /* CDVNotification.h */ = {isa = PBXFileReference; name = "CDVNotification.h"; path = "cordova-plugin-dialogs/CDVNotification.h"; sourceTree = "<group>"; fileEncoding = 4; lastKnownFileType = sourcecode.c.h; explicitFileType = undefined; includeInIndex = 0; };
		2417B5BCB4674B68A800A271 /* CDVNotification.bundle */ = {isa = PBXFileReference; name = "CDVNotification.bundle"; path = "CDVNotification.bundle"; sourceTree = "<group>"; fileEncoding = undefined; lastKnownFileType = wrapper.plug-in; explicitFileType = undefined; includeInIndex = 0; };
		AFBDD6C89DAB492788BEA197 /* AudioToolbox.framework */ = {isa = PBXFileReference; name = "AudioToolbox.framework"; path = "System/Library/Frameworks/AudioToolbox.framework"; sourceTree = SDKROOT; fileEncoding = undefined; lastKnownFileType = wrapper.framework; explicitFileType = undefined; includeInIndex = 0; };
		5E27F0FD50F4439ABAF7D45B /* CDVDevice.m */ = {isa = PBXFileReference; name = "CDVDevice.m"; path = "cordova-plugin-device/CDVDevice.m"; sourceTree = "<group>"; fileEncoding = 4; lastKnownFileType = sourcecode.c.objc; explicitFileType = undefined; includeInIndex = 0; };
		081CE389973D47D18D346F0A /* CDVDevice.h */ = {isa = PBXFileReference; name = "CDVDevice.h"; path = "cordova-plugin-device/CDVDevice.h"; sourceTree = "<group>"; fileEncoding = 4; lastKnownFileType = sourcecode.c.h; explicitFileType = undefined; includeInIndex = 0; };
		AE48370FA0E84A80B9E4EED0 /* libz.tbd */ = {isa = PBXFileReference; name = "libz.tbd"; path = "usr/lib/libz.tbd"; sourceTree = SDKROOT; fileEncoding = undefined; lastKnownFileType = sourcecode.text-based-dylib-definition; explicitFileType = undefined; includeInIndex = 0; };
		A12A5AA1684944AB9982AFD5 /* CDVWKWebViewEngine+CodePush.m */ = {isa = PBXFileReference; name = "CDVWKWebViewEngine+CodePush.m"; path = "cordova-plugin-code-push/CDVWKWebViewEngine+CodePush.m"; sourceTree = "<group>"; fileEncoding = 4; lastKnownFileType = sourcecode.c.objc; explicitFileType = undefined; includeInIndex = 0; };
		4ADC76CE0A744DC19ECD3D1D /* CodePush.m */ = {isa = PBXFileReference; name = "CodePush.m"; path = "cordova-plugin-code-push/CodePush.m"; sourceTree = "<group>"; fileEncoding = 4; lastKnownFileType = sourcecode.c.objc; explicitFileType = undefined; includeInIndex = 0; };
		7873B52A1E06432B9EEF8382 /* CodePushPackageMetadata.m */ = {isa = PBXFileReference; name = "CodePushPackageMetadata.m"; path = "cordova-plugin-code-push/CodePushPackageMetadata.m"; sourceTree = "<group>"; fileEncoding = 4; lastKnownFileType = sourcecode.c.objc; explicitFileType = undefined; includeInIndex = 0; };
		7277DFA57BE44A939978E26A /* CodePushPackageManager.m */ = {isa = PBXFileReference; name = "CodePushPackageManager.m"; path = "cordova-plugin-code-push/CodePushPackageManager.m"; sourceTree = "<group>"; fileEncoding = 4; lastKnownFileType = sourcecode.c.objc; explicitFileType = undefined; includeInIndex = 0; };
		898110DC63A6498EB07CD2FA /* CodePushReportingManager.m */ = {isa = PBXFileReference; name = "CodePushReportingManager.m"; path = "cordova-plugin-code-push/CodePushReportingManager.m"; sourceTree = "<group>"; fileEncoding = 4; lastKnownFileType = sourcecode.c.objc; explicitFileType = undefined; includeInIndex = 0; };
		D9170AE6D4194D4584E21705 /* InstallOptions.m */ = {isa = PBXFileReference; name = "InstallOptions.m"; path = "cordova-plugin-code-push/InstallOptions.m"; sourceTree = "<group>"; fileEncoding = 4; lastKnownFileType = sourcecode.c.objc; explicitFileType = undefined; includeInIndex = 0; };
		554F6925E08E4CB1A54EE2C6 /* StatusReport.m */ = {isa = PBXFileReference; name = "StatusReport.m"; path = "cordova-plugin-code-push/StatusReport.m"; sourceTree = "<group>"; fileEncoding = 4; lastKnownFileType = sourcecode.c.objc; explicitFileType = undefined; includeInIndex = 0; };
		05573E9D69AA474C87EF1826 /* UpdateHashUtils.m */ = {isa = PBXFileReference; name = "UpdateHashUtils.m"; path = "cordova-plugin-code-push/UpdateHashUtils.m"; sourceTree = "<group>"; fileEncoding = 4; lastKnownFileType = sourcecode.c.objc; explicitFileType = undefined; includeInIndex = 0; };
		D7254A6A57E6435BA695CB39 /* Utilities.m */ = {isa = PBXFileReference; name = "Utilities.m"; path = "cordova-plugin-code-push/Utilities.m"; sourceTree = "<group>"; fileEncoding = 4; lastKnownFileType = sourcecode.c.objc; explicitFileType = undefined; includeInIndex = 0; };
		792F15CECDD64054994EFEA4 /* CodePush.h */ = {isa = PBXFileReference; name = "CodePush.h"; path = "cordova-plugin-code-push/CodePush.h"; sourceTree = "<group>"; fileEncoding = 4; lastKnownFileType = sourcecode.c.h; explicitFileType = undefined; includeInIndex = 0; };
		86C79D953B794668B8F0C314 /* CodePushPackageMetadata.h */ = {isa = PBXFileReference; name = "CodePushPackageMetadata.h"; path = "cordova-plugin-code-push/CodePushPackageMetadata.h"; sourceTree = "<group>"; fileEncoding = 4; lastKnownFileType = sourcecode.c.h; explicitFileType = undefined; includeInIndex = 0; };
		59E6F9D37AAA47F0A4270747 /* CodePushPackageManager.h */ = {isa = PBXFileReference; name = "CodePushPackageManager.h"; path = "cordova-plugin-code-push/CodePushPackageManager.h"; sourceTree = "<group>"; fileEncoding = 4; lastKnownFileType = sourcecode.c.h; explicitFileType = undefined; includeInIndex = 0; };
		D3C40F1E2A184DF9A1D84058 /* CodePushReportingManager.h */ = {isa = PBXFileReference; name = "CodePushReportingManager.h"; path = "cordova-plugin-code-push/CodePushReportingManager.h"; sourceTree = "<group>"; fileEncoding = 4; lastKnownFileType = sourcecode.c.h; explicitFileType = undefined; includeInIndex = 0; };
		FECF140FB9224649BF1C1DB6 /* InstallOptions.h */ = {isa = PBXFileReference; name = "InstallOptions.h"; path = "cordova-plugin-code-push/InstallOptions.h"; sourceTree = "<group>"; fileEncoding = 4; lastKnownFileType = sourcecode.c.h; explicitFileType = undefined; includeInIndex = 0; };
		C90CDDDBBB5148298273F4AB /* InstallMode.h */ = {isa = PBXFileReference; name = "InstallMode.h"; path = "cordova-plugin-code-push/InstallMode.h"; sourceTree = "<group>"; fileEncoding = 4; lastKnownFileType = sourcecode.c.h; explicitFileType = undefined; includeInIndex = 0; };
		E7E07799113143FEADB18B11 /* StatusReport.h */ = {isa = PBXFileReference; name = "StatusReport.h"; path = "cordova-plugin-code-push/StatusReport.h"; sourceTree = "<group>"; fileEncoding = 4; lastKnownFileType = sourcecode.c.h; explicitFileType = undefined; includeInIndex = 0; };
		B5FA4812D4F84F06850A36A2 /* UpdateHashUtils.h */ = {isa = PBXFileReference; name = "UpdateHashUtils.h"; path = "cordova-plugin-code-push/UpdateHashUtils.h"; sourceTree = "<group>"; fileEncoding = 4; lastKnownFileType = sourcecode.c.h; explicitFileType = undefined; includeInIndex = 0; };
		CF1A543CA38740B9AE891DF5 /* Utilities.h */ = {isa = PBXFileReference; name = "Utilities.h"; path = "cordova-plugin-code-push/Utilities.h"; sourceTree = "<group>"; fileEncoding = 4; lastKnownFileType = sourcecode.c.h; explicitFileType = undefined; includeInIndex = 0; };
		79995A7CC21640E0A176A9A3 /* CDVSplashScreen.m */ = {isa = PBXFileReference; name = "CDVSplashScreen.m"; path = "cordova-plugin-splashscreen/CDVSplashScreen.m"; sourceTree = "<group>"; fileEncoding = 4; lastKnownFileType = sourcecode.c.objc; explicitFileType = undefined; includeInIndex = 0; };
		02C85680D3724AB3B09C88FE /* CDVViewController+SplashScreen.m */ = {isa = PBXFileReference; name = "CDVViewController+SplashScreen.m"; path = "cordova-plugin-splashscreen/CDVViewController+SplashScreen.m"; sourceTree = "<group>"; fileEncoding = 4; lastKnownFileType = sourcecode.c.objc; explicitFileType = undefined; includeInIndex = 0; };
		94410BE93BF74948BA2ABA61 /* CDVSplashScreen.h */ = {isa = PBXFileReference; name = "CDVSplashScreen.h"; path = "cordova-plugin-splashscreen/CDVSplashScreen.h"; sourceTree = "<group>"; fileEncoding = 4; lastKnownFileType = sourcecode.c.h; explicitFileType = undefined; includeInIndex = 0; };
		46E8422C99A244B1845CDC77 /* CDVViewController+SplashScreen.h */ = {isa = PBXFileReference; name = "CDVViewController+SplashScreen.h"; path = "cordova-plugin-splashscreen/CDVViewController+SplashScreen.h"; sourceTree = "<group>"; fileEncoding = 4; lastKnownFileType = sourcecode.c.h; explicitFileType = undefined; includeInIndex = 0; };
		89B2461ED5AE4909B00BFA6E /* IonicKeyboard.m */ = {isa = PBXFileReference; name = "IonicKeyboard.m"; path = "ionic-plugin-keyboard/IonicKeyboard.m"; sourceTree = "<group>"; fileEncoding = 4; lastKnownFileType = sourcecode.c.objc; explicitFileType = undefined; includeInIndex = 0; };
		49B7201192F0498BB61D57A3 /* IonicKeyboard.h */ = {isa = PBXFileReference; name = "IonicKeyboard.h"; path = "ionic-plugin-keyboard/IonicKeyboard.h"; sourceTree = "<group>"; fileEncoding = 4; lastKnownFileType = sourcecode.c.h; explicitFileType = undefined; includeInIndex = 0; };
/* End PBXFileReference section */

/* Begin PBXFrameworksBuildPhase section */
		1D60588F0D05DD3D006BFB54 /* Frameworks */ = {
			isa = PBXFrameworksBuildPhase;
			buildActionMask = 2147483647;
			files = (
				301BF552109A68D80062928A /* libCordova.a in Frameworks */,
				9F9CFF7E96A0446882D58C19 /* ImageIO.framework in Frameworks */,
				10F766BAE156476C8F5981D5 /* CoreLocation.framework in Frameworks */,
				2CFAEDA1955D41BA90ACF1D8 /* AVFoundation.framework in Frameworks */,
				78C08070E1234A7BB87F7E87 /* libz.dylib in Frameworks */,
				3E59712E6B8944FAAD4E8AE5 /* AudioToolbox.framework in Frameworks */,
				1A5BC54DD85C4270BC71D0B3 /* libz.tbd in Frameworks */,
			);
			runOnlyForDeploymentPostprocessing = 0;
		};
/* End PBXFrameworksBuildPhase section */

/* Begin PBXGroup section */
		080E96DDFE201D6D7F000001 /* Classes */ = {
			isa = PBXGroup;
			children = (
				302D95EE14D2391D003F00A1 /* MainViewController.h */,
				302D95EF14D2391D003F00A1 /* MainViewController.m */,
				302D95F014D2391D003F00A1 /* MainViewController.xib */,
				1D3623240D0F684500981E51 /* AppDelegate.h */,
				1D3623250D0F684500981E51 /* AppDelegate.m */,
			);
			name = Classes;
			path = "ProconCGMovel/Classes";
			sourceTree = SOURCE_ROOT;
		};
		19C28FACFE9D520D11CA2CBB /* Products */ = {
			isa = PBXGroup;
			children = (
				1D6058910D05DD3D006BFB54 /* ProconCGMovel.app */,
			);
			name = Products;
			sourceTree = "<group>";
		};
		29B97314FDCFA39411CA2CEA /* CustomTemplate */ = {
			isa = PBXGroup;
			children = (
				EB87FDF41871DAF40020F90C /* config.xml */,
				EB87FDF31871DA8E0020F90C /* www */,
				EB87FDF11871DA420020F90C /* Staging */,
				301BF52D109A57CC0062928A /* CordovaLib.xcodeproj */,
				080E96DDFE201D6D7F000001 /* Classes */,
				307C750510C5A3420062BCA9 /* Plugins */,
				29B97315FDCFA39411CA2CEA /* Other Sources */,
				29B97317FDCFA39411CA2CEA /* Resources */,
				29B97323FDCFA39411CA2CEA /* Frameworks */,
				19C28FACFE9D520D11CA2CBB /* Products */,
			);
			name = CustomTemplate;
			sourceTree = "<group>";
		};
		29B97315FDCFA39411CA2CEA /* Other Sources */ = {
			isa = PBXGroup;
			children = (
				32CA4F630368D1EE00C91783 /* ProconCGMovel-Prefix.pch */,
				29B97316FDCFA39411CA2CEA /* main.m */,
				ED33DF2A687741AEAF9F8254 /* Bridging-Header.h */,
			);
			name = "Other Sources";
			path = "ProconCGMovel";
			sourceTree = "<group>";
		};
		29B97317FDCFA39411CA2CEA /* Resources */ = {
			isa = PBXGroup;
			children = (
				0207DA571B56EA530066E2B4 /* Images.xcassets */,
				3047A50E1AB8057F00498E2A /* config */,
				8D1107310486CEB800E47090 /* ProconCGMovel-Info.plist */,
				6AFF5BF81D6E424B00AB3073 /* CDVLaunchScreen.storyboard */,
				2417B5BCB4674B68A800A271 /* CDVNotification.bundle */,
			);
			name = Resources;
			path = "ProconCGMovel/Resources";
			sourceTree = "<group>";
		};
		29B97323FDCFA39411CA2CEA /* Frameworks */ = {
			isa = PBXGroup;
			children = (
				DA4ED54E12D24009A649CA9B /* ImageIO.framework */,
				9B864B6CD98A4B5F994B2CBE /* CoreLocation.framework */,
				4AC2053A4CC54FB0BD4D64AB /* AVFoundation.framework */,
				B1AED10AC48A4BE9B114B4B0 /* libz.dylib */,
				AFBDD6C89DAB492788BEA197 /* AudioToolbox.framework */,
				AE48370FA0E84A80B9E4EED0 /* libz.tbd */,
			);
			name = Frameworks;
			sourceTree = "<group>";
		};
		301BF52E109A57CC0062928A /* Products */ = {
			isa = PBXGroup;
			children = (
				301BF535109A57CC0062928A /* libCordova.a */,
			);
			name = Products;
			sourceTree = "<group>";
		};
		3047A50E1AB8057F00498E2A /* config */ = {
			isa = PBXGroup;
			children = (
				3047A50F1AB8059700498E2A /* build-debug.xcconfig */,
				3047A5101AB8059700498E2A /* build-release.xcconfig */,
				3047A5111AB8059700498E2A /* build.xcconfig */,
			);
			name = config;
			sourceTree = "<group>";
		};
		307C750510C5A3420062BCA9 /* Plugins */ = {
			isa = PBXGroup;
			children = (
				2249A7C4A7B44ADCA10825B7 /* UIImage+CropScaleOrientation.m */,
				7B03B2B8C9ED4F22802FE6BE /* CDVCamera.m */,
				E0F003CA57074B3C97A9AF5F /* CDVJpegHeaderWriter.m */,
				D2FF920FEF654165A39438BE /* UIImage+CropScaleOrientation.h */,
				2DAE6DA14048411093BAB1D5 /* CDVCamera.h */,
				9C04547C232C48E2BE8212CF /* CDVJpegHeaderWriter.h */,
				F6919311D01C4993982A1F6C /* CDVExif.h */,
				9347806E678B4BB7B137C9B9 /* CDVFile.m */,
				116CC0DCB6714442920A3B29 /* CDVLocalFilesystem.m */,
				031C50133539427785E3DB20 /* CDVAssetLibraryFilesystem.m */,
				7F9033E8E74E4F92B050D992 /* CDVFile.h */,
				A70320D6F34745FFB688B995 /* CDVLocalFilesystem.h */,
				C56C6E1E1B4F4AF39A381322 /* CDVAssetLibraryFilesystem.h */,
				A0AC8F17217E4F56BAA7CB20 /* CDVFileTransfer.m */,
				2C77886D1C7346078F732F03 /* CDVFileTransfer.h */,
				8296574D35E444F797263767 /* ZipPlugin.m */,
				DA1B27CA553A4881A1E7DED5 /* aescrypt.c */,
				B66BD29EB4C84D1FA62C6D11 /* aeskey.c */,
				C7EB0FC5A2514CC0ACFDFEBC /* aestab.c */,
				7699D884F01448F0ACB2FF5E /* entropy.c */,
				33F7F3A695534D158F2A0D31 /* fileenc.c */,
				36B06D7AFA96457BB7DDD778 /* hmac.c */,
				7C0333D309204848A1A9357E /* prng.c */,
				8EE3841A10944E948AB7754D /* pwd2key.c */,
				BAFD0274ADAD4E16ABC87038 /* sha1.c */,
				A12D16AA28A34B10B08F49E0 /* SSZipArchive.m */,
				705FCF83213F4516B1B3A100 /* zip.c */,
				7F5F4AFEE61F48C3BB9C2914 /* unzip.c */,
				92C86C50510C4321A80AB66F /* mztools.c */,
				8B145387AC374724A1E7A754 /* ioapi.c */,
				F8E4161BDC8940D0987243D3 /* ZipPlugin.h */,
				560F381B37FC402488E043C3 /* Common.h */,
				CE3076E5979D4848B776710D /* aes.h */,
				0668EFE4B78C403A8B5D0306 /* aes_via_ace.h */,
				59A8C87FFEAD43A6A4CEDEDB /* aesopt.h */,
				F6C52158436D4FFB9BCEC4B2 /* aestab.h */,
				CD5D35A6F8954A4DAD760E91 /* brg_endian.h */,
				DE506AE0E70A408AB92F0529 /* brg_types.h */,
				36DC5A7BDC0B48A69162FB4F /* entropy.h */,
				1BA2F0979E6044DDBEAF7CFE /* fileenc.h */,
				8670E7F7A7B94A60A8916A5B /* hmac.h */,
				71E80DF97A3A4D3C80634B53 /* prng.h */,
				A75ED469902C44F78062C426 /* pwd2key.h */,
				A43D73308F8A401084AC39FE /* sha1.h */,
				4AE9833665DD4B979B60CAEB /* SSZipArchive.h */,
				0B7D1B36072C48C3B66BFEEC /* zip.h */,
				6C013A8D19024B2B91E74134 /* unzip.h */,
				8CC0009F6D5447E1A1D46E34 /* mztools.h */,
				C37A27056CDD4B35AD94BC90 /* ioapi.h */,
				D57D88946DF1483CA3D034A8 /* crypt.h */,
				10B6DB7D094C4481A9D6EC1C /* CDVNotification.m */,
				ACA10C20E63B42529BEDDEBD /* CDVNotification.h */,
				5E27F0FD50F4439ABAF7D45B /* CDVDevice.m */,
				081CE389973D47D18D346F0A /* CDVDevice.h */,
				A12A5AA1684944AB9982AFD5 /* CDVWKWebViewEngine+CodePush.m */,
				4ADC76CE0A744DC19ECD3D1D /* CodePush.m */,
				7873B52A1E06432B9EEF8382 /* CodePushPackageMetadata.m */,
				7277DFA57BE44A939978E26A /* CodePushPackageManager.m */,
				898110DC63A6498EB07CD2FA /* CodePushReportingManager.m */,
				D9170AE6D4194D4584E21705 /* InstallOptions.m */,
				554F6925E08E4CB1A54EE2C6 /* StatusReport.m */,
				05573E9D69AA474C87EF1826 /* UpdateHashUtils.m */,
				D7254A6A57E6435BA695CB39 /* Utilities.m */,
				792F15CECDD64054994EFEA4 /* CodePush.h */,
				86C79D953B794668B8F0C314 /* CodePushPackageMetadata.h */,
				59E6F9D37AAA47F0A4270747 /* CodePushPackageManager.h */,
				D3C40F1E2A184DF9A1D84058 /* CodePushReportingManager.h */,
				FECF140FB9224649BF1C1DB6 /* InstallOptions.h */,
				C90CDDDBBB5148298273F4AB /* InstallMode.h */,
				E7E07799113143FEADB18B11 /* StatusReport.h */,
				B5FA4812D4F84F06850A36A2 /* UpdateHashUtils.h */,
				CF1A543CA38740B9AE891DF5 /* Utilities.h */,
				79995A7CC21640E0A176A9A3 /* CDVSplashScreen.m */,
				02C85680D3724AB3B09C88FE /* CDVViewController+SplashScreen.m */,
				94410BE93BF74948BA2ABA61 /* CDVSplashScreen.h */,
				46E8422C99A244B1845CDC77 /* CDVViewController+SplashScreen.h */,
				89B2461ED5AE4909B00BFA6E /* IonicKeyboard.m */,
				49B7201192F0498BB61D57A3 /* IonicKeyboard.h */,
			);
			name = Plugins;
			path = "ProconCGMovel/Plugins";
			sourceTree = SOURCE_ROOT;
		};
		EB87FDF11871DA420020F90C /* Staging */ = {
			isa = PBXGroup;
			children = (
				F840E1F0165FE0F500CFE078 /* config.xml */,
				301BF56E109A69640062928A /* www */,
			);
			name = Staging;
			sourceTree = "<group>";
		};
/* End PBXGroup section */

/* Begin PBXNativeTarget section */
		1D6058900D05DD3D006BFB54 /* ProconCGMovel */ = {
			isa = PBXNativeTarget;
			buildConfigurationList = 1D6058960D05DD3E006BFB54 /* Build configuration list for PBXNativeTarget "ProconCGMovel" */;
			buildPhases = (
				304B58A110DAC018002A0835 /* Copy www directory */,
				1D60588D0D05DD3D006BFB54 /* Resources */,
				1D60588E0D05DD3D006BFB54 /* Sources */,
				1D60588F0D05DD3D006BFB54 /* Frameworks */,
			);
			buildRules = (
			);
			dependencies = (
				301BF551109A68C00062928A /* PBXTargetDependency */,
			);
			name = "ProconCGMovel";
			productName = "ProconCGMovel";
			productReference = 1D6058910D05DD3D006BFB54 /* ProconCGMovel.app */;
			productType = "com.apple.product-type.application";
		};
/* End PBXNativeTarget section */

/* Begin PBXProject section */
		29B97313FDCFA39411CA2CEA /* Project object */ = {
			isa = PBXProject;
			attributes = {
				LastUpgradeCheck = 510;
			};
			buildConfigurationList = C01FCF4E08A954540054247B /* Build configuration list for PBXProject "__NON-CLI__" */;
			compatibilityVersion = "Xcode 3.2";
			developmentRegion = English;
			hasScannedForEncodings = 1;
			mainGroup = 29B97314FDCFA39411CA2CEA /* CustomTemplate */;
			projectDirPath = "";
			projectReferences = (
				{
					ProductGroup = 301BF52E109A57CC0062928A /* Products */;
					ProjectRef = 301BF52D109A57CC0062928A /* CordovaLib.xcodeproj */;
				},
			);
			projectRoot = "";
			targets = (
				1D6058900D05DD3D006BFB54 /* ProconCGMovel */,
			);
		};
/* End PBXProject section */

/* Begin PBXReferenceProxy section */
		301BF535109A57CC0062928A /* libCordova.a */ = {
			isa = PBXReferenceProxy;
			fileType = archive.ar;
			path = libCordova.a;
			remoteRef = 301BF534109A57CC0062928A /* PBXContainerItemProxy */;
			sourceTree = BUILT_PRODUCTS_DIR;
		};
/* End PBXReferenceProxy section */

/* Begin PBXResourcesBuildPhase section */
		1D60588D0D05DD3D006BFB54 /* Resources */ = {
			isa = PBXResourcesBuildPhase;
			buildActionMask = 2147483647;
			files = (
				302D95F214D2391D003F00A1 /* MainViewController.xib in Resources */,
				0207DA581B56EA530066E2B4 /* Images.xcassets in Resources */,
				6AFF5BF91D6E424B00AB3073 /* CDVLaunchScreen.storyboard in Resources */,
				BCD83A62EA394327A340A456 /* CDVNotification.bundle in Resources */,
			);
			runOnlyForDeploymentPostprocessing = 0;
		};
/* End PBXResourcesBuildPhase section */

/* Begin PBXShellScriptBuildPhase section */
		304B58A110DAC018002A0835 /* Copy www directory */ = {
			isa = PBXShellScriptBuildPhase;
			buildActionMask = 2147483647;
			files = (
			);
			inputPaths = (
			);
			name = "Copy www directory";
			outputPaths = (
			);
			runOnlyForDeploymentPostprocessing = 0;
			shellPath = /bin/sh;
			shellScript = "NODEJS_PATH=/usr/local/bin; NVM_NODE_PATH=~/.nvm/versions/node/`nvm version 2>/dev/null`/bin; N_NODE_PATH=`find /usr/local/n/versions/node/* -maxdepth 0 -type d 2>/dev/null | tail -1`/bin; XCODE_NODE_PATH=`xcode-select --print-path`/usr/share/xcs/Node/bin; PATH=$NODEJS_PATH:$NVM_NODE_PATH:$N_NODE_PATH:$XCODE_NODE_PATH:$PATH && node cordova/lib/copy-www-build-step.js";
			showEnvVarsInLog = 0;
		};
/* End PBXShellScriptBuildPhase section */

/* Begin PBXSourcesBuildPhase section */
		1D60588E0D05DD3D006BFB54 /* Sources */ = {
			isa = PBXSourcesBuildPhase;
			buildActionMask = 2147483647;
			files = (
				1D60589B0D05DD56006BFB54 /* main.m in Sources */,
				1D3623260D0F684500981E51 /* AppDelegate.m in Sources */,
				302D95F114D2391D003F00A1 /* MainViewController.m in Sources */,
				DCF44EA34CD9405A942AD26C /* UIImage+CropScaleOrientation.m in Sources */,
				CBADE7136A7D4852B0AD0F5F /* CDVCamera.m in Sources */,
				744B7B6C8DE540429BD32BE9 /* CDVJpegHeaderWriter.m in Sources */,
				364F32F7726145B4BB0F96E8 /* CDVFile.m in Sources */,
				8363DF78B1464E6FACB50862 /* CDVLocalFilesystem.m in Sources */,
				E80673853CC640A6AC6BE75C /* CDVAssetLibraryFilesystem.m in Sources */,
				4DB197C4D16341E997CE92EF /* CDVFileTransfer.m in Sources */,
				CE58794857174BA88147EAF0 /* ZipPlugin.m in Sources */,
				F2CCD2C9BE09439796BB5911 /* aescrypt.c in Resources */,
				B581BE8B5B8F4770A566C5F7 /* aeskey.c in Resources */,
				F51BE4BBF2F446B5B8513C73 /* aestab.c in Resources */,
				32920596DC1F47C1B8BAFF9A /* entropy.c in Resources */,
				D068D65F195B4C2BB9998000 /* fileenc.c in Resources */,
				CD1AD82865F141A8A8F5E9CF /* hmac.c in Resources */,
				B442126039F14C5CA4C30D35 /* prng.c in Resources */,
				6D46838338D14C798CEE698F /* pwd2key.c in Resources */,
				0F7FFF96CC4C415C89085F12 /* sha1.c in Resources */,
				1C76BEC8DBD24763A31E93AA /* SSZipArchive.m in Sources */,
				B46A2B5E91BF4B37942A8231 /* zip.c in Resources */,
				E56AF470C14E455CB0A29C36 /* unzip.c in Resources */,
				A332B6F956B44C6585DA0331 /* mztools.c in Resources */,
				C6A041C921C84590BBDAD030 /* ioapi.c in Resources */,
				760EE972A9B34E89B488AFD8 /* CDVNotification.m in Sources */,
				ECB4B2F589B540D3836569DE /* CDVDevice.m in Sources */,
				56E672F73A6048AF908ED1FF /* CDVWKWebViewEngine+CodePush.m in Sources */,
				B09C554D823A4CF6B48B164A /* CodePush.m in Sources */,
				388B1289502242F0844D225C /* CodePushPackageMetadata.m in Sources */,
				B2B5368D4CDE45A79CB88B4C /* CodePushPackageManager.m in Sources */,
				8A6DE9C8BAE04F01A3DFD280 /* CodePushReportingManager.m in Sources */,
				F6C3CC6FBB4E4D5EB7898E44 /* InstallOptions.m in Sources */,
				4AF018EFFC7B4B29BAA2CB4A /* StatusReport.m in Sources */,
				11D2183F4A2E428BA791C1CC /* UpdateHashUtils.m in Sources */,
				FAAB04044D3D4ADC89D47423 /* Utilities.m in Sources */,
				DB448987906F4C858F865941 /* CDVSplashScreen.m in Sources */,
				72A2D884B20D4F0DBC93E20B /* CDVViewController+SplashScreen.m in Sources */,
				0501648338FA485FB3FD861E /* IonicKeyboard.m in Sources */,
			);
			runOnlyForDeploymentPostprocessing = 0;
		};
/* End PBXSourcesBuildPhase section */

/* Begin PBXTargetDependency section */
		301BF551109A68C00062928A /* PBXTargetDependency */ = {
			isa = PBXTargetDependency;
			name = CordovaLib;
			targetProxy = 301BF550109A68C00062928A /* PBXContainerItemProxy */;
		};
/* End PBXTargetDependency section */

/* Begin XCBuildConfiguration section */
		1D6058940D05DD3E006BFB54 /* Debug */ = {
			isa = XCBuildConfiguration;
			baseConfigurationReference = 3047A50F1AB8059700498E2A /* build-debug.xcconfig */;
			buildSettings = {
				ALWAYS_SEARCH_USER_PATHS = NO;
				ASSETCATALOG_COMPILER_APPICON_NAME = AppIcon;
				ASSETCATALOG_COMPILER_LAUNCHIMAGE_NAME = LaunchImage;
				CLANG_ENABLE_MODULES = YES;
				CLANG_ENABLE_OBJC_ARC = YES;
				COPY_PHASE_STRIP = NO;
				GCC_DYNAMIC_NO_PIC = NO;
				GCC_OPTIMIZATION_LEVEL = 0;
				GCC_PRECOMPILE_PREFIX_HEADER = YES;
				GCC_PREFIX_HEADER = "ProconCGMovel/ProconCGMovel-Prefix.pch";
				GCC_THUMB_SUPPORT = NO;
				GCC_VERSION = "";
				INFOPLIST_FILE = "ProconCGMovel/ProconCGMovel-Info.plist";
				IPHONEOS_DEPLOYMENT_TARGET = 9.0;
				LD_RUNPATH_SEARCH_PATHS = "@executable_path/Frameworks";
				TARGETED_DEVICE_FAMILY = "1,2";
				PRODUCT_NAME = "ProconCGMovel";
			};
			name = Debug;
		};
		1D6058950D05DD3E006BFB54 /* Release */ = {
			isa = XCBuildConfiguration;
			baseConfigurationReference = 3047A5101AB8059700498E2A /* build-release.xcconfig */;
			buildSettings = {
				ALWAYS_SEARCH_USER_PATHS = NO;
				ASSETCATALOG_COMPILER_APPICON_NAME = AppIcon;
				ASSETCATALOG_COMPILER_LAUNCHIMAGE_NAME = LaunchImage;
				CLANG_ENABLE_MODULES = YES;
				CLANG_ENABLE_OBJC_ARC = YES;
				COPY_PHASE_STRIP = YES;
				GCC_PRECOMPILE_PREFIX_HEADER = YES;
				GCC_PREFIX_HEADER = "ProconCGMovel/ProconCGMovel-Prefix.pch";
				GCC_THUMB_SUPPORT = NO;
				GCC_VERSION = "";
				INFOPLIST_FILE = "ProconCGMovel/ProconCGMovel-Info.plist";
				IPHONEOS_DEPLOYMENT_TARGET = 9.0;
				LD_RUNPATH_SEARCH_PATHS = "@executable_path/Frameworks";
				TARGETED_DEVICE_FAMILY = "1,2";
				PRODUCT_NAME = "ProconCGMovel";
			};
			name = Release;
		};
		C01FCF4F08A954540054247B /* Debug */ = {
			isa = XCBuildConfiguration;
			baseConfigurationReference = 3047A5111AB8059700498E2A /* build.xcconfig */;
			buildSettings = {
				CLANG_ENABLE_MODULES = YES;
				CLANG_ENABLE_OBJC_ARC = YES;
				CLANG_WARN_BOOL_CONVERSION = YES;
				CLANG_WARN_CONSTANT_CONVERSION = YES;
				CLANG_WARN_EMPTY_BODY = YES;
				CLANG_WARN_ENUM_CONVERSION = YES;
				CLANG_WARN_INT_CONVERSION = YES;
				CLANG_WARN__DUPLICATE_METHOD_MATCH = YES;
				GCC_C_LANGUAGE_STANDARD = c99;
				GCC_THUMB_SUPPORT = NO;
				GCC_VERSION = "";
				GCC_WARN_ABOUT_RETURN_TYPE = YES;
				GCC_WARN_UNDECLARED_SELECTOR = YES;
				GCC_WARN_UNINITIALIZED_AUTOS = YES;
				GCC_WARN_UNUSED_FUNCTION = YES;
				GCC_WARN_UNUSED_VARIABLE = YES;
				ONLY_ACTIVE_ARCH = YES;
				SDKROOT = iphoneos;
				SKIP_INSTALL = NO;
				ASSETCATALOG_COMPILER_LAUNCHIMAGE_NAME = LaunchImage;
			};
			name = Debug;
		};
		C01FCF5008A954540054247B /* Release */ = {
			isa = XCBuildConfiguration;
			baseConfigurationReference = 3047A5111AB8059700498E2A /* build.xcconfig */;
			buildSettings = {
				CLANG_ENABLE_MODULES = YES;
				CLANG_ENABLE_OBJC_ARC = YES;
				CLANG_WARN_BOOL_CONVERSION = YES;
				CLANG_WARN_CONSTANT_CONVERSION = YES;
				CLANG_WARN_EMPTY_BODY = YES;
				CLANG_WARN_ENUM_CONVERSION = YES;
				CLANG_WARN_INT_CONVERSION = YES;
				CLANG_WARN__DUPLICATE_METHOD_MATCH = YES;
				GCC_C_LANGUAGE_STANDARD = c99;
				GCC_THUMB_SUPPORT = NO;
				GCC_VERSION = "";
				GCC_WARN_ABOUT_RETURN_TYPE = YES;
				GCC_WARN_UNDECLARED_SELECTOR = YES;
				GCC_WARN_UNINITIALIZED_AUTOS = YES;
				GCC_WARN_UNUSED_FUNCTION = YES;
				GCC_WARN_UNUSED_VARIABLE = YES;
				SDKROOT = iphoneos;
				SKIP_INSTALL = NO;
				ASSETCATALOG_COMPILER_LAUNCHIMAGE_NAME = LaunchImage;
			};
			name = Release;
		};
/* End XCBuildConfiguration section */

/* Begin XCConfigurationList section */
		1D6058960D05DD3E006BFB54 /* Build configuration list for PBXNativeTarget "ProconCGMovel" */ = {
			isa = XCConfigurationList;
			buildConfigurations = (
				1D6058940D05DD3E006BFB54 /* Debug */,
				1D6058950D05DD3E006BFB54 /* Release */,
			);
			defaultConfigurationIsVisible = 0;
			defaultConfigurationName = Release;
		};
		C01FCF4E08A954540054247B /* Build configuration list for PBXProject "__NON-CLI__" */ = {
			isa = XCConfigurationList;
			buildConfigurations = (
				C01FCF4F08A954540054247B /* Debug */,
				C01FCF5008A954540054247B /* Release */,
			);
			defaultConfigurationIsVisible = 0;
			defaultConfigurationName = Release;
		};
/* End XCConfigurationList section */
	};
	rootObject = 29B97313FDCFA39411CA2CEA /* Project object */;
}
