// !$*UTF8*$!
{
	archiveVersion = 1;
	classes = {
	};
	objectVersion = 46;
	objects = {
/* Begin PBXBuildFile section */
		0207DA581B56EA530066E2B4 /* Images.xcassets in Resources */ = {isa = PBXBuildFile; fileRef = 0207DA571B56EA530066E2B4 /* Images.xcassets */; };
		1D3623260D0F684500981E51 /* AppDelegate.m in Sources */ = {isa = PBXBuildFile; fileRef = 1D3623250D0F684500981E51 /* AppDelegate.m */; };
		1D60589B0D05DD56006BFB54 /* main.m in Sources */ = {isa = PBXBuildFile; fileRef = 29B97316FDCFA39411CA2CEA /* main.m */; };
		301BF552109A68D80062928A /* libCordova.a in Frameworks */ = {isa = PBXBuildFile; fileRef = 301BF535109A57CC0062928A /* libCordova.a */; };
		302D95F114D2391D003F00A1 /* MainViewController.m in Sources */ = {isa = PBXBuildFile; fileRef = 302D95EF14D2391D003F00A1 /* MainViewController.m */; };
		302D95F214D2391D003F00A1 /* MainViewController.xib in Resources */ = {isa = PBXBuildFile; fileRef = 302D95F014D2391D003F00A1 /* MainViewController.xib */; };
		3047A5121AB8059700498E2A /* build-debug.xcconfig in Resources */ = {isa = PBXBuildFile; fileRef = 3047A50F1AB8059700498E2A /* build-debug.xcconfig */; };
		3047A5131AB8059700498E2A /* build-release.xcconfig in Resources */ = {isa = PBXBuildFile; fileRef = 3047A5101AB8059700498E2A /* build-release.xcconfig */; };
		3047A5141AB8059700498E2A /* build.xcconfig in Resources */ = {isa = PBXBuildFile; fileRef = 3047A5111AB8059700498E2A /* build.xcconfig */; };
		6AFF5BF91D6E424B00AB3073 /* CDVLaunchScreen.storyboard in Resources */ = {isa = PBXBuildFile; fileRef = 6AFF5BF81D6E424B00AB3073 /* CDVLaunchScreen.storyboard */; };
		210D284F69A74F68AC543278 /* UIImage+CropScaleOrientation.m in Sources */ = {isa = PBXBuildFile; fileRef = D85B080256BB45558B75C089 /* UIImage+CropScaleOrientation.m */; };
		4BE8DBC8440B4AA0BD9466EE /* CDVCamera.m in Sources */ = {isa = PBXBuildFile; fileRef = 90D82F6880C948D897825B70 /* CDVCamera.m */; };
		FFEDC0BE48A04978857E960E /* CDVJpegHeaderWriter.m in Sources */ = {isa = PBXBuildFile; fileRef = A475F77FBD3F48ACADF94AB2 /* CDVJpegHeaderWriter.m */; };
		0794636ECB4647D98FF10DDD /* ImageIO.framework in Frameworks */ = {isa = PBXBuildFile; fileRef = 2B2D09F8B6CE42AAA4FE6291 /* ImageIO.framework */; settings = {ATTRIBUTES = (Weak, ); }; };
		D1CF14CE99D44D8480EA0EBB /* CoreLocation.framework in Frameworks */ = {isa = PBXBuildFile; fileRef = 332D09ADB7C94BDE958D0C6B /* CoreLocation.framework */; };
		F2A01F3732C3467384AC9452 /* AVFoundation.framework in Frameworks */ = {isa = PBXBuildFile; fileRef = A51C3E02A1EF4489A7835CA7 /* AVFoundation.framework */; };
		7BC082280E8749BAB09C5B2D /* CDVFile.m in Sources */ = {isa = PBXBuildFile; fileRef = 50A94B8DFA884C5A8A1D6D53 /* CDVFile.m */; };
		D58F7B9A2EE74961A7924A42 /* CDVLocalFilesystem.m in Sources */ = {isa = PBXBuildFile; fileRef = A9DDF512E47D469D8045E026 /* CDVLocalFilesystem.m */; };
		AA1C1377E9EC4A93ABB841B9 /* CDVAssetLibraryFilesystem.m in Sources */ = {isa = PBXBuildFile; fileRef = 37A091D307D546E8B7685B1B /* CDVAssetLibraryFilesystem.m */; };
		29B9E6EC686C40A2B7D81566 /* CDVFileTransfer.m in Sources */ = {isa = PBXBuildFile; fileRef = E6C161F87E64458DB585F970 /* CDVFileTransfer.m */; };
		BD6310F868134B9D9214C1EF /* ZipPlugin.m in Sources */ = {isa = PBXBuildFile; fileRef = 7B75C725C022436EAC28930B /* ZipPlugin.m */; };
		D6371145DE2145D4B1AAC3E7 /* aescrypt.c in Resources */ = {isa = PBXBuildFile; fileRef = 2CAB678715D047D1AE7CF89E /* aescrypt.c */; };
		6D971C0A4B854A9D988B0BCD /* aeskey.c in Resources */ = {isa = PBXBuildFile; fileRef = 14EFE36C9CCE42ED9438A8E8 /* aeskey.c */; };
		66A83DB1AAB74C6D9FD33B1A /* aestab.c in Resources */ = {isa = PBXBuildFile; fileRef = 79EB63A2096E4F328E358BB8 /* aestab.c */; };
		2E3D4EFDE39949228C773530 /* entropy.c in Resources */ = {isa = PBXBuildFile; fileRef = 6081596CE4624B6CB8E2C527 /* entropy.c */; };
		7EADB08557CC4259BA3258BA /* fileenc.c in Resources */ = {isa = PBXBuildFile; fileRef = CD8BA9040F5041689BBCFD02 /* fileenc.c */; };
		C35FDD37BA54443AB3F62016 /* hmac.c in Resources */ = {isa = PBXBuildFile; fileRef = 4AF2AA51626D4DFAA76425D2 /* hmac.c */; };
		83E27363C77E48FB90BEB50C /* prng.c in Resources */ = {isa = PBXBuildFile; fileRef = 5CC9DE2441954297AB1C5ED9 /* prng.c */; };
		7F9635071518496C87155A88 /* pwd2key.c in Resources */ = {isa = PBXBuildFile; fileRef = E9D6B0197B8349F6B8BFCF32 /* pwd2key.c */; };
		88E06B5034984A3BB8D512C6 /* sha1.c in Resources */ = {isa = PBXBuildFile; fileRef = 4BAB120A9167439FBC76BDFE /* sha1.c */; };
		4253326E21DE496A9307D765 /* SSZipArchive.m in Sources */ = {isa = PBXBuildFile; fileRef = F30A8F3C93584DE380E2F99B /* SSZipArchive.m */; };
		C395F518A1FB48B6A7910DEA /* zip.c in Resources */ = {isa = PBXBuildFile; fileRef = 891B5B796F584AE8B7532EA9 /* zip.c */; };
		FF9BAC8256B24727906B6966 /* unzip.c in Resources */ = {isa = PBXBuildFile; fileRef = D43FC54A0E1842AE92B3ECCC /* unzip.c */; };
		6EED2599BD0E408E876ADE12 /* mztools.c in Resources */ = {isa = PBXBuildFile; fileRef = 32A9F09858814980ABAB2936 /* mztools.c */; };
		93E95430880C406DA2ACD519 /* ioapi.c in Resources */ = {isa = PBXBuildFile; fileRef = 08D21C4C1A314CF3B72A3F0B /* ioapi.c */; };
		C5D876E77D3142F58CE47B7F /* libz.dylib in Frameworks */ = {isa = PBXBuildFile; fileRef = 723A5F4B3C8B4995BE4D243D /* libz.dylib */; };
		6D9300C1A1E34F1AA22A028C /* CDVNotification.m in Sources */ = {isa = PBXBuildFile; fileRef = F63E7187323942AEB66427E3 /* CDVNotification.m */; };
		88C0E71C23DB4F02833BCBC7 /* CDVNotification.bundle in Resources */ = {isa = PBXBuildFile; fileRef = 1C9923FB941D4DC9966D2811 /* CDVNotification.bundle */; };
		B989BD334A034A12B54BE322 /* AudioToolbox.framework in Frameworks */ = {isa = PBXBuildFile; fileRef = 62CC02661F11450BB2AD7E50 /* AudioToolbox.framework */; settings = {ATTRIBUTES = (Weak, ); }; };
		5174A41B566548248DE3E132 /* CDVDevice.m in Sources */ = {isa = PBXBuildFile; fileRef = 665DEB470711427A9660BBB8 /* CDVDevice.m */; };
		3ABFA84A48AB44D6AAB0BB44 /* libz.tbd in Frameworks */ = {isa = PBXBuildFile; fileRef = B179D49053E34A40850F661D /* libz.tbd */; };
		168C7C9BB25A4FCBB7F5A1FC /* CDVWKWebViewEngine+CodePush.m in Sources */ = {isa = PBXBuildFile; fileRef = C6454DDB9FE04846BD7B26C3 /* CDVWKWebViewEngine+CodePush.m */; };
		D9AB7294FCA54BF8A3E4CC49 /* CodePush.m in Sources */ = {isa = PBXBuildFile; fileRef = 2AA9A73A67A34301936F9A19 /* CodePush.m */; };
		4D7F758C09274162947EAF1E /* CodePushPackageMetadata.m in Sources */ = {isa = PBXBuildFile; fileRef = 717A1BC537214B298F5C013A /* CodePushPackageMetadata.m */; };
		6439392BDFB84ED29102825E /* CodePushPackageManager.m in Sources */ = {isa = PBXBuildFile; fileRef = 442F2F5543D948D184859230 /* CodePushPackageManager.m */; };
		1F097B4C8AC649DEB57F148F /* CodePushReportingManager.m in Sources */ = {isa = PBXBuildFile; fileRef = 3994B5FD93884D06953E8546 /* CodePushReportingManager.m */; };
		DAE8819EBE424B54980340F7 /* InstallOptions.m in Sources */ = {isa = PBXBuildFile; fileRef = 741F011473B840C58BF24F47 /* InstallOptions.m */; };
		BA478893073A4EE5BDBC63D4 /* StatusReport.m in Sources */ = {isa = PBXBuildFile; fileRef = D92DFE0FC5B144A9A0885517 /* StatusReport.m */; };
		F488FCB6C2FF4F9397A4AA31 /* UpdateHashUtils.m in Sources */ = {isa = PBXBuildFile; fileRef = B226848F33A84666A79EB959 /* UpdateHashUtils.m */; };
		958AF362EE1C4B9FAE25F71A /* Utilities.m in Sources */ = {isa = PBXBuildFile; fileRef = C9D0BBDE7B494801BFC9B257 /* Utilities.m */; };
		61D84B8AC6AA4DEF8C841B3B /* CDVLogger.m in Sources */ = {isa = PBXBuildFile; fileRef = 99B58B2B28814C5098F57716 /* CDVLogger.m */; };
		E42BAD23B9FA4D3B9E6C9C17 /* CDVSplashScreen.m in Sources */ = {isa = PBXBuildFile; fileRef = 098B06B36F5A474F9D34DCD9 /* CDVSplashScreen.m */; };
		41040A9EAA63415E9F3B42D1 /* CDVViewController+SplashScreen.m in Sources */ = {isa = PBXBuildFile; fileRef = 056E579A308442318F0A2F9B /* CDVViewController+SplashScreen.m */; };
		18291318D14041289968A632 /* IonicKeyboard.m in Sources */ = {isa = PBXBuildFile; fileRef = D28077FAFF314056AB7419E5 /* IonicKeyboard.m */; };
/* End PBXBuildFile section */

/* Begin PBXContainerItemProxy section */
		301BF534109A57CC0062928A /* PBXContainerItemProxy */ = {
			isa = PBXContainerItemProxy;
			containerPortal = 301BF52D109A57CC0062928A /* CordovaLib.xcodeproj */;
			proxyType = 2;
			remoteGlobalIDString = D2AAC07E0554694100DB518D;
			remoteInfo = CordovaLib;
		};
		301BF550109A68C00062928A /* PBXContainerItemProxy */ = {
			isa = PBXContainerItemProxy;
			containerPortal = 301BF52D109A57CC0062928A /* CordovaLib.xcodeproj */;
			proxyType = 1;
			remoteGlobalIDString = D2AAC07D0554694100DB518D;
			remoteInfo = CordovaLib;
		};
/* End PBXContainerItemProxy section */

/* Begin PBXFileReference section */
		0207DA571B56EA530066E2B4 /* Images.xcassets */ = {isa = PBXFileReference; lastKnownFileType = folder.assetcatalog; name = Images.xcassets; path = "ProconCGMovel/Images.xcassets"; sourceTree = SOURCE_ROOT; };
		1D3623240D0F684500981E51 /* AppDelegate.h */ = {isa = PBXFileReference; fileEncoding = 4; lastKnownFileType = sourcecode.c.h; path = AppDelegate.h; sourceTree = "<group>"; };
		1D3623250D0F684500981E51 /* AppDelegate.m */ = {isa = PBXFileReference; fileEncoding = 4; lastKnownFileType = sourcecode.c.objc; path = AppDelegate.m; sourceTree = "<group>"; };
		1D6058910D05DD3D006BFB54 /* ProconCGMovel.app */ = {isa = PBXFileReference; explicitFileType = wrapper.application; includeInIndex = 0; path = "ProconCGMovel.app"; sourceTree = BUILT_PRODUCTS_DIR; };
		29B97316FDCFA39411CA2CEA /* main.m */ = {isa = PBXFileReference; fileEncoding = 4; lastKnownFileType = sourcecode.c.objc; path = main.m; sourceTree = "<group>"; };
		301BF52D109A57CC0062928A /* CordovaLib.xcodeproj */ = {isa = PBXFileReference; lastKnownFileType = "wrapper.pb-project"; path = CordovaLib/CordovaLib.xcodeproj; sourceTree = "<group>"; };
		301BF56E109A69640062928A /* www */ = {isa = PBXFileReference; lastKnownFileType = folder; path = www; sourceTree = SOURCE_ROOT; };
		302D95EE14D2391D003F00A1 /* MainViewController.h */ = {isa = PBXFileReference; fileEncoding = 4; lastKnownFileType = sourcecode.c.h; path = MainViewController.h; sourceTree = "<group>"; };
		302D95EF14D2391D003F00A1 /* MainViewController.m */ = {isa = PBXFileReference; fileEncoding = 4; lastKnownFileType = sourcecode.c.objc; path = MainViewController.m; sourceTree = "<group>"; };
		302D95F014D2391D003F00A1 /* MainViewController.xib */ = {isa = PBXFileReference; fileEncoding = 4; lastKnownFileType = file.xib; path = MainViewController.xib; sourceTree = "<group>"; };
		3047A50F1AB8059700498E2A /* build-debug.xcconfig */ = {isa = PBXFileReference; fileEncoding = 4; lastKnownFileType = text.xcconfig; name = "build-debug.xcconfig"; path = cordova/build-debug.xcconfig; sourceTree = SOURCE_ROOT; };
		3047A5101AB8059700498E2A /* build-release.xcconfig */ = {isa = PBXFileReference; fileEncoding = 4; lastKnownFileType = text.xcconfig; name = "build-release.xcconfig"; path = cordova/build-release.xcconfig; sourceTree = SOURCE_ROOT; };
		3047A5111AB8059700498E2A /* build.xcconfig */ = {isa = PBXFileReference; fileEncoding = 4; lastKnownFileType = text.xcconfig; name = build.xcconfig; path = cordova/build.xcconfig; sourceTree = SOURCE_ROOT; };
		32CA4F630368D1EE00C91783 /* ProconCGMovel-Prefix.pch */ = {isa = PBXFileReference; fileEncoding = 4; lastKnownFileType = sourcecode.c.h; path = "ProconCGMovel-Prefix.pch"; sourceTree = "<group>"; };
		6AFF5BF81D6E424B00AB3073 /* CDVLaunchScreen.storyboard */ = {isa = PBXFileReference; fileEncoding = 4; lastKnownFileType = file.storyboard; name = CDVLaunchScreen.storyboard; path = "ProconCGMovel/CDVLaunchScreen.storyboard"; sourceTree = SOURCE_ROOT; };
		8D1107310486CEB800E47090 /* ProconCGMovel-Info.plist */ = {isa = PBXFileReference; fileEncoding = 4; lastKnownFileType = text.plist.xml; name = "ProconCGMovel-Info.plist"; path = "ProconCGMovel/ProconCGMovel-Info.plist"; plistStructureDefinitionIdentifier = "com.apple.xcode.plist.structure-definition.iphone.info-plist"; sourceTree = SOURCE_ROOT; };
		EB87FDF31871DA8E0020F90C /* www */ = {isa = PBXFileReference; lastKnownFileType = folder; name = www; path = ../../www; sourceTree = "<group>"; };
		EB87FDF41871DAF40020F90C /* config.xml */ = {isa = PBXFileReference; lastKnownFileType = text.xml; name = config.xml; path = ../../config.xml; sourceTree = "<group>"; };
		F840E1F0165FE0F500CFE078 /* config.xml */ = {isa = PBXFileReference; lastKnownFileType = text.xml; name = config.xml; path = "ProconCGMovel/config.xml"; sourceTree = "<group>"; };
		ED33DF2A687741AEAF9F8254 /* Bridging-Header.h */ = {isa = PBXFileReference; fileEncoding = 4; lastKnownFileType = sourcecode.c.h; name = "Bridging-Header.h"; path = "Bridging-Header.h"; sourceTree = "<group>"; };
		D85B080256BB45558B75C089 /* UIImage+CropScaleOrientation.m */ = {isa = PBXFileReference; name = "UIImage+CropScaleOrientation.m"; path = "cordova-plugin-camera/UIImage+CropScaleOrientation.m"; sourceTree = "<group>"; fileEncoding = 4; lastKnownFileType = sourcecode.c.objc; explicitFileType = undefined; includeInIndex = 0; };
		90D82F6880C948D897825B70 /* CDVCamera.m */ = {isa = PBXFileReference; name = "CDVCamera.m"; path = "cordova-plugin-camera/CDVCamera.m"; sourceTree = "<group>"; fileEncoding = 4; lastKnownFileType = sourcecode.c.objc; explicitFileType = undefined; includeInIndex = 0; };
		A475F77FBD3F48ACADF94AB2 /* CDVJpegHeaderWriter.m */ = {isa = PBXFileReference; name = "CDVJpegHeaderWriter.m"; path = "cordova-plugin-camera/CDVJpegHeaderWriter.m"; sourceTree = "<group>"; fileEncoding = 4; lastKnownFileType = sourcecode.c.objc; explicitFileType = undefined; includeInIndex = 0; };
		BA558BCB21104395A20444B2 /* UIImage+CropScaleOrientation.h */ = {isa = PBXFileReference; name = "UIImage+CropScaleOrientation.h"; path = "cordova-plugin-camera/UIImage+CropScaleOrientation.h"; sourceTree = "<group>"; fileEncoding = 4; lastKnownFileType = sourcecode.c.h; explicitFileType = undefined; includeInIndex = 0; };
		289F6621580945DA89DCE4D0 /* CDVCamera.h */ = {isa = PBXFileReference; name = "CDVCamera.h"; path = "cordova-plugin-camera/CDVCamera.h"; sourceTree = "<group>"; fileEncoding = 4; lastKnownFileType = sourcecode.c.h; explicitFileType = undefined; includeInIndex = 0; };
		60DE963F30AC47D4A5281DCA /* CDVJpegHeaderWriter.h */ = {isa = PBXFileReference; name = "CDVJpegHeaderWriter.h"; path = "cordova-plugin-camera/CDVJpegHeaderWriter.h"; sourceTree = "<group>"; fileEncoding = 4; lastKnownFileType = sourcecode.c.h; explicitFileType = undefined; includeInIndex = 0; };
		B281095BDE864B1AB0289EC5 /* CDVExif.h */ = {isa = PBXFileReference; name = "CDVExif.h"; path = "cordova-plugin-camera/CDVExif.h"; sourceTree = "<group>"; fileEncoding = 4; lastKnownFileType = sourcecode.c.h; explicitFileType = undefined; includeInIndex = 0; };
		2B2D09F8B6CE42AAA4FE6291 /* ImageIO.framework */ = {isa = PBXFileReference; name = "ImageIO.framework"; path = "System/Library/Frameworks/ImageIO.framework"; sourceTree = SDKROOT; fileEncoding = undefined; lastKnownFileType = wrapper.framework; explicitFileType = undefined; includeInIndex = 0; };
		332D09ADB7C94BDE958D0C6B /* CoreLocation.framework */ = {isa = PBXFileReference; name = "CoreLocation.framework"; path = "System/Library/Frameworks/CoreLocation.framework"; sourceTree = SDKROOT; fileEncoding = undefined; lastKnownFileType = wrapper.framework; explicitFileType = undefined; includeInIndex = 0; };
		A51C3E02A1EF4489A7835CA7 /* AVFoundation.framework */ = {isa = PBXFileReference; name = "AVFoundation.framework"; path = "System/Library/Frameworks/AVFoundation.framework"; sourceTree = SDKROOT; fileEncoding = undefined; lastKnownFileType = wrapper.framework; explicitFileType = undefined; includeInIndex = 0; };
		50A94B8DFA884C5A8A1D6D53 /* CDVFile.m */ = {isa = PBXFileReference; name = "CDVFile.m"; path = "cordova-plugin-file/CDVFile.m"; sourceTree = "<group>"; fileEncoding = 4; lastKnownFileType = sourcecode.c.objc; explicitFileType = undefined; includeInIndex = 0; };
		A9DDF512E47D469D8045E026 /* CDVLocalFilesystem.m */ = {isa = PBXFileReference; name = "CDVLocalFilesystem.m"; path = "cordova-plugin-file/CDVLocalFilesystem.m"; sourceTree = "<group>"; fileEncoding = 4; lastKnownFileType = sourcecode.c.objc; explicitFileType = undefined; includeInIndex = 0; };
		37A091D307D546E8B7685B1B /* CDVAssetLibraryFilesystem.m */ = {isa = PBXFileReference; name = "CDVAssetLibraryFilesystem.m"; path = "cordova-plugin-file/CDVAssetLibraryFilesystem.m"; sourceTree = "<group>"; fileEncoding = 4; lastKnownFileType = sourcecode.c.objc; explicitFileType = undefined; includeInIndex = 0; };
		F52172EB14DA4D78B4E45BDE /* CDVFile.h */ = {isa = PBXFileReference; name = "CDVFile.h"; path = "cordova-plugin-file/CDVFile.h"; sourceTree = "<group>"; fileEncoding = 4; lastKnownFileType = sourcecode.c.h; explicitFileType = undefined; includeInIndex = 0; };
		6D9608E4D99A472BA1A7E37E /* CDVLocalFilesystem.h */ = {isa = PBXFileReference; name = "CDVLocalFilesystem.h"; path = "cordova-plugin-file/CDVLocalFilesystem.h"; sourceTree = "<group>"; fileEncoding = 4; lastKnownFileType = sourcecode.c.h; explicitFileType = undefined; includeInIndex = 0; };
		A3B4B7D1085C41208EE7D94B /* CDVAssetLibraryFilesystem.h */ = {isa = PBXFileReference; name = "CDVAssetLibraryFilesystem.h"; path = "cordova-plugin-file/CDVAssetLibraryFilesystem.h"; sourceTree = "<group>"; fileEncoding = 4; lastKnownFileType = sourcecode.c.h; explicitFileType = undefined; includeInIndex = 0; };
		E6C161F87E64458DB585F970 /* CDVFileTransfer.m */ = {isa = PBXFileReference; name = "CDVFileTransfer.m"; path = "cordova-plugin-file-transfer/CDVFileTransfer.m"; sourceTree = "<group>"; fileEncoding = 4; lastKnownFileType = sourcecode.c.objc; explicitFileType = undefined; includeInIndex = 0; };
		C08820726A3A4CF0B8C4C59C /* CDVFileTransfer.h */ = {isa = PBXFileReference; name = "CDVFileTransfer.h"; path = "cordova-plugin-file-transfer/CDVFileTransfer.h"; sourceTree = "<group>"; fileEncoding = 4; lastKnownFileType = sourcecode.c.h; explicitFileType = undefined; includeInIndex = 0; };
		7B75C725C022436EAC28930B /* ZipPlugin.m */ = {isa = PBXFileReference; name = "ZipPlugin.m"; path = "cordova-plugin-zip/ZipPlugin.m"; sourceTree = "<group>"; fileEncoding = 4; lastKnownFileType = sourcecode.c.objc; explicitFileType = undefined; includeInIndex = 0; };
		2CAB678715D047D1AE7CF89E /* aescrypt.c */ = {isa = PBXFileReference; name = "aescrypt.c"; path = "cordova-plugin-zip/Plugins/aes/aescrypt.c"; sourceTree = "<group>"; fileEncoding = undefined; lastKnownFileType = unknown; explicitFileType = undefined; includeInIndex = 0; };
		14EFE36C9CCE42ED9438A8E8 /* aeskey.c */ = {isa = PBXFileReference; name = "aeskey.c"; path = "cordova-plugin-zip/Plugins/aes/aeskey.c"; sourceTree = "<group>"; fileEncoding = undefined; lastKnownFileType = unknown; explicitFileType = undefined; includeInIndex = 0; };
		79EB63A2096E4F328E358BB8 /* aestab.c */ = {isa = PBXFileReference; name = "aestab.c"; path = "cordova-plugin-zip/Plugins/aes/aestab.c"; sourceTree = "<group>"; fileEncoding = undefined; lastKnownFileType = unknown; explicitFileType = undefined; includeInIndex = 0; };
		6081596CE4624B6CB8E2C527 /* entropy.c */ = {isa = PBXFileReference; name = "entropy.c"; path = "cordova-plugin-zip/Plugins/aes/entropy.c"; sourceTree = "<group>"; fileEncoding = undefined; lastKnownFileType = unknown; explicitFileType = undefined; includeInIndex = 0; };
		CD8BA9040F5041689BBCFD02 /* fileenc.c */ = {isa = PBXFileReference; name = "fileenc.c"; path = "cordova-plugin-zip/Plugins/aes/fileenc.c"; sourceTree = "<group>"; fileEncoding = undefined; lastKnownFileType = unknown; explicitFileType = undefined; includeInIndex = 0; };
		4AF2AA51626D4DFAA76425D2 /* hmac.c */ = {isa = PBXFileReference; name = "hmac.c"; path = "cordova-plugin-zip/Plugins/aes/hmac.c"; sourceTree = "<group>"; fileEncoding = undefined; lastKnownFileType = unknown; explicitFileType = undefined; includeInIndex = 0; };
		5CC9DE2441954297AB1C5ED9 /* prng.c */ = {isa = PBXFileReference; name = "prng.c"; path = "cordova-plugin-zip/Plugins/aes/prng.c"; sourceTree = "<group>"; fileEncoding = undefined; lastKnownFileType = unknown; explicitFileType = undefined; includeInIndex = 0; };
		E9D6B0197B8349F6B8BFCF32 /* pwd2key.c */ = {isa = PBXFileReference; name = "pwd2key.c"; path = "cordova-plugin-zip/Plugins/aes/pwd2key.c"; sourceTree = "<group>"; fileEncoding = undefined; lastKnownFileType = unknown; explicitFileType = undefined; includeInIndex = 0; };
		4BAB120A9167439FBC76BDFE /* sha1.c */ = {isa = PBXFileReference; name = "sha1.c"; path = "cordova-plugin-zip/Plugins/aes/sha1.c"; sourceTree = "<group>"; fileEncoding = undefined; lastKnownFileType = unknown; explicitFileType = undefined; includeInIndex = 0; };
		F30A8F3C93584DE380E2F99B /* SSZipArchive.m */ = {isa = PBXFileReference; name = "SSZipArchive.m"; path = "cordova-plugin-zip/Plugins/minizip/SSZipArchive.m"; sourceTree = "<group>"; fileEncoding = 4; lastKnownFileType = sourcecode.c.objc; explicitFileType = undefined; includeInIndex = 0; };
		891B5B796F584AE8B7532EA9 /* zip.c */ = {isa = PBXFileReference; name = "zip.c"; path = "cordova-plugin-zip/Plugins/minizip/zip.c"; sourceTree = "<group>"; fileEncoding = undefined; lastKnownFileType = unknown; explicitFileType = undefined; includeInIndex = 0; };
		D43FC54A0E1842AE92B3ECCC /* unzip.c */ = {isa = PBXFileReference; name = "unzip.c"; path = "cordova-plugin-zip/Plugins/minizip/unzip.c"; sourceTree = "<group>"; fileEncoding = undefined; lastKnownFileType = unknown; explicitFileType = undefined; includeInIndex = 0; };
		32A9F09858814980ABAB2936 /* mztools.c */ = {isa = PBXFileReference; name = "mztools.c"; path = "cordova-plugin-zip/Plugins/minizip/mztools.c"; sourceTree = "<group>"; fileEncoding = undefined; lastKnownFileType = unknown; explicitFileType = undefined; includeInIndex = 0; };
		08D21C4C1A314CF3B72A3F0B /* ioapi.c */ = {isa = PBXFileReference; name = "ioapi.c"; path = "cordova-plugin-zip/Plugins/minizip/ioapi.c"; sourceTree = "<group>"; fileEncoding = undefined; lastKnownFileType = unknown; explicitFileType = undefined; includeInIndex = 0; };
		E3CF50A664E04CCD8E0C16AC /* ZipPlugin.h */ = {isa = PBXFileReference; name = "ZipPlugin.h"; path = "cordova-plugin-zip/ZipPlugin.h"; sourceTree = "<group>"; fileEncoding = 4; lastKnownFileType = sourcecode.c.h; explicitFileType = undefined; includeInIndex = 0; };
		03BAF7325D094F06973D4BC1 /* Common.h */ = {isa = PBXFileReference; name = "Common.h"; path = "cordova-plugin-zip/Common.h"; sourceTree = "<group>"; fileEncoding = 4; lastKnownFileType = sourcecode.c.h; explicitFileType = undefined; includeInIndex = 0; };
		5DB1313D887A4B09B6298E27 /* aes.h */ = {isa = PBXFileReference; name = "aes.h"; path = "cordova-plugin-zip/Plugins/aes/aes.h"; sourceTree = "<group>"; fileEncoding = 4; lastKnownFileType = sourcecode.c.h; explicitFileType = undefined; includeInIndex = 0; };
		4157558A9E384B69B0FE1C01 /* aes_via_ace.h */ = {isa = PBXFileReference; name = "aes_via_ace.h"; path = "cordova-plugin-zip/Plugins/aes/aes_via_ace.h"; sourceTree = "<group>"; fileEncoding = 4; lastKnownFileType = sourcecode.c.h; explicitFileType = undefined; includeInIndex = 0; };
		3BA5494F3E764009A6626DA5 /* aesopt.h */ = {isa = PBXFileReference; name = "aesopt.h"; path = "cordova-plugin-zip/Plugins/aes/aesopt.h"; sourceTree = "<group>"; fileEncoding = 4; lastKnownFileType = sourcecode.c.h; explicitFileType = undefined; includeInIndex = 0; };
		33558B93EDE0478E91FCEBA9 /* aestab.h */ = {isa = PBXFileReference; name = "aestab.h"; path = "cordova-plugin-zip/Plugins/aes/aestab.h"; sourceTree = "<group>"; fileEncoding = 4; lastKnownFileType = sourcecode.c.h; explicitFileType = undefined; includeInIndex = 0; };
		10E3A74ECF9444AE977EC966 /* brg_endian.h */ = {isa = PBXFileReference; name = "brg_endian.h"; path = "cordova-plugin-zip/Plugins/aes/brg_endian.h"; sourceTree = "<group>"; fileEncoding = 4; lastKnownFileType = sourcecode.c.h; explicitFileType = undefined; includeInIndex = 0; };
		D8BDBD2336304B8E8F488B19 /* brg_types.h */ = {isa = PBXFileReference; name = "brg_types.h"; path = "cordova-plugin-zip/Plugins/aes/brg_types.h"; sourceTree = "<group>"; fileEncoding = 4; lastKnownFileType = sourcecode.c.h; explicitFileType = undefined; includeInIndex = 0; };
		EDF9830AA813476299C2A106 /* entropy.h */ = {isa = PBXFileReference; name = "entropy.h"; path = "cordova-plugin-zip/Plugins/aes/entropy.h"; sourceTree = "<group>"; fileEncoding = 4; lastKnownFileType = sourcecode.c.h; explicitFileType = undefined; includeInIndex = 0; };
		6F3015FF8BBB4AE3A43D4932 /* fileenc.h */ = {isa = PBXFileReference; name = "fileenc.h"; path = "cordova-plugin-zip/Plugins/aes/fileenc.h"; sourceTree = "<group>"; fileEncoding = 4; lastKnownFileType = sourcecode.c.h; explicitFileType = undefined; includeInIndex = 0; };
		B93EC77B0E1144B58FC5BBCA /* hmac.h */ = {isa = PBXFileReference; name = "hmac.h"; path = "cordova-plugin-zip/Plugins/aes/hmac.h"; sourceTree = "<group>"; fileEncoding = 4; lastKnownFileType = sourcecode.c.h; explicitFileType = undefined; includeInIndex = 0; };
		87C99DDEB80546C2A875F538 /* prng.h */ = {isa = PBXFileReference; name = "prng.h"; path = "cordova-plugin-zip/Plugins/aes/prng.h"; sourceTree = "<group>"; fileEncoding = 4; lastKnownFileType = sourcecode.c.h; explicitFileType = undefined; includeInIndex = 0; };
		438A6D1BFAC84F9D9C525483 /* pwd2key.h */ = {isa = PBXFileReference; name = "pwd2key.h"; path = "cordova-plugin-zip/Plugins/aes/pwd2key.h"; sourceTree = "<group>"; fileEncoding = 4; lastKnownFileType = sourcecode.c.h; explicitFileType = undefined; includeInIndex = 0; };
		77B43438677A43BAA201A72A /* sha1.h */ = {isa = PBXFileReference; name = "sha1.h"; path = "cordova-plugin-zip/Plugins/aes/sha1.h"; sourceTree = "<group>"; fileEncoding = 4; lastKnownFileType = sourcecode.c.h; explicitFileType = undefined; includeInIndex = 0; };
		6DAF96FDAA904B729C950AAE /* SSZipArchive.h */ = {isa = PBXFileReference; name = "SSZipArchive.h"; path = "cordova-plugin-zip/Plugins/minizip/SSZipArchive.h"; sourceTree = "<group>"; fileEncoding = 4; lastKnownFileType = sourcecode.c.h; explicitFileType = undefined; includeInIndex = 0; };
		9C12B9A270484EC7A137A8FA /* zip.h */ = {isa = PBXFileReference; name = "zip.h"; path = "cordova-plugin-zip/Plugins/minizip/zip.h"; sourceTree = "<group>"; fileEncoding = 4; lastKnownFileType = sourcecode.c.h; explicitFileType = undefined; includeInIndex = 0; };
		546361853EC2408F8AAC4123 /* unzip.h */ = {isa = PBXFileReference; name = "unzip.h"; path = "cordova-plugin-zip/Plugins/minizip/unzip.h"; sourceTree = "<group>"; fileEncoding = 4; lastKnownFileType = sourcecode.c.h; explicitFileType = undefined; includeInIndex = 0; };
		E4E1BB8B49BE40B6B04EEF48 /* mztools.h */ = {isa = PBXFileReference; name = "mztools.h"; path = "cordova-plugin-zip/Plugins/minizip/mztools.h"; sourceTree = "<group>"; fileEncoding = 4; lastKnownFileType = sourcecode.c.h; explicitFileType = undefined; includeInIndex = 0; };
		6606265933C14675A6F2ECF4 /* ioapi.h */ = {isa = PBXFileReference; name = "ioapi.h"; path = "cordova-plugin-zip/Plugins/minizip/ioapi.h"; sourceTree = "<group>"; fileEncoding = 4; lastKnownFileType = sourcecode.c.h; explicitFileType = undefined; includeInIndex = 0; };
		7E001D001FD44D51A30F24C7 /* crypt.h */ = {isa = PBXFileReference; name = "crypt.h"; path = "cordova-plugin-zip/Plugins/minizip/crypt.h"; sourceTree = "<group>"; fileEncoding = 4; lastKnownFileType = sourcecode.c.h; explicitFileType = undefined; includeInIndex = 0; };
		723A5F4B3C8B4995BE4D243D /* libz.dylib */ = {isa = PBXFileReference; name = "libz.dylib"; path = "usr/lib/libz.dylib"; sourceTree = SDKROOT; fileEncoding = undefined; lastKnownFileType = compiled.mach-o.dylib; explicitFileType = undefined; includeInIndex = 0; };
		F63E7187323942AEB66427E3 /* CDVNotification.m */ = {isa = PBXFileReference; name = "CDVNotification.m"; path = "cordova-plugin-dialogs/CDVNotification.m"; sourceTree = "<group>"; fileEncoding = 4; lastKnownFileType = sourcecode.c.objc; explicitFileType = undefined; includeInIndex = 0; };
		963D5DFBC56345358CE1E3D1 /* CDVNotification.h */ = {isa = PBXFileReference; name = "CDVNotification.h"; path = "cordova-plugin-dialogs/CDVNotification.h"; sourceTree = "<group>"; fileEncoding = 4; lastKnownFileType = sourcecode.c.h; explicitFileType = undefined; includeInIndex = 0; };
		1C9923FB941D4DC9966D2811 /* CDVNotification.bundle */ = {isa = PBXFileReference; name = "CDVNotification.bundle"; path = "CDVNotification.bundle"; sourceTree = "<group>"; fileEncoding = undefined; lastKnownFileType = wrapper.plug-in; explicitFileType = undefined; includeInIndex = 0; };
		62CC02661F11450BB2AD7E50 /* AudioToolbox.framework */ = {isa = PBXFileReference; name = "AudioToolbox.framework"; path = "System/Library/Frameworks/AudioToolbox.framework"; sourceTree = SDKROOT; fileEncoding = undefined; lastKnownFileType = wrapper.framework; explicitFileType = undefined; includeInIndex = 0; };
		665DEB470711427A9660BBB8 /* CDVDevice.m */ = {isa = PBXFileReference; name = "CDVDevice.m"; path = "cordova-plugin-device/CDVDevice.m"; sourceTree = "<group>"; fileEncoding = 4; lastKnownFileType = sourcecode.c.objc; explicitFileType = undefined; includeInIndex = 0; };
		6C88EA5FFF20411F80B6B8C8 /* CDVDevice.h */ = {isa = PBXFileReference; name = "CDVDevice.h"; path = "cordova-plugin-device/CDVDevice.h"; sourceTree = "<group>"; fileEncoding = 4; lastKnownFileType = sourcecode.c.h; explicitFileType = undefined; includeInIndex = 0; };
		B179D49053E34A40850F661D /* libz.tbd */ = {isa = PBXFileReference; name = "libz.tbd"; path = "usr/lib/libz.tbd"; sourceTree = SDKROOT; fileEncoding = undefined; lastKnownFileType = sourcecode.text-based-dylib-definition; explicitFileType = undefined; includeInIndex = 0; };
		C6454DDB9FE04846BD7B26C3 /* CDVWKWebViewEngine+CodePush.m */ = {isa = PBXFileReference; name = "CDVWKWebViewEngine+CodePush.m"; path = "cordova-plugin-code-push/CDVWKWebViewEngine+CodePush.m"; sourceTree = "<group>"; fileEncoding = 4; lastKnownFileType = sourcecode.c.objc; explicitFileType = undefined; includeInIndex = 0; };
		2AA9A73A67A34301936F9A19 /* CodePush.m */ = {isa = PBXFileReference; name = "CodePush.m"; path = "cordova-plugin-code-push/CodePush.m"; sourceTree = "<group>"; fileEncoding = 4; lastKnownFileType = sourcecode.c.objc; explicitFileType = undefined; includeInIndex = 0; };
		717A1BC537214B298F5C013A /* CodePushPackageMetadata.m */ = {isa = PBXFileReference; name = "CodePushPackageMetadata.m"; path = "cordova-plugin-code-push/CodePushPackageMetadata.m"; sourceTree = "<group>"; fileEncoding = 4; lastKnownFileType = sourcecode.c.objc; explicitFileType = undefined; includeInIndex = 0; };
		442F2F5543D948D184859230 /* CodePushPackageManager.m */ = {isa = PBXFileReference; name = "CodePushPackageManager.m"; path = "cordova-plugin-code-push/CodePushPackageManager.m"; sourceTree = "<group>"; fileEncoding = 4; lastKnownFileType = sourcecode.c.objc; explicitFileType = undefined; includeInIndex = 0; };
		3994B5FD93884D06953E8546 /* CodePushReportingManager.m */ = {isa = PBXFileReference; name = "CodePushReportingManager.m"; path = "cordova-plugin-code-push/CodePushReportingManager.m"; sourceTree = "<group>"; fileEncoding = 4; lastKnownFileType = sourcecode.c.objc; explicitFileType = undefined; includeInIndex = 0; };
		741F011473B840C58BF24F47 /* InstallOptions.m */ = {isa = PBXFileReference; name = "InstallOptions.m"; path = "cordova-plugin-code-push/InstallOptions.m"; sourceTree = "<group>"; fileEncoding = 4; lastKnownFileType = sourcecode.c.objc; explicitFileType = undefined; includeInIndex = 0; };
		D92DFE0FC5B144A9A0885517 /* StatusReport.m */ = {isa = PBXFileReference; name = "StatusReport.m"; path = "cordova-plugin-code-push/StatusReport.m"; sourceTree = "<group>"; fileEncoding = 4; lastKnownFileType = sourcecode.c.objc; explicitFileType = undefined; includeInIndex = 0; };
		B226848F33A84666A79EB959 /* UpdateHashUtils.m */ = {isa = PBXFileReference; name = "UpdateHashUtils.m"; path = "cordova-plugin-code-push/UpdateHashUtils.m"; sourceTree = "<group>"; fileEncoding = 4; lastKnownFileType = sourcecode.c.objc; explicitFileType = undefined; includeInIndex = 0; };
		C9D0BBDE7B494801BFC9B257 /* Utilities.m */ = {isa = PBXFileReference; name = "Utilities.m"; path = "cordova-plugin-code-push/Utilities.m"; sourceTree = "<group>"; fileEncoding = 4; lastKnownFileType = sourcecode.c.objc; explicitFileType = undefined; includeInIndex = 0; };
		B100D693A4E743DE94E67C5A /* CodePush.h */ = {isa = PBXFileReference; name = "CodePush.h"; path = "cordova-plugin-code-push/CodePush.h"; sourceTree = "<group>"; fileEncoding = 4; lastKnownFileType = sourcecode.c.h; explicitFileType = undefined; includeInIndex = 0; };
		E8960AC61EF34D6F8E212CA2 /* CodePushPackageMetadata.h */ = {isa = PBXFileReference; name = "CodePushPackageMetadata.h"; path = "cordova-plugin-code-push/CodePushPackageMetadata.h"; sourceTree = "<group>"; fileEncoding = 4; lastKnownFileType = sourcecode.c.h; explicitFileType = undefined; includeInIndex = 0; };
		571E49A788804684AC113E69 /* CodePushPackageManager.h */ = {isa = PBXFileReference; name = "CodePushPackageManager.h"; path = "cordova-plugin-code-push/CodePushPackageManager.h"; sourceTree = "<group>"; fileEncoding = 4; lastKnownFileType = sourcecode.c.h; explicitFileType = undefined; includeInIndex = 0; };
		D8020D8E3908410BAA6A7A4B /* CodePushReportingManager.h */ = {isa = PBXFileReference; name = "CodePushReportingManager.h"; path = "cordova-plugin-code-push/CodePushReportingManager.h"; sourceTree = "<group>"; fileEncoding = 4; lastKnownFileType = sourcecode.c.h; explicitFileType = undefined; includeInIndex = 0; };
		BB750751B11C4E5A862229F9 /* InstallOptions.h */ = {isa = PBXFileReference; name = "InstallOptions.h"; path = "cordova-plugin-code-push/InstallOptions.h"; sourceTree = "<group>"; fileEncoding = 4; lastKnownFileType = sourcecode.c.h; explicitFileType = undefined; includeInIndex = 0; };
		2A4FCCA809EA44A48E8595D4 /* InstallMode.h */ = {isa = PBXFileReference; name = "InstallMode.h"; path = "cordova-plugin-code-push/InstallMode.h"; sourceTree = "<group>"; fileEncoding = 4; lastKnownFileType = sourcecode.c.h; explicitFileType = undefined; includeInIndex = 0; };
		6380695F0F274E41A7B918CA /* StatusReport.h */ = {isa = PBXFileReference; name = "StatusReport.h"; path = "cordova-plugin-code-push/StatusReport.h"; sourceTree = "<group>"; fileEncoding = 4; lastKnownFileType = sourcecode.c.h; explicitFileType = undefined; includeInIndex = 0; };
		4A84450468A0440081ECAD08 /* UpdateHashUtils.h */ = {isa = PBXFileReference; name = "UpdateHashUtils.h"; path = "cordova-plugin-code-push/UpdateHashUtils.h"; sourceTree = "<group>"; fileEncoding = 4; lastKnownFileType = sourcecode.c.h; explicitFileType = undefined; includeInIndex = 0; };
		3A3EE4DB26AF4E32B9AF637F /* Utilities.h */ = {isa = PBXFileReference; name = "Utilities.h"; path = "cordova-plugin-code-push/Utilities.h"; sourceTree = "<group>"; fileEncoding = 4; lastKnownFileType = sourcecode.c.h; explicitFileType = undefined; includeInIndex = 0; };
		99B58B2B28814C5098F57716 /* CDVLogger.m */ = {isa = PBXFileReference; name = "CDVLogger.m"; path = "cordova-plugin-console/CDVLogger.m"; sourceTree = "<group>"; fileEncoding = 4; lastKnownFileType = sourcecode.c.objc; explicitFileType = undefined; includeInIndex = 0; };
		2B627793FA004C77A6FF6116 /* CDVLogger.h */ = {isa = PBXFileReference; name = "CDVLogger.h"; path = "cordova-plugin-console/CDVLogger.h"; sourceTree = "<group>"; fileEncoding = 4; lastKnownFileType = sourcecode.c.h; explicitFileType = undefined; includeInIndex = 0; };
		098B06B36F5A474F9D34DCD9 /* CDVSplashScreen.m */ = {isa = PBXFileReference; name = "CDVSplashScreen.m"; path = "cordova-plugin-splashscreen/CDVSplashScreen.m"; sourceTree = "<group>"; fileEncoding = 4; lastKnownFileType = sourcecode.c.objc; explicitFileType = undefined; includeInIndex = 0; };
		056E579A308442318F0A2F9B /* CDVViewController+SplashScreen.m */ = {isa = PBXFileReference; name = "CDVViewController+SplashScreen.m"; path = "cordova-plugin-splashscreen/CDVViewController+SplashScreen.m"; sourceTree = "<group>"; fileEncoding = 4; lastKnownFileType = sourcecode.c.objc; explicitFileType = undefined; includeInIndex = 0; };
		ABBCDFA6DC18444090B94CC8 /* CDVSplashScreen.h */ = {isa = PBXFileReference; name = "CDVSplashScreen.h"; path = "cordova-plugin-splashscreen/CDVSplashScreen.h"; sourceTree = "<group>"; fileEncoding = 4; lastKnownFileType = sourcecode.c.h; explicitFileType = undefined; includeInIndex = 0; };
		00BB7404F5FF4928B834B6D4 /* CDVViewController+SplashScreen.h */ = {isa = PBXFileReference; name = "CDVViewController+SplashScreen.h"; path = "cordova-plugin-splashscreen/CDVViewController+SplashScreen.h"; sourceTree = "<group>"; fileEncoding = 4; lastKnownFileType = sourcecode.c.h; explicitFileType = undefined; includeInIndex = 0; };
		D28077FAFF314056AB7419E5 /* IonicKeyboard.m */ = {isa = PBXFileReference; name = "IonicKeyboard.m"; path = "ionic-plugin-keyboard/IonicKeyboard.m"; sourceTree = "<group>"; fileEncoding = 4; lastKnownFileType = sourcecode.c.objc; explicitFileType = undefined; includeInIndex = 0; };
		E248C2EE264445338B5BACE9 /* IonicKeyboard.h */ = {isa = PBXFileReference; name = "IonicKeyboard.h"; path = "ionic-plugin-keyboard/IonicKeyboard.h"; sourceTree = "<group>"; fileEncoding = 4; lastKnownFileType = sourcecode.c.h; explicitFileType = undefined; includeInIndex = 0; };
/* End PBXFileReference section */

/* Begin PBXFrameworksBuildPhase section */
		1D60588F0D05DD3D006BFB54 /* Frameworks */ = {
			isa = PBXFrameworksBuildPhase;
			buildActionMask = 2147483647;
			files = (
				301BF552109A68D80062928A /* libCordova.a in Frameworks */,
				0794636ECB4647D98FF10DDD /* ImageIO.framework in Frameworks */,
				D1CF14CE99D44D8480EA0EBB /* CoreLocation.framework in Frameworks */,
				F2A01F3732C3467384AC9452 /* AVFoundation.framework in Frameworks */,
				C5D876E77D3142F58CE47B7F /* libz.dylib in Frameworks */,
				B989BD334A034A12B54BE322 /* AudioToolbox.framework in Frameworks */,
				3ABFA84A48AB44D6AAB0BB44 /* libz.tbd in Frameworks */,
			);
			runOnlyForDeploymentPostprocessing = 0;
		};
/* End PBXFrameworksBuildPhase section */

/* Begin PBXGroup section */
		080E96DDFE201D6D7F000001 /* Classes */ = {
			isa = PBXGroup;
			children = (
				302D95EE14D2391D003F00A1 /* MainViewController.h */,
				302D95EF14D2391D003F00A1 /* MainViewController.m */,
				302D95F014D2391D003F00A1 /* MainViewController.xib */,
				1D3623240D0F684500981E51 /* AppDelegate.h */,
				1D3623250D0F684500981E51 /* AppDelegate.m */,
			);
			name = Classes;
			path = "ProconCGMovel/Classes";
			sourceTree = SOURCE_ROOT;
		};
		19C28FACFE9D520D11CA2CBB /* Products */ = {
			isa = PBXGroup;
			children = (
				1D6058910D05DD3D006BFB54 /* ProconCGMovel.app */,
			);
			name = Products;
			sourceTree = "<group>";
		};
		29B97314FDCFA39411CA2CEA /* CustomTemplate */ = {
			isa = PBXGroup;
			children = (
				EB87FDF41871DAF40020F90C /* config.xml */,
				EB87FDF31871DA8E0020F90C /* www */,
				EB87FDF11871DA420020F90C /* Staging */,
				301BF52D109A57CC0062928A /* CordovaLib.xcodeproj */,
				080E96DDFE201D6D7F000001 /* Classes */,
				307C750510C5A3420062BCA9 /* Plugins */,
				29B97315FDCFA39411CA2CEA /* Other Sources */,
				29B97317FDCFA39411CA2CEA /* Resources */,
				29B97323FDCFA39411CA2CEA /* Frameworks */,
				19C28FACFE9D520D11CA2CBB /* Products */,
			);
			name = CustomTemplate;
			sourceTree = "<group>";
		};
		29B97315FDCFA39411CA2CEA /* Other Sources */ = {
			isa = PBXGroup;
			children = (
				32CA4F630368D1EE00C91783 /* ProconCGMovel-Prefix.pch */,
				29B97316FDCFA39411CA2CEA /* main.m */,
				ED33DF2A687741AEAF9F8254 /* Bridging-Header.h */,
			);
			name = "Other Sources";
			path = "ProconCGMovel";
			sourceTree = "<group>";
		};
		29B97317FDCFA39411CA2CEA /* Resources */ = {
			isa = PBXGroup;
			children = (
				0207DA571B56EA530066E2B4 /* Images.xcassets */,
				3047A50E1AB8057F00498E2A /* config */,
				8D1107310486CEB800E47090 /* ProconCGMovel-Info.plist */,
				6AFF5BF81D6E424B00AB3073 /* CDVLaunchScreen.storyboard */,
				1C9923FB941D4DC9966D2811 /* CDVNotification.bundle */,
			);
			name = Resources;
			path = "ProconCGMovel/Resources";
			sourceTree = "<group>";
		};
		29B97323FDCFA39411CA2CEA /* Frameworks */ = {
			isa = PBXGroup;
			children = (
				2B2D09F8B6CE42AAA4FE6291 /* ImageIO.framework */,
				332D09ADB7C94BDE958D0C6B /* CoreLocation.framework */,
				A51C3E02A1EF4489A7835CA7 /* AVFoundation.framework */,
				723A5F4B3C8B4995BE4D243D /* libz.dylib */,
				62CC02661F11450BB2AD7E50 /* AudioToolbox.framework */,
				B179D49053E34A40850F661D /* libz.tbd */,
			);
			name = Frameworks;
			sourceTree = "<group>";
		};
		301BF52E109A57CC0062928A /* Products */ = {
			isa = PBXGroup;
			children = (
				301BF535109A57CC0062928A /* libCordova.a */,
			);
			name = Products;
			sourceTree = "<group>";
		};
		3047A50E1AB8057F00498E2A /* config */ = {
			isa = PBXGroup;
			children = (
				3047A50F1AB8059700498E2A /* build-debug.xcconfig */,
				3047A5101AB8059700498E2A /* build-release.xcconfig */,
				3047A5111AB8059700498E2A /* build.xcconfig */,
			);
			name = config;
			sourceTree = "<group>";
		};
		307C750510C5A3420062BCA9 /* Plugins */ = {
			isa = PBXGroup;
			children = (
				D85B080256BB45558B75C089 /* UIImage+CropScaleOrientation.m */,
				90D82F6880C948D897825B70 /* CDVCamera.m */,
				A475F77FBD3F48ACADF94AB2 /* CDVJpegHeaderWriter.m */,
				BA558BCB21104395A20444B2 /* UIImage+CropScaleOrientation.h */,
				289F6621580945DA89DCE4D0 /* CDVCamera.h */,
				60DE963F30AC47D4A5281DCA /* CDVJpegHeaderWriter.h */,
				B281095BDE864B1AB0289EC5 /* CDVExif.h */,
				50A94B8DFA884C5A8A1D6D53 /* CDVFile.m */,
				A9DDF512E47D469D8045E026 /* CDVLocalFilesystem.m */,
				37A091D307D546E8B7685B1B /* CDVAssetLibraryFilesystem.m */,
				F52172EB14DA4D78B4E45BDE /* CDVFile.h */,
				6D9608E4D99A472BA1A7E37E /* CDVLocalFilesystem.h */,
				A3B4B7D1085C41208EE7D94B /* CDVAssetLibraryFilesystem.h */,
				E6C161F87E64458DB585F970 /* CDVFileTransfer.m */,
				C08820726A3A4CF0B8C4C59C /* CDVFileTransfer.h */,
				7B75C725C022436EAC28930B /* ZipPlugin.m */,
				2CAB678715D047D1AE7CF89E /* aescrypt.c */,
				14EFE36C9CCE42ED9438A8E8 /* aeskey.c */,
				79EB63A2096E4F328E358BB8 /* aestab.c */,
				6081596CE4624B6CB8E2C527 /* entropy.c */,
				CD8BA9040F5041689BBCFD02 /* fileenc.c */,
				4AF2AA51626D4DFAA76425D2 /* hmac.c */,
				5CC9DE2441954297AB1C5ED9 /* prng.c */,
				E9D6B0197B8349F6B8BFCF32 /* pwd2key.c */,
				4BAB120A9167439FBC76BDFE /* sha1.c */,
				F30A8F3C93584DE380E2F99B /* SSZipArchive.m */,
				891B5B796F584AE8B7532EA9 /* zip.c */,
				D43FC54A0E1842AE92B3ECCC /* unzip.c */,
				32A9F09858814980ABAB2936 /* mztools.c */,
				08D21C4C1A314CF3B72A3F0B /* ioapi.c */,
				E3CF50A664E04CCD8E0C16AC /* ZipPlugin.h */,
				03BAF7325D094F06973D4BC1 /* Common.h */,
				5DB1313D887A4B09B6298E27 /* aes.h */,
				4157558A9E384B69B0FE1C01 /* aes_via_ace.h */,
				3BA5494F3E764009A6626DA5 /* aesopt.h */,
				33558B93EDE0478E91FCEBA9 /* aestab.h */,
				10E3A74ECF9444AE977EC966 /* brg_endian.h */,
				D8BDBD2336304B8E8F488B19 /* brg_types.h */,
				EDF9830AA813476299C2A106 /* entropy.h */,
				6F3015FF8BBB4AE3A43D4932 /* fileenc.h */,
				B93EC77B0E1144B58FC5BBCA /* hmac.h */,
				87C99DDEB80546C2A875F538 /* prng.h */,
				438A6D1BFAC84F9D9C525483 /* pwd2key.h */,
				77B43438677A43BAA201A72A /* sha1.h */,
				6DAF96FDAA904B729C950AAE /* SSZipArchive.h */,
				9C12B9A270484EC7A137A8FA /* zip.h */,
				546361853EC2408F8AAC4123 /* unzip.h */,
				E4E1BB8B49BE40B6B04EEF48 /* mztools.h */,
				6606265933C14675A6F2ECF4 /* ioapi.h */,
				7E001D001FD44D51A30F24C7 /* crypt.h */,
				F63E7187323942AEB66427E3 /* CDVNotification.m */,
				963D5DFBC56345358CE1E3D1 /* CDVNotification.h */,
				665DEB470711427A9660BBB8 /* CDVDevice.m */,
				6C88EA5FFF20411F80B6B8C8 /* CDVDevice.h */,
				C6454DDB9FE04846BD7B26C3 /* CDVWKWebViewEngine+CodePush.m */,
				2AA9A73A67A34301936F9A19 /* CodePush.m */,
				717A1BC537214B298F5C013A /* CodePushPackageMetadata.m */,
				442F2F5543D948D184859230 /* CodePushPackageManager.m */,
				3994B5FD93884D06953E8546 /* CodePushReportingManager.m */,
				741F011473B840C58BF24F47 /* InstallOptions.m */,
				D92DFE0FC5B144A9A0885517 /* StatusReport.m */,
				B226848F33A84666A79EB959 /* UpdateHashUtils.m */,
				C9D0BBDE7B494801BFC9B257 /* Utilities.m */,
				B100D693A4E743DE94E67C5A /* CodePush.h */,
				E8960AC61EF34D6F8E212CA2 /* CodePushPackageMetadata.h */,
				571E49A788804684AC113E69 /* CodePushPackageManager.h */,
				D8020D8E3908410BAA6A7A4B /* CodePushReportingManager.h */,
				BB750751B11C4E5A862229F9 /* InstallOptions.h */,
				2A4FCCA809EA44A48E8595D4 /* InstallMode.h */,
				6380695F0F274E41A7B918CA /* StatusReport.h */,
				4A84450468A0440081ECAD08 /* UpdateHashUtils.h */,
				3A3EE4DB26AF4E32B9AF637F /* Utilities.h */,
				99B58B2B28814C5098F57716 /* CDVLogger.m */,
				2B627793FA004C77A6FF6116 /* CDVLogger.h */,
				098B06B36F5A474F9D34DCD9 /* CDVSplashScreen.m */,
				056E579A308442318F0A2F9B /* CDVViewController+SplashScreen.m */,
				ABBCDFA6DC18444090B94CC8 /* CDVSplashScreen.h */,
				00BB7404F5FF4928B834B6D4 /* CDVViewController+SplashScreen.h */,
				D28077FAFF314056AB7419E5 /* IonicKeyboard.m */,
				E248C2EE264445338B5BACE9 /* IonicKeyboard.h */,
			);
			name = Plugins;
			path = "ProconCGMovel/Plugins";
			sourceTree = SOURCE_ROOT;
		};
		EB87FDF11871DA420020F90C /* Staging */ = {
			isa = PBXGroup;
			children = (
				F840E1F0165FE0F500CFE078 /* config.xml */,
				301BF56E109A69640062928A /* www */,
			);
			name = Staging;
			sourceTree = "<group>";
		};
/* End PBXGroup section */

/* Begin PBXNativeTarget section */
		1D6058900D05DD3D006BFB54 /* ProconCGMovel */ = {
			isa = PBXNativeTarget;
			buildConfigurationList = 1D6058960D05DD3E006BFB54 /* Build configuration list for PBXNativeTarget "ProconCGMovel" */;
			buildPhases = (
				304B58A110DAC018002A0835 /* Copy www directory */,
				1D60588D0D05DD3D006BFB54 /* Resources */,
				1D60588E0D05DD3D006BFB54 /* Sources */,
				1D60588F0D05DD3D006BFB54 /* Frameworks */,
			);
			buildRules = (
			);
			dependencies = (
				301BF551109A68C00062928A /* PBXTargetDependency */,
			);
			name = "ProconCGMovel";
			productName = "ProconCGMovel";
			productReference = 1D6058910D05DD3D006BFB54 /* ProconCGMovel.app */;
			productType = "com.apple.product-type.application";
		};
/* End PBXNativeTarget section */

/* Begin PBXProject section */
		29B97313FDCFA39411CA2CEA /* Project object */ = {
			isa = PBXProject;
			attributes = {
				LastUpgradeCheck = 510;
			};
			buildConfigurationList = C01FCF4E08A954540054247B /* Build configuration list for PBXProject "__NON-CLI__" */;
			compatibilityVersion = "Xcode 3.2";
			developmentRegion = English;
			hasScannedForEncodings = 1;
			mainGroup = 29B97314FDCFA39411CA2CEA /* CustomTemplate */;
			projectDirPath = "";
			projectReferences = (
				{
					ProductGroup = 301BF52E109A57CC0062928A /* Products */;
					ProjectRef = 301BF52D109A57CC0062928A /* CordovaLib.xcodeproj */;
				},
			);
			projectRoot = "";
			targets = (
				1D6058900D05DD3D006BFB54 /* ProconCGMovel */,
			);
		};
/* End PBXProject section */

/* Begin PBXReferenceProxy section */
		301BF535109A57CC0062928A /* libCordova.a */ = {
			isa = PBXReferenceProxy;
			fileType = archive.ar;
			path = libCordova.a;
			remoteRef = 301BF534109A57CC0062928A /* PBXContainerItemProxy */;
			sourceTree = BUILT_PRODUCTS_DIR;
		};
/* End PBXReferenceProxy section */

/* Begin PBXResourcesBuildPhase section */
		1D60588D0D05DD3D006BFB54 /* Resources */ = {
			isa = PBXResourcesBuildPhase;
			buildActionMask = 2147483647;
			files = (
				302D95F214D2391D003F00A1 /* MainViewController.xib in Resources */,
				0207DA581B56EA530066E2B4 /* Images.xcassets in Resources */,
				6AFF5BF91D6E424B00AB3073 /* CDVLaunchScreen.storyboard in Resources */,
				88C0E71C23DB4F02833BCBC7 /* CDVNotification.bundle in Resources */,
			);
			runOnlyForDeploymentPostprocessing = 0;
		};
/* End PBXResourcesBuildPhase section */

/* Begin PBXShellScriptBuildPhase section */
		304B58A110DAC018002A0835 /* Copy www directory */ = {
			isa = PBXShellScriptBuildPhase;
			buildActionMask = 2147483647;
			files = (
			);
			inputPaths = (
			);
			name = "Copy www directory";
			outputPaths = (
			);
			runOnlyForDeploymentPostprocessing = 0;
			shellPath = /bin/sh;
			shellScript = "NODEJS_PATH=/usr/local/bin; NVM_NODE_PATH=~/.nvm/versions/node/`nvm version 2>/dev/null`/bin; N_NODE_PATH=`find /usr/local/n/versions/node/* -maxdepth 0 -type d 2>/dev/null | tail -1`/bin; XCODE_NODE_PATH=`xcode-select --print-path`/usr/share/xcs/Node/bin; PATH=$NODEJS_PATH:$NVM_NODE_PATH:$N_NODE_PATH:$XCODE_NODE_PATH:$PATH && node cordova/lib/copy-www-build-step.js";
			showEnvVarsInLog = 0;
		};
/* End PBXShellScriptBuildPhase section */

/* Begin PBXSourcesBuildPhase section */
		1D60588E0D05DD3D006BFB54 /* Sources */ = {
			isa = PBXSourcesBuildPhase;
			buildActionMask = 2147483647;
			files = (
				1D60589B0D05DD56006BFB54 /* main.m in Sources */,
				1D3623260D0F684500981E51 /* AppDelegate.m in Sources */,
				302D95F114D2391D003F00A1 /* MainViewController.m in Sources */,
				210D284F69A74F68AC543278 /* UIImage+CropScaleOrientation.m in Sources */,
				4BE8DBC8440B4AA0BD9466EE /* CDVCamera.m in Sources */,
				FFEDC0BE48A04978857E960E /* CDVJpegHeaderWriter.m in Sources */,
				7BC082280E8749BAB09C5B2D /* CDVFile.m in Sources */,
				D58F7B9A2EE74961A7924A42 /* CDVLocalFilesystem.m in Sources */,
				AA1C1377E9EC4A93ABB841B9 /* CDVAssetLibraryFilesystem.m in Sources */,
				29B9E6EC686C40A2B7D81566 /* CDVFileTransfer.m in Sources */,
				BD6310F868134B9D9214C1EF /* ZipPlugin.m in Sources */,
				D6371145DE2145D4B1AAC3E7 /* aescrypt.c in Resources */,
				6D971C0A4B854A9D988B0BCD /* aeskey.c in Resources */,
				66A83DB1AAB74C6D9FD33B1A /* aestab.c in Resources */,
				2E3D4EFDE39949228C773530 /* entropy.c in Resources */,
				7EADB08557CC4259BA3258BA /* fileenc.c in Resources */,
				C35FDD37BA54443AB3F62016 /* hmac.c in Resources */,
				83E27363C77E48FB90BEB50C /* prng.c in Resources */,
				7F9635071518496C87155A88 /* pwd2key.c in Resources */,
				88E06B5034984A3BB8D512C6 /* sha1.c in Resources */,
				4253326E21DE496A9307D765 /* SSZipArchive.m in Sources */,
				C395F518A1FB48B6A7910DEA /* zip.c in Resources */,
				FF9BAC8256B24727906B6966 /* unzip.c in Resources */,
				6EED2599BD0E408E876ADE12 /* mztools.c in Resources */,
				93E95430880C406DA2ACD519 /* ioapi.c in Resources */,
				6D9300C1A1E34F1AA22A028C /* CDVNotification.m in Sources */,
				5174A41B566548248DE3E132 /* CDVDevice.m in Sources */,
				168C7C9BB25A4FCBB7F5A1FC /* CDVWKWebViewEngine+CodePush.m in Sources */,
				D9AB7294FCA54BF8A3E4CC49 /* CodePush.m in Sources */,
				4D7F758C09274162947EAF1E /* CodePushPackageMetadata.m in Sources */,
				6439392BDFB84ED29102825E /* CodePushPackageManager.m in Sources */,
				1F097B4C8AC649DEB57F148F /* CodePushReportingManager.m in Sources */,
				DAE8819EBE424B54980340F7 /* InstallOptions.m in Sources */,
				BA478893073A4EE5BDBC63D4 /* StatusReport.m in Sources */,
				F488FCB6C2FF4F9397A4AA31 /* UpdateHashUtils.m in Sources */,
				958AF362EE1C4B9FAE25F71A /* Utilities.m in Sources */,
				61D84B8AC6AA4DEF8C841B3B /* CDVLogger.m in Sources */,
				E42BAD23B9FA4D3B9E6C9C17 /* CDVSplashScreen.m in Sources */,
				41040A9EAA63415E9F3B42D1 /* CDVViewController+SplashScreen.m in Sources */,
				18291318D14041289968A632 /* IonicKeyboard.m in Sources */,
			);
			runOnlyForDeploymentPostprocessing = 0;
		};
/* End PBXSourcesBuildPhase section */

/* Begin PBXTargetDependency section */
		301BF551109A68C00062928A /* PBXTargetDependency */ = {
			isa = PBXTargetDependency;
			name = CordovaLib;
			targetProxy = 301BF550109A68C00062928A /* PBXContainerItemProxy */;
		};
/* End PBXTargetDependency section */

/* Begin XCBuildConfiguration section */
		1D6058940D05DD3E006BFB54 /* Debug */ = {
			isa = XCBuildConfiguration;
			baseConfigurationReference = 3047A50F1AB8059700498E2A /* build-debug.xcconfig */;
			buildSettings = {
				ALWAYS_SEARCH_USER_PATHS = NO;
				ASSETCATALOG_COMPILER_APPICON_NAME = AppIcon;
				ASSETCATALOG_COMPILER_LAUNCHIMAGE_NAME = LaunchImage;
				CLANG_ENABLE_MODULES = YES;
				CLANG_ENABLE_OBJC_ARC = YES;
				COPY_PHASE_STRIP = NO;
				GCC_DYNAMIC_NO_PIC = NO;
				GCC_OPTIMIZATION_LEVEL = 0;
				GCC_PRECOMPILE_PREFIX_HEADER = YES;
				GCC_PREFIX_HEADER = "ProconCGMovel/ProconCGMovel-Prefix.pch";
				GCC_THUMB_SUPPORT = NO;
				GCC_VERSION = "";
				INFOPLIST_FILE = "ProconCGMovel/ProconCGMovel-Info.plist";
				IPHONEOS_DEPLOYMENT_TARGET = 9.0;
				LD_RUNPATH_SEARCH_PATHS = "@executable_path/Frameworks";
				TARGETED_DEVICE_FAMILY = "1,2";
				PRODUCT_NAME = "ProconCGMovel";
			};
			name = Debug;
		};
		1D6058950D05DD3E006BFB54 /* Release */ = {
			isa = XCBuildConfiguration;
			baseConfigurationReference = 3047A5101AB8059700498E2A /* build-release.xcconfig */;
			buildSettings = {
				ALWAYS_SEARCH_USER_PATHS = NO;
				ASSETCATALOG_COMPILER_APPICON_NAME = AppIcon;
				ASSETCATALOG_COMPILER_LAUNCHIMAGE_NAME = LaunchImage;
				CLANG_ENABLE_MODULES = YES;
				CLANG_ENABLE_OBJC_ARC = YES;
				COPY_PHASE_STRIP = YES;
				GCC_PRECOMPILE_PREFIX_HEADER = YES;
				GCC_PREFIX_HEADER = "ProconCGMovel/ProconCGMovel-Prefix.pch";
				GCC_THUMB_SUPPORT = NO;
				GCC_VERSION = "";
				INFOPLIST_FILE = "ProconCGMovel/ProconCGMovel-Info.plist";
				IPHONEOS_DEPLOYMENT_TARGET = 9.0;
				LD_RUNPATH_SEARCH_PATHS = "@executable_path/Frameworks";
				TARGETED_DEVICE_FAMILY = "1,2";
				PRODUCT_NAME = "ProconCGMovel";
			};
			name = Release;
		};
		C01FCF4F08A954540054247B /* Debug */ = {
			isa = XCBuildConfiguration;
			baseConfigurationReference = 3047A5111AB8059700498E2A /* build.xcconfig */;
			buildSettings = {
				CLANG_ENABLE_MODULES = YES;
				CLANG_ENABLE_OBJC_ARC = YES;
				CLANG_WARN_BOOL_CONVERSION = YES;
				CLANG_WARN_CONSTANT_CONVERSION = YES;
				CLANG_WARN_EMPTY_BODY = YES;
				CLANG_WARN_ENUM_CONVERSION = YES;
				CLANG_WARN_INT_CONVERSION = YES;
				CLANG_WARN__DUPLICATE_METHOD_MATCH = YES;
				GCC_C_LANGUAGE_STANDARD = c99;
				GCC_THUMB_SUPPORT = NO;
				GCC_VERSION = "";
				GCC_WARN_ABOUT_RETURN_TYPE = YES;
				GCC_WARN_UNDECLARED_SELECTOR = YES;
				GCC_WARN_UNINITIALIZED_AUTOS = YES;
				GCC_WARN_UNUSED_FUNCTION = YES;
				GCC_WARN_UNUSED_VARIABLE = YES;
				ONLY_ACTIVE_ARCH = YES;
				SDKROOT = iphoneos;
				SKIP_INSTALL = NO;
				ASSETCATALOG_COMPILER_LAUNCHIMAGE_NAME = LaunchImage;
			};
			name = Debug;
		};
		C01FCF5008A954540054247B /* Release */ = {
			isa = XCBuildConfiguration;
			baseConfigurationReference = 3047A5111AB8059700498E2A /* build.xcconfig */;
			buildSettings = {
				CLANG_ENABLE_MODULES = YES;
				CLANG_ENABLE_OBJC_ARC = YES;
				CLANG_WARN_BOOL_CONVERSION = YES;
				CLANG_WARN_CONSTANT_CONVERSION = YES;
				CLANG_WARN_EMPTY_BODY = YES;
				CLANG_WARN_ENUM_CONVERSION = YES;
				CLANG_WARN_INT_CONVERSION = YES;
				CLANG_WARN__DUPLICATE_METHOD_MATCH = YES;
				GCC_C_LANGUAGE_STANDARD = c99;
				GCC_THUMB_SUPPORT = NO;
				GCC_VERSION = "";
				GCC_WARN_ABOUT_RETURN_TYPE = YES;
				GCC_WARN_UNDECLARED_SELECTOR = YES;
				GCC_WARN_UNINITIALIZED_AUTOS = YES;
				GCC_WARN_UNUSED_FUNCTION = YES;
				GCC_WARN_UNUSED_VARIABLE = YES;
				SDKROOT = iphoneos;
				SKIP_INSTALL = NO;
				ASSETCATALOG_COMPILER_LAUNCHIMAGE_NAME = LaunchImage;
			};
			name = Release;
		};
/* End XCBuildConfiguration section */

/* Begin XCConfigurationList section */
		1D6058960D05DD3E006BFB54 /* Build configuration list for PBXNativeTarget "ProconCGMovel" */ = {
			isa = XCConfigurationList;
			buildConfigurations = (
				1D6058940D05DD3E006BFB54 /* Debug */,
				1D6058950D05DD3E006BFB54 /* Release */,
			);
			defaultConfigurationIsVisible = 0;
			defaultConfigurationName = Release;
		};
		C01FCF4E08A954540054247B /* Build configuration list for PBXProject "__NON-CLI__" */ = {
			isa = XCConfigurationList;
			buildConfigurations = (
				C01FCF4F08A954540054247B /* Debug */,
				C01FCF5008A954540054247B /* Release */,
			);
			defaultConfigurationIsVisible = 0;
			defaultConfigurationName = Release;
		};
/* End XCConfigurationList section */
	};
	rootObject = 29B97313FDCFA39411CA2CEA /* Project object */;
}
